{
  "version": 4,
  "terraform_version": "0.13.0",
  "serial": 47,
  "lineage": "f352cfb6-2058-9241-edef-ac6e9efdf1e8",
  "outputs": {
    "show-hello-world-object": {
      "value": {
        "base64_encode_content": false,
        "bucket": "bucket-33563",
        "cache_control": null,
        "content": "Hello Galaxy",
        "content_disposition": null,
        "content_encoding": null,
        "content_language": null,
        "content_length": "12",
        "content_length_limit": 1048576,
        "content_md5": "mPP3tKVUUuNdCBY0vOdw3Q==",
        "content_type": "text/text",
        "id": "2020-08-13 00:53:10.579050886 +0000 UTC",
        "metadata": {},
        "namespace": "idmacyeswbbg",
        "object": "my-new-object",
        "version_id": "85f1e4e0-5b07-4fba-8f49-eb86809de181"
      },
      "type": [
        "object",
        {
          "base64_encode_content": "bool",
          "bucket": "string",
          "cache_control": "string",
          "content": "string",
          "content_disposition": "string",
          "content_encoding": "string",
          "content_language": "string",
          "content_length": "string",
          "content_length_limit": "number",
          "content_md5": "string",
          "content_type": "string",
          "id": "string",
          "metadata": [
            "map",
            "string"
          ],
          "namespace": "string",
          "object": "string",
          "version_id": "string"
        }
      ]
    },
    "show-new-bucket": {
      "value": "ocid1.bucket.oc1.iad.aaaaaaaaeovxjongnah7p7ewmaeuzjxzflwjoxa7mj2gsuitcgfjlczg5jeq",
      "type": "string"
    },
    "show-new-object": {
      "value": {
        "bucket": "bucket-33563",
        "cache_control": null,
        "content": "98f3f7b4a55452e35d081634bce770dd",
        "content_disposition": null,
        "content_encoding": null,
        "content_language": null,
        "content_length": "12",
        "content_md5": "mPP3tKVUUuNdCBY0vOdw3Q==",
        "content_type": "text/text",
        "delete_all_object_versions": false,
        "id": "n/idmacyeswbbg/b/bucket-33563/o/my-new-object",
        "metadata": null,
        "namespace": "idmacyeswbbg",
        "object": "my-new-object",
        "source": null,
        "source_uri_details": [],
        "state": "COMPLETED",
        "timeouts": null,
        "version_id": "85f1e4e0-5b07-4fba-8f49-eb86809de181",
        "work_request_id": ""
      },
      "type": [
        "object",
        {
          "bucket": "string",
          "cache_control": "string",
          "content": "string",
          "content_disposition": "string",
          "content_encoding": "string",
          "content_language": "string",
          "content_length": "string",
          "content_md5": "string",
          "content_type": "string",
          "delete_all_object_versions": "bool",
          "id": "string",
          "metadata": [
            "map",
            "string"
          ],
          "namespace": "string",
          "object": "string",
          "source": "string",
          "source_uri_details": [
            "list",
            [
              "object",
              {
                "bucket": "string",
                "destination_object_if_match_etag": "string",
                "destination_object_if_none_match_etag": "string",
                "namespace": "string",
                "object": "string",
                "region": "string",
                "source_object_if_match_etag": "string",
                "source_version_id": "string"
              }
            ]
          ],
          "state": "string",
          "timeouts": [
            "object",
            {
              "create": "string",
              "delete": "string",
              "update": "string"
            }
          ],
          "version_id": "string",
          "work_request_id": "string"
        }
      ]
    }
  },
  "resources": [
    {
      "module": "module.tf_vcn",
      "mode": "data",
      "type": "oci_identity_availability_domains",
      "name": "targetRegion",
      "provider": "provider[\"registry.terraform.io/hashicorp/oci\"]",
      "instances": [
        {
          "schema_version": 0,
          "attributes": {
            "availability_domains": [
              {
                "compartment_id": "ocid1.tenancy.oc1..aaaaaaaatrgns6gs2tbfu2skeowksyjlsr4zqzlnknbiuoyhsk6dklwj6waa",
                "id": "ocid1.availabilitydomain.oc1..aaaaaaaaztunlny6ae4yw2vghp5go2zceaonwp6wiioe3tnh2vlaxjjl2n3a",
                "name": "kDFU:US-ASHBURN-AD-1"
              },
              {
                "compartment_id": "ocid1.tenancy.oc1..aaaaaaaatrgns6gs2tbfu2skeowksyjlsr4zqzlnknbiuoyhsk6dklwj6waa",
                "id": "ocid1.availabilitydomain.oc1..aaaaaaaatrwxaogr7dl4yschqtrmqrdv6uzis3mgbnomiagqrfhcb7mxsfdq",
                "name": "kDFU:US-ASHBURN-AD-2"
              },
              {
                "compartment_id": "ocid1.tenancy.oc1..aaaaaaaatrgns6gs2tbfu2skeowksyjlsr4zqzlnknbiuoyhsk6dklwj6waa",
                "id": "ocid1.availabilitydomain.oc1..aaaaaaaauvt2n7pijol7uqgdnnsoojcukrijtmcltvfwxazmitk235wyohta",
                "name": "kDFU:US-ASHBURN-AD-3"
              }
            ],
            "compartment_id": "ocid1.tenancy.oc1..aaaaaaaatrgns6gs2tbfu2skeowksyjlsr4zqzlnknbiuoyhsk6dklwj6waa",
            "filter": null,
            "id": "2020-08-13 00:53:07.957621067 +0000 UTC"
          }
        }
      ]
    },
    {
      "mode": "data",
      "type": "oci_objectstorage_namespace",
      "name": "user_namespace",
      "provider": "provider[\"registry.terraform.io/hashicorp/oci\"]",
      "instances": [
        {
          "schema_version": 0,
          "attributes": {
            "compartment_id": "ocid1.compartment.oc1..aaaaaaaap7saudpjcccgupc67c7hfsfbe53p42uubu2yge42qguzkrgohera",
            "id": "2020-08-13 00:53:07.599006544 +0000 UTC",
            "namespace": "idmacyeswbbg"
          }
        }
      ]
    },
    {
      "mode": "data",
      "type": "oci_objectstorage_object",
      "name": "read-hello-world-object",
      "provider": "provider[\"registry.terraform.io/hashicorp/oci\"]",
      "instances": [
        {
          "schema_version": 0,
          "attributes": {
            "base64_encode_content": false,
            "bucket": "bucket-33563",
            "cache_control": null,
            "content": "Hello Galaxy",
            "content_disposition": null,
            "content_encoding": null,
            "content_language": null,
            "content_length": "12",
            "content_length_limit": 1048576,
            "content_md5": "mPP3tKVUUuNdCBY0vOdw3Q==",
            "content_type": "text/text",
            "id": "2020-08-13 00:53:10.579050886 +0000 UTC",
            "metadata": {},
            "namespace": "idmacyeswbbg",
            "object": "my-new-object",
            "version_id": "85f1e4e0-5b07-4fba-8f49-eb86809de181"
          }
        }
      ]
    },
    {
      "module": "module.tf_vcn",
      "mode": "managed",
      "type": "oci_core_internet_gateway",
      "name": "igw_tf",
      "provider": "provider[\"registry.terraform.io/hashicorp/oci\"]",
      "instances": [
        {
          "schema_version": 0,
          "attributes": {
            "compartment_id": "ocid1.compartment.oc1..aaaaaaaap7saudpjcccgupc67c7hfsfbe53p42uubu2yge42qguzkrgohera",
            "defined_tags": {
              "Oracle-Tags.CreatedBy": "gustavo.watanabe@gmail.com",
              "Oracle-Tags.CreatedOn": "2020-08-13T00:53:13.183Z"
            },
            "display_name": "tf_igw",
            "enabled": true,
            "freeform_tags": {},
            "id": "ocid1.internetgateway.oc1.iad.aaaaaaaajif5ljtw46yq232jdbhr4kyhzzxcgn6csbmsutkde3ex7xutqmza",
            "state": "AVAILABLE",
            "time_created": "2020-08-13 00:53:13.2 +0000 UTC",
            "timeouts": null,
            "vcn_id": "ocid1.vcn.oc1.iad.amaaaaaaopl24pqapoz343ivsewequhhalzhw6gwyef6inway4647r7y36vq"
          },
          "private": "eyJlMmJmYjczMC1lY2FhLTExZTYtOGY4OC0zNDM2M2JjN2M0YzAiOnsiY3JlYXRlIjo5MDAwMDAwMDAwMDAsImRlbGV0ZSI6OTAwMDAwMDAwMDAwLCJ1cGRhdGUiOjkwMDAwMDAwMDAwMH19",
          "dependencies": [
            "module.tf_compartment.oci_identity_compartment.oci_compartment",
            "module.tf_vcn.oci_core_virtual_network.vcn_tf"
          ]
        }
      ]
    },
    {
      "module": "module.tf_vcn",
      "mode": "managed",
      "type": "oci_core_route_table",
      "name": "rt1_tf",
      "provider": "provider[\"registry.terraform.io/hashicorp/oci\"]",
      "instances": [
        {
          "schema_version": 0,
          "attributes": {
            "compartment_id": "ocid1.compartment.oc1..aaaaaaaap7saudpjcccgupc67c7hfsfbe53p42uubu2yge42qguzkrgohera",
            "defined_tags": {
              "Oracle-Tags.CreatedBy": "gustavo.watanabe@gmail.com",
              "Oracle-Tags.CreatedOn": "2020-08-13T00:53:14.019Z"
            },
            "display_name": "tf_rt1",
            "freeform_tags": {},
            "id": "ocid1.routetable.oc1.iad.aaaaaaaaokjtafdtyew2yjhwwmtclaabx6qdk3eqjo5bscmai3l6qq2b6zpa",
            "route_rules": [
              {
                "cidr_block": "",
                "description": "",
                "destination": "0.0.0.0/0",
                "destination_type": "CIDR_BLOCK",
                "network_entity_id": "ocid1.internetgateway.oc1.iad.aaaaaaaajif5ljtw46yq232jdbhr4kyhzzxcgn6csbmsutkde3ex7xutqmza"
              }
            ],
            "state": "AVAILABLE",
            "time_created": "2020-08-13 00:53:14.048 +0000 UTC",
            "timeouts": null,
            "vcn_id": "ocid1.vcn.oc1.iad.amaaaaaaopl24pqapoz343ivsewequhhalzhw6gwyef6inway4647r7y36vq"
          },
          "private": "eyJlMmJmYjczMC1lY2FhLTExZTYtOGY4OC0zNDM2M2JjN2M0YzAiOnsiY3JlYXRlIjo5MDAwMDAwMDAwMDAsImRlbGV0ZSI6OTAwMDAwMDAwMDAwLCJ1cGRhdGUiOjkwMDAwMDAwMDAwMH19",
          "dependencies": [
            "module.tf_compartment.oci_identity_compartment.oci_compartment",
            "module.tf_vcn.oci_core_internet_gateway.igw_tf",
            "module.tf_vcn.oci_core_virtual_network.vcn_tf"
          ]
        }
      ]
    },
    {
      "module": "module.tf_vcn",
      "mode": "managed",
      "type": "oci_core_security_list",
      "name": "sl_w",
      "provider": "provider[\"registry.terraform.io/hashicorp/oci\"]",
      "instances": [
        {
          "schema_version": 0,
          "attributes": {
            "compartment_id": "ocid1.compartment.oc1..aaaaaaaap7saudpjcccgupc67c7hfsfbe53p42uubu2yge42qguzkrgohera",
            "defined_tags": {
              "Oracle-Tags.CreatedBy": "gustavo.watanabe@gmail.com",
              "Oracle-Tags.CreatedOn": "2020-08-13T00:53:13.477Z"
            },
            "display_name": "sl-loadbalancer",
            "egress_security_rules": [
              {
                "description": "",
                "destination": "0.0.0.0/0",
                "destination_type": "CIDR_BLOCK",
                "icmp_options": [],
                "protocol": "all",
                "stateless": false,
                "tcp_options": [],
                "udp_options": []
              }
            ],
            "freeform_tags": {},
            "id": "ocid1.securitylist.oc1.iad.aaaaaaaagh5rjtwqc5d6tzb2tftrtosh2itmqgigjeqxjtmqcbs2urllyuha",
            "ingress_security_rules": [
              {
                "description": "",
                "icmp_options": [
                  {
                    "code": -1,
                    "type": 0
                  }
                ],
                "protocol": "1",
                "source": "0.0.0.0/0",
                "source_type": "CIDR_BLOCK",
                "stateless": false,
                "tcp_options": [],
                "udp_options": []
              },
              {
                "description": "",
                "icmp_options": [
                  {
                    "code": -1,
                    "type": 8
                  }
                ],
                "protocol": "1",
                "source": "0.0.0.0/0",
                "source_type": "CIDR_BLOCK",
                "stateless": false,
                "tcp_options": [],
                "udp_options": []
              },
              {
                "description": "",
                "icmp_options": [
                  {
                    "code": 4,
                    "type": 3
                  }
                ],
                "protocol": "1",
                "source": "0.0.0.0/0",
                "source_type": "CIDR_BLOCK",
                "stateless": false,
                "tcp_options": [],
                "udp_options": []
              },
              {
                "description": "",
                "icmp_options": [],
                "protocol": "6",
                "source": "0.0.0.0/0",
                "source_type": "CIDR_BLOCK",
                "stateless": false,
                "tcp_options": [
                  {
                    "max": 22,
                    "min": 22,
                    "source_port_range": []
                  }
                ],
                "udp_options": []
              },
              {
                "description": "",
                "icmp_options": [],
                "protocol": "6",
                "source": "0.0.0.0/0",
                "source_type": "CIDR_BLOCK",
                "stateless": false,
                "tcp_options": [
                  {
                    "max": 443,
                    "min": 443,
                    "source_port_range": []
                  }
                ],
                "udp_options": []
              },
              {
                "description": "",
                "icmp_options": [],
                "protocol": "6",
                "source": "0.0.0.0/0",
                "source_type": "CIDR_BLOCK",
                "stateless": false,
                "tcp_options": [
                  {
                    "max": 80,
                    "min": 80,
                    "source_port_range": []
                  }
                ],
                "udp_options": []
              }
            ],
            "state": "AVAILABLE",
            "time_created": "2020-08-13 00:53:13.488 +0000 UTC",
            "timeouts": null,
            "vcn_id": "ocid1.vcn.oc1.iad.amaaaaaaopl24pqapoz343ivsewequhhalzhw6gwyef6inway4647r7y36vq"
          },
          "private": "eyJlMmJmYjczMC1lY2FhLTExZTYtOGY4OC0zNDM2M2JjN2M0YzAiOnsiY3JlYXRlIjo5MDAwMDAwMDAwMDAsImRlbGV0ZSI6OTAwMDAwMDAwMDAwLCJ1cGRhdGUiOjkwMDAwMDAwMDAwMH19",
          "dependencies": [
            "module.tf_compartment.oci_identity_compartment.oci_compartment",
            "module.tf_vcn.oci_core_virtual_network.vcn_tf"
          ]
        }
      ]
    },
    {
      "module": "module.tf_vcn",
      "mode": "managed",
      "type": "oci_core_subnet",
      "name": "subnet1_tf",
      "provider": "provider[\"registry.terraform.io/hashicorp/oci\"]",
      "instances": [
        {
          "schema_version": 0,
          "attributes": {
            "availability_domain": "kDFU:US-ASHBURN-AD-1",
            "cidr_block": "10.10.10.0/24",
            "compartment_id": "ocid1.compartment.oc1..aaaaaaaap7saudpjcccgupc67c7hfsfbe53p42uubu2yge42qguzkrgohera",
            "defined_tags": {
              "Oracle-Tags.CreatedBy": "gustavo.watanabe@gmail.com",
              "Oracle-Tags.CreatedOn": "2020-08-13T00:53:14.598Z"
            },
            "dhcp_options_id": "ocid1.dhcpoptions.oc1.iad.aaaaaaaabqieh7ujac7tpdotdjpkpmbeit2xc22lyez623yiihxyyrcpi4bq",
            "display_name": "tf_subnet1-AD1",
            "dns_label": null,
            "freeform_tags": {},
            "id": "ocid1.subnet.oc1.iad.aaaaaaaanszus3pe3kqxj2ctkrnhrxjnv36mfke32z5xazd6dom4gfopkn7a",
            "ipv6cidr_block": null,
            "ipv6public_cidr_block": null,
            "ipv6virtual_router_ip": null,
            "prohibit_public_ip_on_vnic": false,
            "route_table_id": "ocid1.routetable.oc1.iad.aaaaaaaaokjtafdtyew2yjhwwmtclaabx6qdk3eqjo5bscmai3l6qq2b6zpa",
            "security_list_ids": [
              "ocid1.securitylist.oc1.iad.aaaaaaaagh5rjtwqc5d6tzb2tftrtosh2itmqgigjeqxjtmqcbs2urllyuha"
            ],
            "state": "AVAILABLE",
            "subnet_domain_name": null,
            "time_created": "2020-08-13 00:53:14.812 +0000 UTC",
            "timeouts": null,
            "vcn_id": "ocid1.vcn.oc1.iad.amaaaaaaopl24pqapoz343ivsewequhhalzhw6gwyef6inway4647r7y36vq",
            "virtual_router_ip": "10.10.10.1",
            "virtual_router_mac": "00:00:17:67:C2:DB"
          },
          "private": "eyJlMmJmYjczMC1lY2FhLTExZTYtOGY4OC0zNDM2M2JjN2M0YzAiOnsiY3JlYXRlIjo5MDAwMDAwMDAwMDAsImRlbGV0ZSI6OTAwMDAwMDAwMDAwLCJ1cGRhdGUiOjkwMDAwMDAwMDAwMH19",
          "dependencies": [
            "module.tf_compartment.oci_identity_compartment.oci_compartment",
            "module.tf_vcn.data.oci_identity_availability_domains.targetRegion",
            "module.tf_vcn.oci_core_internet_gateway.igw_tf",
            "module.tf_vcn.oci_core_route_table.rt1_tf",
            "module.tf_vcn.oci_core_security_list.sl_w",
            "module.tf_vcn.oci_core_virtual_network.vcn_tf"
          ]
        }
      ]
    },
    {
      "module": "module.tf_vcn",
      "mode": "managed",
      "type": "oci_core_subnet",
      "name": "subnet2_tf",
      "provider": "provider[\"registry.terraform.io/hashicorp/oci\"]",
      "instances": [
        {
          "schema_version": 0,
          "attributes": {
            "availability_domain": "kDFU:US-ASHBURN-AD-2",
            "cidr_block": "10.10.15.0/24",
            "compartment_id": "ocid1.compartment.oc1..aaaaaaaap7saudpjcccgupc67c7hfsfbe53p42uubu2yge42qguzkrgohera",
            "defined_tags": {
              "Oracle-Tags.CreatedBy": "gustavo.watanabe@gmail.com",
              "Oracle-Tags.CreatedOn": "2020-08-13T00:53:14.601Z"
            },
            "dhcp_options_id": "ocid1.dhcpoptions.oc1.iad.aaaaaaaabqieh7ujac7tpdotdjpkpmbeit2xc22lyez623yiihxyyrcpi4bq",
            "display_name": "tf_subnet2-AD2",
            "dns_label": null,
            "freeform_tags": {},
            "id": "ocid1.subnet.oc1.iad.aaaaaaaam63vqlasre4uptb2nbfgai5xswtuizm4unto4rkqohfqxfm3mtza",
            "ipv6cidr_block": null,
            "ipv6public_cidr_block": null,
            "ipv6virtual_router_ip": null,
            "prohibit_public_ip_on_vnic": false,
            "route_table_id": "ocid1.routetable.oc1.iad.aaaaaaaaokjtafdtyew2yjhwwmtclaabx6qdk3eqjo5bscmai3l6qq2b6zpa",
            "security_list_ids": [
              "ocid1.securitylist.oc1.iad.aaaaaaaagh5rjtwqc5d6tzb2tftrtosh2itmqgigjeqxjtmqcbs2urllyuha"
            ],
            "state": "AVAILABLE",
            "subnet_domain_name": null,
            "time_created": "2020-08-13 00:53:14.991 +0000 UTC",
            "timeouts": null,
            "vcn_id": "ocid1.vcn.oc1.iad.amaaaaaaopl24pqapoz343ivsewequhhalzhw6gwyef6inway4647r7y36vq",
            "virtual_router_ip": "10.10.15.1",
            "virtual_router_mac": "00:00:17:67:C2:DB"
          },
          "private": "eyJlMmJmYjczMC1lY2FhLTExZTYtOGY4OC0zNDM2M2JjN2M0YzAiOnsiY3JlYXRlIjo5MDAwMDAwMDAwMDAsImRlbGV0ZSI6OTAwMDAwMDAwMDAwLCJ1cGRhdGUiOjkwMDAwMDAwMDAwMH19",
          "dependencies": [
            "module.tf_compartment.oci_identity_compartment.oci_compartment",
            "module.tf_vcn.data.oci_identity_availability_domains.targetRegion",
            "module.tf_vcn.oci_core_internet_gateway.igw_tf",
            "module.tf_vcn.oci_core_route_table.rt1_tf",
            "module.tf_vcn.oci_core_security_list.sl_w",
            "module.tf_vcn.oci_core_virtual_network.vcn_tf"
          ]
        }
      ]
    },
    {
      "module": "module.tf_vcn",
      "mode": "managed",
      "type": "oci_core_virtual_network",
      "name": "vcn_tf",
      "provider": "provider[\"registry.terraform.io/hashicorp/oci\"]",
      "instances": [
        {
          "schema_version": 0,
          "attributes": {
            "cidr_block": "10.10.0.0/16",
            "compartment_id": "ocid1.compartment.oc1..aaaaaaaap7saudpjcccgupc67c7hfsfbe53p42uubu2yge42qguzkrgohera",
            "default_dhcp_options_id": "ocid1.dhcpoptions.oc1.iad.aaaaaaaabqieh7ujac7tpdotdjpkpmbeit2xc22lyez623yiihxyyrcpi4bq",
            "default_route_table_id": "ocid1.routetable.oc1.iad.aaaaaaaajsswj4j4me4wz7dxg4fp6a6bzxlpjfdvxixhofvayumnavxatuuq",
            "default_security_list_id": "ocid1.securitylist.oc1.iad.aaaaaaaakawscivflofudzsjj6hybrnn2lf2yvp42k6cotlj7wprpxzpqvfq",
            "defined_tags": {
              "Oracle-Tags.CreatedBy": "gustavo.watanabe@gmail.com",
              "Oracle-Tags.CreatedOn": "2020-08-13T00:53:07.457Z"
            },
            "display_name": "tf_vcn_webserver",
            "dns_label": "tfvcn",
            "freeform_tags": {},
            "id": "ocid1.vcn.oc1.iad.amaaaaaaopl24pqapoz343ivsewequhhalzhw6gwyef6inway4647r7y36vq",
            "ipv6cidr_block": null,
            "ipv6public_cidr_block": null,
            "is_ipv6enabled": null,
            "state": "AVAILABLE",
            "time_created": "2020-08-13 00:53:07.462 +0000 UTC",
            "timeouts": null,
            "vcn_domain_name": "tfvcn.oraclevcn.com"
          },
          "private": "eyJlMmJmYjczMC1lY2FhLTExZTYtOGY4OC0zNDM2M2JjN2M0YzAiOnsiY3JlYXRlIjo5MDAwMDAwMDAwMDAsImRlbGV0ZSI6OTAwMDAwMDAwMDAwLCJ1cGRhdGUiOjkwMDAwMDAwMDAwMH19",
          "dependencies": [
            "module.tf_compartment.oci_identity_compartment.oci_compartment"
          ]
        }
      ]
    },
    {
      "module": "module.tf_compartment",
      "mode": "managed",
      "type": "oci_identity_compartment",
      "name": "oci_compartment",
      "provider": "provider[\"registry.terraform.io/hashicorp/oci\"]",
      "instances": [
        {
          "schema_version": 0,
          "attributes": {
            "compartment_id": "ocid1.compartment.oc1..aaaaaaaabyabdq4b7oyzojfg2mywq3aanvytk5pclfmxjxpalakbjonplgpa",
            "defined_tags": {
              "Oracle-Tags.CreatedBy": "gustavo.watanabe@gmail.com",
              "Oracle-Tags.CreatedOn": "2020-08-13T00:52:35.106Z"
            },
            "description": "Terraform Training Compartment DEV",
            "enable_delete": null,
            "freeform_tags": {},
            "id": "ocid1.compartment.oc1..aaaaaaaap7saudpjcccgupc67c7hfsfbe53p42uubu2yge42qguzkrgohera",
            "inactive_state": null,
            "is_accessible": true,
            "name": "tf_training_compartment_DEV",
            "state": "ACTIVE",
            "time_created": "2020-08-13 00:52:36.086 +0000 UTC",
            "timeouts": null
          },
          "private": "eyJlMmJmYjczMC1lY2FhLTExZTYtOGY4OC0zNDM2M2JjN2M0YzAiOnsiZGVsZXRlIjo1NDAwMDAwMDAwMDAwfX0="
        }
      ]
    },
    {
      "module": "module.tf_policy_object_storage",
      "mode": "managed",
      "type": "oci_identity_policy",
      "name": "tf_allow_object_storage_lifecycle",
      "provider": "provider[\"registry.terraform.io/hashicorp/oci\"]",
      "instances": [
        {
          "schema_version": 0,
          "attributes": {
            "ETag": "dc0348e368a36882aafc3813ba7be48cb3393384",
            "compartment_id": "ocid1.compartment.oc1..aaaaaaaap7saudpjcccgupc67c7hfsfbe53p42uubu2yge42qguzkrgohera",
            "defined_tags": {
              "Oracle-Tags.CreatedBy": "gustavo.watanabe@gmail.com",
              "Oracle-Tags.CreatedOn": "2020-08-13T00:53:07.669Z"
            },
            "description": "policy created by terraform for training",
            "freeform_tags": {
              "Project": "Terraform Training"
            },
            "id": "ocid1.policy.oc1..aaaaaaaa5qpslsyynppd7mrhojd2wcyrgynokcnlgmm2fydw2ya2rk5obgwq",
            "inactive_state": null,
            "lastUpdateETag": "dc0348e368a36882aafc3813ba7be48cb3393384",
            "name": "terraform-object-family-33563",
            "policyHash": "93567e331908e2da99d036d729c0fee3",
            "state": "ACTIVE",
            "statements": [
              "Allow service objectstorage-us-ashburn-1 to manage object-family in compartment id ocid1.compartment.oc1..aaaaaaaap7saudpjcccgupc67c7hfsfbe53p42uubu2yge42qguzkrgohera"
            ],
            "time_created": "2020-08-13 00:53:07.683 +0000 UTC",
            "timeouts": null,
            "version_date": null
          },
          "private": "eyJlMmJmYjczMC1lY2FhLTExZTYtOGY4OC0zNDM2M2JjN2M0YzAiOnsiY3JlYXRlIjo5MDAwMDAwMDAwMDAsImRlbGV0ZSI6OTAwMDAwMDAwMDAwLCJ1cGRhdGUiOjkwMDAwMDAwMDAwMH19",
          "dependencies": [
            "module.tf_compartment.oci_identity_compartment.oci_compartment",
            "random_id.tf_id"
          ]
        }
      ]
    },
    {
      "mode": "managed",
      "type": "oci_objectstorage_bucket",
      "name": "bucket_tf",
      "provider": "provider[\"registry.terraform.io/hashicorp/oci\"]",
      "instances": [
        {
          "schema_version": 0,
          "attributes": {
            "access_type": "NoPublicAccess",
            "approximate_count": "0",
            "approximate_size": "0",
            "bucket_id": "ocid1.bucket.oc1.iad.aaaaaaaaeovxjongnah7p7ewmaeuzjxzflwjoxa7mj2gsuitcgfjlczg5jeq",
            "compartment_id": "ocid1.compartment.oc1..aaaaaaaap7saudpjcccgupc67c7hfsfbe53p42uubu2yge42qguzkrgohera",
            "created_by": "ocid1.user.oc1..aaaaaaaapjvhldjzw7yyevexzbewgvsxeauzwevk3ifgopwanlnezwslf4ga",
            "defined_tags": {
              "Oracle-Tags.CreatedBy": "gustavo.watanabe@gmail.com",
              "Oracle-Tags.CreatedOn": "2020-08-13T00:53:08.599Z"
            },
            "etag": "02f159ea-8b08-453d-aec8-6bf59ab65950",
            "freeform_tags": {
              "Project": "Terraform Training"
            },
            "id": "n/idmacyeswbbg/b/bucket-33563",
            "is_read_only": false,
            "kms_key_id": null,
            "metadata": null,
            "name": "bucket-33563",
            "namespace": "idmacyeswbbg",
            "object_events_enabled": false,
            "object_lifecycle_policy_etag": null,
            "replication_enabled": false,
            "retention_rules": [],
            "storage_tier": "Standard",
            "time_created": "2020-08-13 00:53:08.618 +0000 UTC",
            "timeouts": null,
            "versioning": "Disabled"
          },
          "private": "eyJlMmJmYjczMC1lY2FhLTExZTYtOGY4OC0zNDM2M2JjN2M0YzAiOnsiY3JlYXRlIjo5MDAwMDAwMDAwMDAsImRlbGV0ZSI6OTAwMDAwMDAwMDAwLCJ1cGRhdGUiOjkwMDAwMDAwMDAwMH19",
          "dependencies": [
            "data.oci_objectstorage_namespace.user_namespace",
            "module.tf_compartment.oci_identity_compartment.oci_compartment",
            "module.tf_policy_object_storage.oci_identity_policy.tf_allow_object_storage_lifecycle",
            "random_id.tf_id"
          ]
        }
      ]
    },
    {
      "mode": "managed",
      "type": "oci_objectstorage_object",
      "name": "hello-world-object-in-bucket",
      "provider": "provider[\"registry.terraform.io/hashicorp/oci\"]",
      "instances": [
        {
          "schema_version": 0,
          "attributes": {
            "bucket": "bucket-33563",
            "cache_control": null,
            "content": "98f3f7b4a55452e35d081634bce770dd",
            "content_disposition": null,
            "content_encoding": null,
            "content_language": null,
            "content_length": "12",
            "content_md5": "mPP3tKVUUuNdCBY0vOdw3Q==",
            "content_type": "text/text",
            "delete_all_object_versions": false,
            "id": "n/idmacyeswbbg/b/bucket-33563/o/my-new-object",
            "metadata": null,
            "namespace": "idmacyeswbbg",
            "object": "my-new-object",
            "source": null,
            "source_uri_details": [],
            "state": "COMPLETED",
            "timeouts": null,
            "version_id": "85f1e4e0-5b07-4fba-8f49-eb86809de181",
            "work_request_id": ""
          },
          "private": "eyJlMmJmYjczMC1lY2FhLTExZTYtOGY4OC0zNDM2M2JjN2M0YzAiOnsiY3JlYXRlIjo5MDAwMDAwMDAwMDAsImRlbGV0ZSI6OTAwMDAwMDAwMDAwLCJ1cGRhdGUiOjkwMDAwMDAwMDAwMH19",
          "dependencies": [
            "data.oci_objectstorage_namespace.user_namespace",
            "module.tf_compartment.oci_identity_compartment.oci_compartment",
            "module.tf_policy_object_storage.oci_identity_policy.tf_allow_object_storage_lifecycle",
            "oci_objectstorage_bucket.bucket_tf",
            "random_id.tf_id"
          ]
        }
      ]
    },
    {
      "mode": "managed",
      "type": "random_id",
      "name": "tf_id",
      "provider": "provider[\"registry.terraform.io/hashicorp/random\"]",
      "instances": [
        {
          "schema_version": 0,
          "attributes": {
            "b64": "gxs",
            "b64_std": "gxs=",
            "b64_url": "gxs",
            "byte_length": 2,
            "dec": "33563",
            "hex": "831b",
            "id": "gxs",
            "keepers": null,
            "prefix": null
          },
          "private": "bnVsbA=="
        }
      ]
    }
  ]
}
