{
  "version": 4,
  "terraform_version": "0.13.0",
  "serial": 77,
  "lineage": "f352cfb6-2058-9241-edef-ac6e9efdf1e8",
  "outputs": {
    "show-hello-world-object": {
      "value": {
        "base64_encode_content": false,
        "bucket": "bucket-45992",
        "cache_control": null,
        "content": "Hello Galaxy",
        "content_disposition": null,
        "content_encoding": null,
        "content_language": null,
        "content_length": "12",
        "content_length_limit": 1048576,
        "content_md5": "mPP3tKVUUuNdCBY0vOdw3Q==",
        "content_type": "text/text",
        "id": "2020-08-14 00:31:11.195181431 +0000 UTC",
        "metadata": {},
        "namespace": "idmacyeswbbg",
        "object": "my-new-object",
        "version_id": "c7212a60-6446-40ef-91ac-0a039aaf3ca9"
      },
      "type": [
        "object",
        {
          "base64_encode_content": "bool",
          "bucket": "string",
          "cache_control": "string",
          "content": "string",
          "content_disposition": "string",
          "content_encoding": "string",
          "content_language": "string",
          "content_length": "string",
          "content_length_limit": "number",
          "content_md5": "string",
          "content_type": "string",
          "id": "string",
          "metadata": [
            "map",
            "string"
          ],
          "namespace": "string",
          "object": "string",
          "version_id": "string"
        }
      ]
    },
    "show-new-bucket": {
      "value": "ocid1.bucket.oc1.iad.aaaaaaaacsndlwuuwqxiiyhxyc5g7e4rzuo2kgt4f5pobdamjlvr2wzluzhq",
      "type": "string"
    },
    "show-new-object": {
      "value": {
        "bucket": "bucket-45992",
        "cache_control": null,
        "content": "98f3f7b4a55452e35d081634bce770dd",
        "content_disposition": null,
        "content_encoding": null,
        "content_language": null,
        "content_length": "12",
        "content_md5": "mPP3tKVUUuNdCBY0vOdw3Q==",
        "content_type": "text/text",
        "delete_all_object_versions": false,
        "id": "n/idmacyeswbbg/b/bucket-45992/o/my-new-object",
        "metadata": null,
        "namespace": "idmacyeswbbg",
        "object": "my-new-object",
        "source": null,
        "source_uri_details": [],
        "state": "COMPLETED",
        "timeouts": null,
        "version_id": "c7212a60-6446-40ef-91ac-0a039aaf3ca9",
        "work_request_id": ""
      },
      "type": [
        "object",
        {
          "bucket": "string",
          "cache_control": "string",
          "content": "string",
          "content_disposition": "string",
          "content_encoding": "string",
          "content_language": "string",
          "content_length": "string",
          "content_md5": "string",
          "content_type": "string",
          "delete_all_object_versions": "bool",
          "id": "string",
          "metadata": [
            "map",
            "string"
          ],
          "namespace": "string",
          "object": "string",
          "source": "string",
          "source_uri_details": [
            "list",
            [
              "object",
              {
                "bucket": "string",
                "destination_object_if_match_etag": "string",
                "destination_object_if_none_match_etag": "string",
                "namespace": "string",
                "object": "string",
                "region": "string",
                "source_object_if_match_etag": "string",
                "source_version_id": "string"
              }
            ]
          ],
          "state": "string",
          "timeouts": [
            "object",
            {
              "create": "string",
              "delete": "string",
              "update": "string"
            }
          ],
          "version_id": "string",
          "work_request_id": "string"
        }
      ]
    }
  },
  "resources": [
    {
      "module": "module.tf_vcn",
      "mode": "data",
      "type": "oci_identity_availability_domains",
      "name": "targetRegion",
      "provider": "provider[\"registry.terraform.io/hashicorp/oci\"]",
      "instances": [
        {
          "schema_version": 0,
          "attributes": {
            "availability_domains": [
              {
                "compartment_id": "ocid1.tenancy.oc1..aaaaaaaatrgns6gs2tbfu2skeowksyjlsr4zqzlnknbiuoyhsk6dklwj6waa",
                "id": "ocid1.availabilitydomain.oc1..aaaaaaaaztunlny6ae4yw2vghp5go2zceaonwp6wiioe3tnh2vlaxjjl2n3a",
                "name": "kDFU:US-ASHBURN-AD-1"
              },
              {
                "compartment_id": "ocid1.tenancy.oc1..aaaaaaaatrgns6gs2tbfu2skeowksyjlsr4zqzlnknbiuoyhsk6dklwj6waa",
                "id": "ocid1.availabilitydomain.oc1..aaaaaaaatrwxaogr7dl4yschqtrmqrdv6uzis3mgbnomiagqrfhcb7mxsfdq",
                "name": "kDFU:US-ASHBURN-AD-2"
              },
              {
                "compartment_id": "ocid1.tenancy.oc1..aaaaaaaatrgns6gs2tbfu2skeowksyjlsr4zqzlnknbiuoyhsk6dklwj6waa",
                "id": "ocid1.availabilitydomain.oc1..aaaaaaaauvt2n7pijol7uqgdnnsoojcukrijtmcltvfwxazmitk235wyohta",
                "name": "kDFU:US-ASHBURN-AD-3"
              }
            ],
            "compartment_id": "ocid1.tenancy.oc1..aaaaaaaatrgns6gs2tbfu2skeowksyjlsr4zqzlnknbiuoyhsk6dklwj6waa",
            "filter": null,
            "id": "2020-08-14 00:31:06.815563921 +0000 UTC"
          }
        }
      ]
    },
    {
      "mode": "data",
      "type": "oci_objectstorage_namespace",
      "name": "user_namespace",
      "provider": "provider[\"registry.terraform.io/hashicorp/oci\"]",
      "instances": [
        {
          "schema_version": 0,
          "attributes": {
            "compartment_id": "ocid1.compartment.oc1..aaaaaaaak3gu7nrcjydjt3mwjt6izcmuaduaba6y52nq3ndxwenispyjgoaa",
            "id": "2020-08-14 00:31:07.414551309 +0000 UTC",
            "namespace": "idmacyeswbbg"
          }
        }
      ]
    },
    {
      "mode": "data",
      "type": "oci_objectstorage_object",
      "name": "read-hello-world-object",
      "provider": "provider[\"registry.terraform.io/hashicorp/oci\"]",
      "instances": [
        {
          "schema_version": 0,
          "attributes": {
            "base64_encode_content": false,
            "bucket": "bucket-45992",
            "cache_control": null,
            "content": "Hello Galaxy",
            "content_disposition": null,
            "content_encoding": null,
            "content_language": null,
            "content_length": "12",
            "content_length_limit": 1048576,
            "content_md5": "mPP3tKVUUuNdCBY0vOdw3Q==",
            "content_type": "text/text",
            "id": "2020-08-14 00:31:11.195181431 +0000 UTC",
            "metadata": {},
            "namespace": "idmacyeswbbg",
            "object": "my-new-object",
            "version_id": "c7212a60-6446-40ef-91ac-0a039aaf3ca9"
          }
        }
      ]
    },
    {
      "module": "module.tf_vcn",
      "mode": "managed",
      "type": "oci_core_internet_gateway",
      "name": "igw_tf",
      "provider": "provider[\"registry.terraform.io/hashicorp/oci\"]",
      "instances": [
        {
          "schema_version": 0,
          "attributes": {
            "compartment_id": "ocid1.compartment.oc1..aaaaaaaak3gu7nrcjydjt3mwjt6izcmuaduaba6y52nq3ndxwenispyjgoaa",
            "defined_tags": {
              "Oracle-Tags.CreatedBy": "gustavo.watanabe@gmail.com",
              "Oracle-Tags.CreatedOn": "2020-08-14T00:31:13.133Z"
            },
            "display_name": "tf_igw",
            "enabled": true,
            "freeform_tags": {},
            "id": "ocid1.internetgateway.oc1.iad.aaaaaaaa55sq23z6jvana76j56ze4oe2ga725ltxiwq72p62vpui32jhgz7a",
            "state": "AVAILABLE",
            "time_created": "2020-08-14 00:31:13.148 +0000 UTC",
            "timeouts": null,
            "vcn_id": "ocid1.vcn.oc1.iad.amaaaaaaopl24pqawjgijo2nn7kybxr62nqjgyqflaytoetkdkgwhfnzoz6a"
          },
          "private": "eyJlMmJmYjczMC1lY2FhLTExZTYtOGY4OC0zNDM2M2JjN2M0YzAiOnsiY3JlYXRlIjo5MDAwMDAwMDAwMDAsImRlbGV0ZSI6OTAwMDAwMDAwMDAwLCJ1cGRhdGUiOjkwMDAwMDAwMDAwMH19",
          "dependencies": [
            "module.tf_compartment.oci_identity_compartment.oci_compartment",
            "module.tf_vcn.oci_core_virtual_network.vcn_tf"
          ]
        }
      ]
    },
    {
      "module": "module.tf_vcn",
      "mode": "managed",
      "type": "oci_core_route_table",
      "name": "rt1_tf",
      "provider": "provider[\"registry.terraform.io/hashicorp/oci\"]",
      "instances": [
        {
          "schema_version": 0,
          "attributes": {
            "compartment_id": "ocid1.compartment.oc1..aaaaaaaak3gu7nrcjydjt3mwjt6izcmuaduaba6y52nq3ndxwenispyjgoaa",
            "defined_tags": {
              "Oracle-Tags.CreatedBy": "gustavo.watanabe@gmail.com",
              "Oracle-Tags.CreatedOn": "2020-08-14T00:31:13.976Z"
            },
            "display_name": "tf_rt1",
            "freeform_tags": {},
            "id": "ocid1.routetable.oc1.iad.aaaaaaaay5fl3nmdfcvx3zyxjawbdgb5k65c665qdweq637ah4c3vqdpeu4a",
            "route_rules": [
              {
                "cidr_block": "",
                "description": "",
                "destination": "0.0.0.0/0",
                "destination_type": "CIDR_BLOCK",
                "network_entity_id": "ocid1.internetgateway.oc1.iad.aaaaaaaa55sq23z6jvana76j56ze4oe2ga725ltxiwq72p62vpui32jhgz7a"
              }
            ],
            "state": "AVAILABLE",
            "time_created": "2020-08-14 00:31:13.998 +0000 UTC",
            "timeouts": null,
            "vcn_id": "ocid1.vcn.oc1.iad.amaaaaaaopl24pqawjgijo2nn7kybxr62nqjgyqflaytoetkdkgwhfnzoz6a"
          },
          "private": "eyJlMmJmYjczMC1lY2FhLTExZTYtOGY4OC0zNDM2M2JjN2M0YzAiOnsiY3JlYXRlIjo5MDAwMDAwMDAwMDAsImRlbGV0ZSI6OTAwMDAwMDAwMDAwLCJ1cGRhdGUiOjkwMDAwMDAwMDAwMH19",
          "dependencies": [
            "module.tf_compartment.oci_identity_compartment.oci_compartment",
            "module.tf_vcn.oci_core_internet_gateway.igw_tf",
            "module.tf_vcn.oci_core_virtual_network.vcn_tf"
          ]
        }
      ]
    },
    {
      "module": "module.tf_vcn",
      "mode": "managed",
      "type": "oci_core_security_list",
      "name": "sl_w",
      "provider": "provider[\"registry.terraform.io/hashicorp/oci\"]",
      "instances": [
        {
          "schema_version": 0,
          "attributes": {
            "compartment_id": "ocid1.compartment.oc1..aaaaaaaak3gu7nrcjydjt3mwjt6izcmuaduaba6y52nq3ndxwenispyjgoaa",
            "defined_tags": {
              "Oracle-Tags.CreatedBy": "gustavo.watanabe@gmail.com",
              "Oracle-Tags.CreatedOn": "2020-08-14T00:31:13.521Z"
            },
            "display_name": "sl-loadbalancer",
            "egress_security_rules": [
              {
                "description": "",
                "destination": "0.0.0.0/0",
                "destination_type": "CIDR_BLOCK",
                "icmp_options": [],
                "protocol": "all",
                "stateless": false,
                "tcp_options": [],
                "udp_options": []
              }
            ],
            "freeform_tags": {},
            "id": "ocid1.securitylist.oc1.iad.aaaaaaaal5hzwxizrlajknj6jmjvhvdx55t3tu26onmpxiiavkoavl75hwcq",
            "ingress_security_rules": [
              {
                "description": "",
                "icmp_options": [
                  {
                    "code": -1,
                    "type": 0
                  }
                ],
                "protocol": "1",
                "source": "0.0.0.0/0",
                "source_type": "CIDR_BLOCK",
                "stateless": false,
                "tcp_options": [],
                "udp_options": []
              },
              {
                "description": "",
                "icmp_options": [
                  {
                    "code": -1,
                    "type": 8
                  }
                ],
                "protocol": "1",
                "source": "0.0.0.0/0",
                "source_type": "CIDR_BLOCK",
                "stateless": false,
                "tcp_options": [],
                "udp_options": []
              },
              {
                "description": "",
                "icmp_options": [
                  {
                    "code": 4,
                    "type": 3
                  }
                ],
                "protocol": "1",
                "source": "0.0.0.0/0",
                "source_type": "CIDR_BLOCK",
                "stateless": false,
                "tcp_options": [],
                "udp_options": []
              },
              {
                "description": "",
                "icmp_options": [],
                "protocol": "6",
                "source": "0.0.0.0/0",
                "source_type": "CIDR_BLOCK",
                "stateless": false,
                "tcp_options": [
                  {
                    "max": 22,
                    "min": 22,
                    "source_port_range": []
                  }
                ],
                "udp_options": []
              },
              {
                "description": "",
                "icmp_options": [],
                "protocol": "6",
                "source": "0.0.0.0/0",
                "source_type": "CIDR_BLOCK",
                "stateless": false,
                "tcp_options": [
                  {
                    "max": 443,
                    "min": 443,
                    "source_port_range": []
                  }
                ],
                "udp_options": []
              },
              {
                "description": "",
                "icmp_options": [],
                "protocol": "6",
                "source": "0.0.0.0/0",
                "source_type": "CIDR_BLOCK",
                "stateless": false,
                "tcp_options": [
                  {
                    "max": 80,
                    "min": 80,
                    "source_port_range": []
                  }
                ],
                "udp_options": []
              }
            ],
            "state": "AVAILABLE",
            "time_created": "2020-08-14 00:31:13.7 +0000 UTC",
            "timeouts": null,
            "vcn_id": "ocid1.vcn.oc1.iad.amaaaaaaopl24pqawjgijo2nn7kybxr62nqjgyqflaytoetkdkgwhfnzoz6a"
          },
          "private": "eyJlMmJmYjczMC1lY2FhLTExZTYtOGY4OC0zNDM2M2JjN2M0YzAiOnsiY3JlYXRlIjo5MDAwMDAwMDAwMDAsImRlbGV0ZSI6OTAwMDAwMDAwMDAwLCJ1cGRhdGUiOjkwMDAwMDAwMDAwMH19",
          "dependencies": [
            "module.tf_compartment.oci_identity_compartment.oci_compartment",
            "module.tf_vcn.oci_core_virtual_network.vcn_tf"
          ]
        }
      ]
    },
    {
      "module": "module.tf_vcn",
      "mode": "managed",
      "type": "oci_core_subnet",
      "name": "subnet1_tf",
      "provider": "provider[\"registry.terraform.io/hashicorp/oci\"]",
      "instances": [
        {
          "schema_version": 0,
          "attributes": {
            "availability_domain": "kDFU:US-ASHBURN-AD-1",
            "cidr_block": "10.10.0.0/20",
            "compartment_id": "ocid1.compartment.oc1..aaaaaaaak3gu7nrcjydjt3mwjt6izcmuaduaba6y52nq3ndxwenispyjgoaa",
            "defined_tags": {
              "Oracle-Tags.CreatedBy": "gustavo.watanabe@gmail.com",
              "Oracle-Tags.CreatedOn": "2020-08-14T00:31:14.679Z"
            },
            "dhcp_options_id": "ocid1.dhcpoptions.oc1.iad.aaaaaaaaysoogmtm2vl4hruzleymzwaxeaezhdizlkpqes5veqmqunma4cdq",
            "display_name": "tf_subnet1-AD0",
            "dns_label": null,
            "freeform_tags": {},
            "id": "ocid1.subnet.oc1.iad.aaaaaaaaf5hzltcrqp4rk3jfjr5m6yz6jx3wkiut2r7zhjia4foa56nx2eaq",
            "ipv6cidr_block": null,
            "ipv6public_cidr_block": null,
            "ipv6virtual_router_ip": null,
            "prohibit_public_ip_on_vnic": false,
            "route_table_id": "ocid1.routetable.oc1.iad.aaaaaaaay5fl3nmdfcvx3zyxjawbdgb5k65c665qdweq637ah4c3vqdpeu4a",
            "security_list_ids": [
              "ocid1.securitylist.oc1.iad.aaaaaaaal5hzwxizrlajknj6jmjvhvdx55t3tu26onmpxiiavkoavl75hwcq"
            ],
            "state": "AVAILABLE",
            "subnet_domain_name": null,
            "time_created": "2020-08-14 00:31:14.88 +0000 UTC",
            "timeouts": null,
            "vcn_id": "ocid1.vcn.oc1.iad.amaaaaaaopl24pqawjgijo2nn7kybxr62nqjgyqflaytoetkdkgwhfnzoz6a",
            "virtual_router_ip": "10.10.0.1",
            "virtual_router_mac": "00:00:17:78:55:E5"
          },
          "private": "eyJlMmJmYjczMC1lY2FhLTExZTYtOGY4OC0zNDM2M2JjN2M0YzAiOnsiY3JlYXRlIjo5MDAwMDAwMDAwMDAsImRlbGV0ZSI6OTAwMDAwMDAwMDAwLCJ1cGRhdGUiOjkwMDAwMDAwMDAwMH19",
          "dependencies": [
            "module.tf_compartment.oci_identity_compartment.oci_compartment",
            "module.tf_vcn.data.oci_identity_availability_domains.targetRegion",
            "module.tf_vcn.oci_core_internet_gateway.igw_tf",
            "module.tf_vcn.oci_core_route_table.rt1_tf",
            "module.tf_vcn.oci_core_security_list.sl_w",
            "module.tf_vcn.oci_core_virtual_network.vcn_tf"
          ]
        }
      ]
    },
    {
      "module": "module.tf_vcn",
      "mode": "managed",
      "type": "oci_core_subnet",
      "name": "subnet2_tf",
      "provider": "provider[\"registry.terraform.io/hashicorp/oci\"]",
      "instances": [
        {
          "schema_version": 0,
          "attributes": {
            "availability_domain": "kDFU:US-ASHBURN-AD-2",
            "cidr_block": "10.10.16.0/20",
            "compartment_id": "ocid1.compartment.oc1..aaaaaaaak3gu7nrcjydjt3mwjt6izcmuaduaba6y52nq3ndxwenispyjgoaa",
            "defined_tags": {
              "Oracle-Tags.CreatedBy": "gustavo.watanabe@gmail.com",
              "Oracle-Tags.CreatedOn": "2020-08-14T00:31:14.612Z"
            },
            "dhcp_options_id": "ocid1.dhcpoptions.oc1.iad.aaaaaaaaysoogmtm2vl4hruzleymzwaxeaezhdizlkpqes5veqmqunma4cdq",
            "display_name": "tf_subnet1-AD0",
            "dns_label": null,
            "freeform_tags": {},
            "id": "ocid1.subnet.oc1.iad.aaaaaaaawh6ep6xxoow6tjs73kvfdnlfcb27dknhq5o6rej5rxpehgnzk3da",
            "ipv6cidr_block": null,
            "ipv6public_cidr_block": null,
            "ipv6virtual_router_ip": null,
            "prohibit_public_ip_on_vnic": false,
            "route_table_id": "ocid1.routetable.oc1.iad.aaaaaaaay5fl3nmdfcvx3zyxjawbdgb5k65c665qdweq637ah4c3vqdpeu4a",
            "security_list_ids": [
              "ocid1.securitylist.oc1.iad.aaaaaaaal5hzwxizrlajknj6jmjvhvdx55t3tu26onmpxiiavkoavl75hwcq"
            ],
            "state": "AVAILABLE",
            "subnet_domain_name": null,
            "time_created": "2020-08-14 00:31:14.688 +0000 UTC",
            "timeouts": null,
            "vcn_id": "ocid1.vcn.oc1.iad.amaaaaaaopl24pqawjgijo2nn7kybxr62nqjgyqflaytoetkdkgwhfnzoz6a",
            "virtual_router_ip": "10.10.16.1",
            "virtual_router_mac": "00:00:17:78:55:E5"
          },
          "private": "eyJlMmJmYjczMC1lY2FhLTExZTYtOGY4OC0zNDM2M2JjN2M0YzAiOnsiY3JlYXRlIjo5MDAwMDAwMDAwMDAsImRlbGV0ZSI6OTAwMDAwMDAwMDAwLCJ1cGRhdGUiOjkwMDAwMDAwMDAwMH19",
          "dependencies": [
            "module.tf_compartment.oci_identity_compartment.oci_compartment",
            "module.tf_vcn.data.oci_identity_availability_domains.targetRegion",
            "module.tf_vcn.oci_core_internet_gateway.igw_tf",
            "module.tf_vcn.oci_core_route_table.rt1_tf",
            "module.tf_vcn.oci_core_security_list.sl_w",
            "module.tf_vcn.oci_core_virtual_network.vcn_tf"
          ]
        }
      ]
    },
    {
      "module": "module.tf_vcn",
      "mode": "managed",
      "type": "oci_core_virtual_network",
      "name": "vcn_tf",
      "provider": "provider[\"registry.terraform.io/hashicorp/oci\"]",
      "instances": [
        {
          "schema_version": 0,
          "attributes": {
            "cidr_block": "10.10.0.0/16",
            "compartment_id": "ocid1.compartment.oc1..aaaaaaaak3gu7nrcjydjt3mwjt6izcmuaduaba6y52nq3ndxwenispyjgoaa",
            "default_dhcp_options_id": "ocid1.dhcpoptions.oc1.iad.aaaaaaaaysoogmtm2vl4hruzleymzwaxeaezhdizlkpqes5veqmqunma4cdq",
            "default_route_table_id": "ocid1.routetable.oc1.iad.aaaaaaaay4axkwvylakoamybvjuy5kl3eg2ievinu6b3wnnozgbxho53bctq",
            "default_security_list_id": "ocid1.securitylist.oc1.iad.aaaaaaaapo5fntekbu5udh4zreurhl3cxec2ospfz2rhahkafx7qk277mgoq",
            "defined_tags": {
              "Oracle-Tags.CreatedBy": "gustavo.watanabe@gmail.com",
              "Oracle-Tags.CreatedOn": "2020-08-14T00:31:07.182Z"
            },
            "display_name": "tf_vcn_webserver",
            "dns_label": "vcntf",
            "freeform_tags": {},
            "id": "ocid1.vcn.oc1.iad.amaaaaaaopl24pqawjgijo2nn7kybxr62nqjgyqflaytoetkdkgwhfnzoz6a",
            "ipv6cidr_block": null,
            "ipv6public_cidr_block": null,
            "is_ipv6enabled": null,
            "state": "AVAILABLE",
            "time_created": "2020-08-14 00:31:07.186 +0000 UTC",
            "timeouts": null,
            "vcn_domain_name": "vcntf.oraclevcn.com"
          },
          "private": "eyJlMmJmYjczMC1lY2FhLTExZTYtOGY4OC0zNDM2M2JjN2M0YzAiOnsiY3JlYXRlIjo5MDAwMDAwMDAwMDAsImRlbGV0ZSI6OTAwMDAwMDAwMDAwLCJ1cGRhdGUiOjkwMDAwMDAwMDAwMH19",
          "dependencies": [
            "module.tf_compartment.oci_identity_compartment.oci_compartment"
          ]
        }
      ]
    },
    {
      "module": "module.tf_compartment",
      "mode": "managed",
      "type": "oci_identity_compartment",
      "name": "oci_compartment",
      "provider": "provider[\"registry.terraform.io/hashicorp/oci\"]",
      "instances": [
        {
          "schema_version": 0,
          "attributes": {
            "compartment_id": "ocid1.compartment.oc1..aaaaaaaabyabdq4b7oyzojfg2mywq3aanvytk5pclfmxjxpalakbjonplgpa",
            "defined_tags": {
              "Oracle-Tags.CreatedBy": "gustavo.watanabe@gmail.com",
              "Oracle-Tags.CreatedOn": "2020-08-14T00:30:44.789Z"
            },
            "description": "Terraform Training Compartment DEV",
            "enable_delete": null,
            "freeform_tags": {},
            "id": "ocid1.compartment.oc1..aaaaaaaak3gu7nrcjydjt3mwjt6izcmuaduaba6y52nq3ndxwenispyjgoaa",
            "inactive_state": null,
            "is_accessible": true,
            "name": "tf_training_compartment_DEV",
            "state": "ACTIVE",
            "time_created": "2020-08-14 00:30:45.809 +0000 UTC",
            "timeouts": null
          },
          "private": "eyJlMmJmYjczMC1lY2FhLTExZTYtOGY4OC0zNDM2M2JjN2M0YzAiOnsiZGVsZXRlIjo1NDAwMDAwMDAwMDAwfX0="
        }
      ]
    },
    {
      "module": "module.tf_policy_object_storage",
      "mode": "managed",
      "type": "oci_identity_policy",
      "name": "tf_allow_object_storage_lifecycle",
      "provider": "provider[\"registry.terraform.io/hashicorp/oci\"]",
      "instances": [
        {
          "schema_version": 0,
          "attributes": {
            "ETag": "fb6112b6c01882817ef44173d93a88a5129d4247",
            "compartment_id": "ocid1.compartment.oc1..aaaaaaaak3gu7nrcjydjt3mwjt6izcmuaduaba6y52nq3ndxwenispyjgoaa",
            "defined_tags": {
              "Oracle-Tags.CreatedBy": "gustavo.watanabe@gmail.com",
              "Oracle-Tags.CreatedOn": "2020-08-14T00:31:06.933Z"
            },
            "description": "policy created by terraform for training",
            "freeform_tags": {
              "Project": "Terraform Training"
            },
            "id": "ocid1.policy.oc1..aaaaaaaayy3heag7bqpw2wuyc5pri3buam7esc2lr2rt6inp6wkad4hwtgmq",
            "inactive_state": null,
            "lastUpdateETag": "fb6112b6c01882817ef44173d93a88a5129d4247",
            "name": "terraform-object-family-45992",
            "policyHash": "7ac9491b45b7a5f8bd3c30e071d64a2f",
            "state": "ACTIVE",
            "statements": [
              "Allow service objectstorage-us-ashburn-1 to manage object-family in compartment id ocid1.compartment.oc1..aaaaaaaak3gu7nrcjydjt3mwjt6izcmuaduaba6y52nq3ndxwenispyjgoaa"
            ],
            "time_created": "2020-08-14 00:31:07.019 +0000 UTC",
            "timeouts": null,
            "version_date": null
          },
          "private": "eyJlMmJmYjczMC1lY2FhLTExZTYtOGY4OC0zNDM2M2JjN2M0YzAiOnsiY3JlYXRlIjo5MDAwMDAwMDAwMDAsImRlbGV0ZSI6OTAwMDAwMDAwMDAwLCJ1cGRhdGUiOjkwMDAwMDAwMDAwMH19",
          "dependencies": [
            "module.tf_compartment.oci_identity_compartment.oci_compartment",
            "random_id.tf_id"
          ]
        }
      ]
    },
    {
      "mode": "managed",
      "type": "oci_objectstorage_bucket",
      "name": "bucket_tf",
      "provider": "provider[\"registry.terraform.io/hashicorp/oci\"]",
      "instances": [
        {
          "schema_version": 0,
          "attributes": {
            "access_type": "NoPublicAccess",
            "approximate_count": "0",
            "approximate_size": "0",
            "bucket_id": "ocid1.bucket.oc1.iad.aaaaaaaacsndlwuuwqxiiyhxyc5g7e4rzuo2kgt4f5pobdamjlvr2wzluzhq",
            "compartment_id": "ocid1.compartment.oc1..aaaaaaaak3gu7nrcjydjt3mwjt6izcmuaduaba6y52nq3ndxwenispyjgoaa",
            "created_by": "ocid1.user.oc1..aaaaaaaapjvhldjzw7yyevexzbewgvsxeauzwevk3ifgopwanlnezwslf4ga",
            "defined_tags": {
              "Oracle-Tags.CreatedBy": "gustavo.watanabe@gmail.com",
              "Oracle-Tags.CreatedOn": "2020-08-14T00:31:08.015Z"
            },
            "etag": "b6e072b3-648f-4a6b-908e-e5fef18ef91e",
            "freeform_tags": {
              "Project": "Terraform Training"
            },
            "id": "n/idmacyeswbbg/b/bucket-45992",
            "is_read_only": false,
            "kms_key_id": null,
            "metadata": null,
            "name": "bucket-45992",
            "namespace": "idmacyeswbbg",
            "object_events_enabled": false,
            "object_lifecycle_policy_etag": null,
            "replication_enabled": false,
            "retention_rules": [],
            "storage_tier": "Standard",
            "time_created": "2020-08-14 00:31:08.066 +0000 UTC",
            "timeouts": null,
            "versioning": "Disabled"
          },
          "private": "eyJlMmJmYjczMC1lY2FhLTExZTYtOGY4OC0zNDM2M2JjN2M0YzAiOnsiY3JlYXRlIjo5MDAwMDAwMDAwMDAsImRlbGV0ZSI6OTAwMDAwMDAwMDAwLCJ1cGRhdGUiOjkwMDAwMDAwMDAwMH19",
          "dependencies": [
            "data.oci_objectstorage_namespace.user_namespace",
            "module.tf_compartment.oci_identity_compartment.oci_compartment",
            "module.tf_policy_object_storage.oci_identity_policy.tf_allow_object_storage_lifecycle",
            "random_id.tf_id"
          ]
        }
      ]
    },
    {
      "mode": "managed",
      "type": "oci_objectstorage_object",
      "name": "hello-world-object-in-bucket",
      "provider": "provider[\"registry.terraform.io/hashicorp/oci\"]",
      "instances": [
        {
          "schema_version": 0,
          "attributes": {
            "bucket": "bucket-45992",
            "cache_control": null,
            "content": "98f3f7b4a55452e35d081634bce770dd",
            "content_disposition": null,
            "content_encoding": null,
            "content_language": null,
            "content_length": "12",
            "content_md5": "mPP3tKVUUuNdCBY0vOdw3Q==",
            "content_type": "text/text",
            "delete_all_object_versions": false,
            "id": "n/idmacyeswbbg/b/bucket-45992/o/my-new-object",
            "metadata": null,
            "namespace": "idmacyeswbbg",
            "object": "my-new-object",
            "source": null,
            "source_uri_details": [],
            "state": "COMPLETED",
            "timeouts": null,
            "version_id": "c7212a60-6446-40ef-91ac-0a039aaf3ca9",
            "work_request_id": ""
          },
          "private": "eyJlMmJmYjczMC1lY2FhLTExZTYtOGY4OC0zNDM2M2JjN2M0YzAiOnsiY3JlYXRlIjo5MDAwMDAwMDAwMDAsImRlbGV0ZSI6OTAwMDAwMDAwMDAwLCJ1cGRhdGUiOjkwMDAwMDAwMDAwMH19",
          "dependencies": [
            "data.oci_objectstorage_namespace.user_namespace",
            "module.tf_compartment.oci_identity_compartment.oci_compartment",
            "module.tf_policy_object_storage.oci_identity_policy.tf_allow_object_storage_lifecycle",
            "oci_objectstorage_bucket.bucket_tf",
            "random_id.tf_id"
          ]
        }
      ]
    },
    {
      "mode": "managed",
      "type": "random_id",
      "name": "tf_id",
      "provider": "provider[\"registry.terraform.io/hashicorp/random\"]",
      "instances": [
        {
          "schema_version": 0,
          "attributes": {
            "b64": "s6g",
            "b64_std": "s6g=",
            "b64_url": "s6g",
            "byte_length": 2,
            "dec": "45992",
            "hex": "b3a8",
            "id": "s6g",
            "keepers": null,
            "prefix": null
          },
          "private": "bnVsbA=="
        }
      ]
    }
  ]
}
