{
  "version": 4,
  "terraform_version": "0.13.0",
  "serial": 106,
  "lineage": "f352cfb6-2058-9241-edef-ac6e9efdf1e8",
  "outputs": {},
  "resources": [
    {
      "module": "module.tf_vcn",
      "mode": "data",
      "type": "oci_identity_availability_domains",
      "name": "targetRegion",
      "provider": "provider[\"registry.terraform.io/hashicorp/oci\"]",
      "instances": [
        {
          "schema_version": 0,
          "attributes": {
            "availability_domains": [
              {
                "compartment_id": "ocid1.tenancy.oc1..aaaaaaaatrgns6gs2tbfu2skeowksyjlsr4zqzlnknbiuoyhsk6dklwj6waa",
                "id": "ocid1.availabilitydomain.oc1..aaaaaaaaztunlny6ae4yw2vghp5go2zceaonwp6wiioe3tnh2vlaxjjl2n3a",
                "name": "kDFU:US-ASHBURN-AD-1"
              },
              {
                "compartment_id": "ocid1.tenancy.oc1..aaaaaaaatrgns6gs2tbfu2skeowksyjlsr4zqzlnknbiuoyhsk6dklwj6waa",
                "id": "ocid1.availabilitydomain.oc1..aaaaaaaatrwxaogr7dl4yschqtrmqrdv6uzis3mgbnomiagqrfhcb7mxsfdq",
                "name": "kDFU:US-ASHBURN-AD-2"
              },
              {
                "compartment_id": "ocid1.tenancy.oc1..aaaaaaaatrgns6gs2tbfu2skeowksyjlsr4zqzlnknbiuoyhsk6dklwj6waa",
                "id": "ocid1.availabilitydomain.oc1..aaaaaaaauvt2n7pijol7uqgdnnsoojcukrijtmcltvfwxazmitk235wyohta",
                "name": "kDFU:US-ASHBURN-AD-3"
              }
            ],
            "compartment_id": "ocid1.tenancy.oc1..aaaaaaaatrgns6gs2tbfu2skeowksyjlsr4zqzlnknbiuoyhsk6dklwj6waa",
            "filter": null,
            "id": "2020-08-14 01:32:00.209646522 +0000 UTC"
          }
        }
      ]
    },
    {
      "mode": "data",
      "type": "oci_objectstorage_namespace",
      "name": "user_namespace",
      "provider": "provider[\"registry.terraform.io/hashicorp/oci\"]",
      "instances": [
        {
          "schema_version": 0,
          "attributes": {
            "compartment_id": null,
            "id": "2020-08-14 01:30:54.82223758 +0000 UTC",
            "namespace": "idmacyeswbbg"
          }
        }
      ]
    },
    {
      "module": "module.tf_object_storage",
      "mode": "data",
      "type": "oci_objectstorage_object",
      "name": "read-hello-world-object",
      "provider": "provider[\"registry.terraform.io/hashicorp/oci\"]",
      "instances": [
        {
          "schema_version": 0,
          "attributes": {
            "base64_encode_content": false,
            "bucket": "bucket-33811",
            "cache_control": null,
            "content": "Hello Galaxy",
            "content_disposition": null,
            "content_encoding": null,
            "content_language": null,
            "content_length": "12",
            "content_length_limit": 1048576,
            "content_md5": "mPP3tKVUUuNdCBY0vOdw3Q==",
            "content_type": "text/text",
            "id": "2020-08-14 01:32:04.740192736 +0000 UTC",
            "metadata": {},
            "namespace": "idmacyeswbbg",
            "object": "my-new-object",
            "version_id": "616e7e23-675c-4860-ac88-ad50b222c4f2"
          }
        }
      ]
    },
    {
      "module": "module.tf_vcn",
      "mode": "managed",
      "type": "oci_core_internet_gateway",
      "name": "igw_tf",
      "provider": "provider[\"registry.terraform.io/hashicorp/oci\"]",
      "instances": [
        {
          "schema_version": 0,
          "attributes": {
            "compartment_id": "ocid1.compartment.oc1..aaaaaaaak3gu7nrcjydjt3mwjt6izcmuaduaba6y52nq3ndxwenispyjgoaa",
            "defined_tags": {
              "Oracle-Tags.CreatedBy": "gustavo.watanabe@gmail.com",
              "Oracle-Tags.CreatedOn": "2020-08-14T01:32:06.602Z"
            },
            "display_name": "tf_igw",
            "enabled": true,
            "freeform_tags": {},
            "id": "ocid1.internetgateway.oc1.iad.aaaaaaaa576pbs2fejpk2hfz6xmvdczf266w5sdl2d2fnvb6f4b5ciibxfqa",
            "state": "AVAILABLE",
            "time_created": "2020-08-14 01:32:06.617 +0000 UTC",
            "timeouts": null,
            "vcn_id": "ocid1.vcn.oc1.iad.amaaaaaaopl24pqaqj43weblxpnpu4pbzk5xwvmee6m45r3shhowzskvjmwa"
          },
          "private": "eyJlMmJmYjczMC1lY2FhLTExZTYtOGY4OC0zNDM2M2JjN2M0YzAiOnsiY3JlYXRlIjo5MDAwMDAwMDAwMDAsImRlbGV0ZSI6OTAwMDAwMDAwMDAwLCJ1cGRhdGUiOjkwMDAwMDAwMDAwMH19",
          "dependencies": [
            "module.tf_compartment.oci_identity_compartment.oci_compartment",
            "module.tf_vcn.oci_core_virtual_network.vcn_tf"
          ]
        }
      ]
    },
    {
      "module": "module.tf_vcn",
      "mode": "managed",
      "type": "oci_core_route_table",
      "name": "rt1_tf",
      "provider": "provider[\"registry.terraform.io/hashicorp/oci\"]",
      "instances": [
        {
          "schema_version": 0,
          "attributes": {
            "compartment_id": "ocid1.compartment.oc1..aaaaaaaak3gu7nrcjydjt3mwjt6izcmuaduaba6y52nq3ndxwenispyjgoaa",
            "defined_tags": {
              "Oracle-Tags.CreatedBy": "gustavo.watanabe@gmail.com",
              "Oracle-Tags.CreatedOn": "2020-08-14T01:32:07.393Z"
            },
            "display_name": "tf_rt1",
            "freeform_tags": {},
            "id": "ocid1.routetable.oc1.iad.aaaaaaaamel243eln2qyblt7yx267npeuscoqccl32naasq4t3ar7qip7mwq",
            "route_rules": [
              {
                "cidr_block": "",
                "description": "",
                "destination": "0.0.0.0/0",
                "destination_type": "CIDR_BLOCK",
                "network_entity_id": "ocid1.internetgateway.oc1.iad.aaaaaaaa576pbs2fejpk2hfz6xmvdczf266w5sdl2d2fnvb6f4b5ciibxfqa"
              }
            ],
            "state": "AVAILABLE",
            "time_created": "2020-08-14 01:32:07.417 +0000 UTC",
            "timeouts": null,
            "vcn_id": "ocid1.vcn.oc1.iad.amaaaaaaopl24pqaqj43weblxpnpu4pbzk5xwvmee6m45r3shhowzskvjmwa"
          },
          "private": "eyJlMmJmYjczMC1lY2FhLTExZTYtOGY4OC0zNDM2M2JjN2M0YzAiOnsiY3JlYXRlIjo5MDAwMDAwMDAwMDAsImRlbGV0ZSI6OTAwMDAwMDAwMDAwLCJ1cGRhdGUiOjkwMDAwMDAwMDAwMH19",
          "dependencies": [
            "module.tf_compartment.oci_identity_compartment.oci_compartment",
            "module.tf_vcn.oci_core_internet_gateway.igw_tf",
            "module.tf_vcn.oci_core_virtual_network.vcn_tf"
          ]
        }
      ]
    },
    {
      "module": "module.tf_vcn",
      "mode": "managed",
      "type": "oci_core_security_list",
      "name": "sl_w",
      "provider": "provider[\"registry.terraform.io/hashicorp/oci\"]",
      "instances": [
        {
          "schema_version": 0,
          "attributes": {
            "compartment_id": "ocid1.compartment.oc1..aaaaaaaak3gu7nrcjydjt3mwjt6izcmuaduaba6y52nq3ndxwenispyjgoaa",
            "defined_tags": {
              "Oracle-Tags.CreatedBy": "gustavo.watanabe@gmail.com",
              "Oracle-Tags.CreatedOn": "2020-08-14T01:32:06.931Z"
            },
            "display_name": "tf_security_list",
            "egress_security_rules": [
              {
                "description": "",
                "destination": "0.0.0.0/0",
                "destination_type": "CIDR_BLOCK",
                "icmp_options": [],
                "protocol": "all",
                "stateless": false,
                "tcp_options": [],
                "udp_options": []
              }
            ],
            "freeform_tags": {},
            "id": "ocid1.securitylist.oc1.iad.aaaaaaaaj72bzgggvpwk545q5gkz3qqchdbwcnjincdvii6vkkth3ed63i7a",
            "ingress_security_rules": [
              {
                "description": "",
                "icmp_options": [
                  {
                    "code": -1,
                    "type": 0
                  }
                ],
                "protocol": "1",
                "source": "0.0.0.0/0",
                "source_type": "CIDR_BLOCK",
                "stateless": false,
                "tcp_options": [],
                "udp_options": []
              },
              {
                "description": "",
                "icmp_options": [
                  {
                    "code": -1,
                    "type": 8
                  }
                ],
                "protocol": "1",
                "source": "0.0.0.0/0",
                "source_type": "CIDR_BLOCK",
                "stateless": false,
                "tcp_options": [],
                "udp_options": []
              },
              {
                "description": "",
                "icmp_options": [
                  {
                    "code": 4,
                    "type": 3
                  }
                ],
                "protocol": "1",
                "source": "0.0.0.0/0",
                "source_type": "CIDR_BLOCK",
                "stateless": false,
                "tcp_options": [],
                "udp_options": []
              },
              {
                "description": "",
                "icmp_options": [],
                "protocol": "6",
                "source": "0.0.0.0/0",
                "source_type": "CIDR_BLOCK",
                "stateless": false,
                "tcp_options": [
                  {
                    "max": 22,
                    "min": 22,
                    "source_port_range": []
                  }
                ],
                "udp_options": []
              },
              {
                "description": "",
                "icmp_options": [],
                "protocol": "6",
                "source": "0.0.0.0/0",
                "source_type": "CIDR_BLOCK",
                "stateless": false,
                "tcp_options": [
                  {
                    "max": 443,
                    "min": 443,
                    "source_port_range": []
                  }
                ],
                "udp_options": []
              },
              {
                "description": "",
                "icmp_options": [],
                "protocol": "6",
                "source": "0.0.0.0/0",
                "source_type": "CIDR_BLOCK",
                "stateless": false,
                "tcp_options": [
                  {
                    "max": 80,
                    "min": 80,
                    "source_port_range": []
                  }
                ],
                "udp_options": []
              }
            ],
            "state": "AVAILABLE",
            "time_created": "2020-08-14 01:32:06.941 +0000 UTC",
            "timeouts": null,
            "vcn_id": "ocid1.vcn.oc1.iad.amaaaaaaopl24pqaqj43weblxpnpu4pbzk5xwvmee6m45r3shhowzskvjmwa"
          },
          "private": "eyJlMmJmYjczMC1lY2FhLTExZTYtOGY4OC0zNDM2M2JjN2M0YzAiOnsiY3JlYXRlIjo5MDAwMDAwMDAwMDAsImRlbGV0ZSI6OTAwMDAwMDAwMDAwLCJ1cGRhdGUiOjkwMDAwMDAwMDAwMH19",
          "dependencies": [
            "module.tf_compartment.oci_identity_compartment.oci_compartment",
            "module.tf_vcn.oci_core_virtual_network.vcn_tf"
          ]
        }
      ]
    },
    {
      "module": "module.tf_vcn",
      "mode": "managed",
      "type": "oci_core_subnet",
      "name": "subnet_tf",
      "provider": "provider[\"registry.terraform.io/hashicorp/oci\"]",
      "instances": [
        {
          "index_key": 0,
          "schema_version": 0,
          "attributes": {
            "availability_domain": "kDFU:US-ASHBURN-AD-1",
            "cidr_block": "10.10.0.0/20",
            "compartment_id": "ocid1.compartment.oc1..aaaaaaaak3gu7nrcjydjt3mwjt6izcmuaduaba6y52nq3ndxwenispyjgoaa",
            "defined_tags": {
              "Oracle-Tags.CreatedBy": "gustavo.watanabe@gmail.com",
              "Oracle-Tags.CreatedOn": "2020-08-14T01:32:08.060Z"
            },
            "dhcp_options_id": "ocid1.dhcpoptions.oc1.iad.aaaaaaaae5jonwitlkh65hrljgb46s4g3fjuye6abn2aj2cfslqqoj7pyqcq",
            "display_name": "tf_subnet1-AD1",
            "dns_label": null,
            "freeform_tags": {},
            "id": "ocid1.subnet.oc1.iad.aaaaaaaa32sgm56lbz3rglgpuw3b2ibpr23qdok4za4hsam26b2svp6xjq5q",
            "ipv6cidr_block": null,
            "ipv6public_cidr_block": null,
            "ipv6virtual_router_ip": null,
            "prohibit_public_ip_on_vnic": false,
            "route_table_id": "ocid1.routetable.oc1.iad.aaaaaaaamel243eln2qyblt7yx267npeuscoqccl32naasq4t3ar7qip7mwq",
            "security_list_ids": [
              "ocid1.securitylist.oc1.iad.aaaaaaaaj72bzgggvpwk545q5gkz3qqchdbwcnjincdvii6vkkth3ed63i7a"
            ],
            "state": "AVAILABLE",
            "subnet_domain_name": null,
            "time_created": "2020-08-14 01:32:08.123 +0000 UTC",
            "timeouts": null,
            "vcn_id": "ocid1.vcn.oc1.iad.amaaaaaaopl24pqaqj43weblxpnpu4pbzk5xwvmee6m45r3shhowzskvjmwa",
            "virtual_router_ip": "10.10.0.1",
            "virtual_router_mac": "00:00:17:B1:48:28"
          },
          "private": "eyJlMmJmYjczMC1lY2FhLTExZTYtOGY4OC0zNDM2M2JjN2M0YzAiOnsiY3JlYXRlIjo5MDAwMDAwMDAwMDAsImRlbGV0ZSI6OTAwMDAwMDAwMDAwLCJ1cGRhdGUiOjkwMDAwMDAwMDAwMH19",
          "dependencies": [
            "module.tf_compartment.oci_identity_compartment.oci_compartment",
            "module.tf_vcn.data.oci_identity_availability_domains.targetRegion",
            "module.tf_vcn.oci_core_internet_gateway.igw_tf",
            "module.tf_vcn.oci_core_route_table.rt1_tf",
            "module.tf_vcn.oci_core_security_list.sl_w",
            "module.tf_vcn.oci_core_virtual_network.vcn_tf"
          ]
        },
        {
          "index_key": 1,
          "schema_version": 0,
          "attributes": {
            "availability_domain": "kDFU:US-ASHBURN-AD-1",
            "cidr_block": "10.10.16.0/20",
            "compartment_id": "ocid1.compartment.oc1..aaaaaaaak3gu7nrcjydjt3mwjt6izcmuaduaba6y52nq3ndxwenispyjgoaa",
            "defined_tags": {
              "Oracle-Tags.CreatedBy": "gustavo.watanabe@gmail.com",
              "Oracle-Tags.CreatedOn": "2020-08-14T01:32:08.083Z"
            },
            "dhcp_options_id": "ocid1.dhcpoptions.oc1.iad.aaaaaaaae5jonwitlkh65hrljgb46s4g3fjuye6abn2aj2cfslqqoj7pyqcq",
            "display_name": "tf_subnet1-AD2",
            "dns_label": null,
            "freeform_tags": {},
            "id": "ocid1.subnet.oc1.iad.aaaaaaaam54qujbhb4c6qogqyow6xoktyozeivedsvaa5x75yxarujlsy4na",
            "ipv6cidr_block": null,
            "ipv6public_cidr_block": null,
            "ipv6virtual_router_ip": null,
            "prohibit_public_ip_on_vnic": false,
            "route_table_id": "ocid1.routetable.oc1.iad.aaaaaaaamel243eln2qyblt7yx267npeuscoqccl32naasq4t3ar7qip7mwq",
            "security_list_ids": [
              "ocid1.securitylist.oc1.iad.aaaaaaaaj72bzgggvpwk545q5gkz3qqchdbwcnjincdvii6vkkth3ed63i7a"
            ],
            "state": "AVAILABLE",
            "subnet_domain_name": null,
            "time_created": "2020-08-14 01:32:08.404 +0000 UTC",
            "timeouts": null,
            "vcn_id": "ocid1.vcn.oc1.iad.amaaaaaaopl24pqaqj43weblxpnpu4pbzk5xwvmee6m45r3shhowzskvjmwa",
            "virtual_router_ip": "10.10.16.1",
            "virtual_router_mac": "00:00:17:B1:48:28"
          },
          "private": "eyJlMmJmYjczMC1lY2FhLTExZTYtOGY4OC0zNDM2M2JjN2M0YzAiOnsiY3JlYXRlIjo5MDAwMDAwMDAwMDAsImRlbGV0ZSI6OTAwMDAwMDAwMDAwLCJ1cGRhdGUiOjkwMDAwMDAwMDAwMH19",
          "dependencies": [
            "module.tf_compartment.oci_identity_compartment.oci_compartment",
            "module.tf_vcn.data.oci_identity_availability_domains.targetRegion",
            "module.tf_vcn.oci_core_internet_gateway.igw_tf",
            "module.tf_vcn.oci_core_route_table.rt1_tf",
            "module.tf_vcn.oci_core_security_list.sl_w",
            "module.tf_vcn.oci_core_virtual_network.vcn_tf"
          ]
        }
      ]
    },
    {
      "module": "module.tf_vcn",
      "mode": "managed",
      "type": "oci_core_virtual_network",
      "name": "vcn_tf",
      "provider": "provider[\"registry.terraform.io/hashicorp/oci\"]",
      "instances": [
        {
          "schema_version": 0,
          "attributes": {
            "cidr_block": "10.10.0.0/16",
            "compartment_id": "ocid1.compartment.oc1..aaaaaaaak3gu7nrcjydjt3mwjt6izcmuaduaba6y52nq3ndxwenispyjgoaa",
            "default_dhcp_options_id": "ocid1.dhcpoptions.oc1.iad.aaaaaaaae5jonwitlkh65hrljgb46s4g3fjuye6abn2aj2cfslqqoj7pyqcq",
            "default_route_table_id": "ocid1.routetable.oc1.iad.aaaaaaaahw6v5oraajzjwt4s5tmvlknnllohcnye3ps5zhjf3gtcixtd6veq",
            "default_security_list_id": "ocid1.securitylist.oc1.iad.aaaaaaaa73zeg4d2263vzqdxdwyybsjtq6wyrkgkopkbgoxryobn2u4qphrq",
            "defined_tags": {
              "Oracle-Tags.CreatedBy": "gustavo.watanabe@gmail.com",
              "Oracle-Tags.CreatedOn": "2020-08-14T01:32:00.869Z"
            },
            "display_name": "tf_vcn_webserver",
            "dns_label": "vcntf",
            "freeform_tags": {},
            "id": "ocid1.vcn.oc1.iad.amaaaaaaopl24pqaqj43weblxpnpu4pbzk5xwvmee6m45r3shhowzskvjmwa",
            "ipv6cidr_block": null,
            "ipv6public_cidr_block": null,
            "is_ipv6enabled": null,
            "state": "AVAILABLE",
            "time_created": "2020-08-14 01:32:00.873 +0000 UTC",
            "timeouts": null,
            "vcn_domain_name": "vcntf.oraclevcn.com"
          },
          "private": "eyJlMmJmYjczMC1lY2FhLTExZTYtOGY4OC0zNDM2M2JjN2M0YzAiOnsiY3JlYXRlIjo5MDAwMDAwMDAwMDAsImRlbGV0ZSI6OTAwMDAwMDAwMDAwLCJ1cGRhdGUiOjkwMDAwMDAwMDAwMH19",
          "dependencies": [
            "module.tf_compartment.oci_identity_compartment.oci_compartment"
          ]
        }
      ]
    },
    {
      "module": "module.tf_compartment",
      "mode": "managed",
      "type": "oci_identity_compartment",
      "name": "oci_compartment",
      "provider": "provider[\"registry.terraform.io/hashicorp/oci\"]",
      "instances": [
        {
          "schema_version": 0,
          "attributes": {
            "compartment_id": "ocid1.compartment.oc1..aaaaaaaabyabdq4b7oyzojfg2mywq3aanvytk5pclfmxjxpalakbjonplgpa",
            "defined_tags": {
              "Oracle-Tags.CreatedBy": "gustavo.watanabe@gmail.com",
              "Oracle-Tags.CreatedOn": "2020-08-14T00:30:44.789Z"
            },
            "description": "Terraform Training Compartment DEV",
            "enable_delete": null,
            "freeform_tags": {},
            "id": "ocid1.compartment.oc1..aaaaaaaak3gu7nrcjydjt3mwjt6izcmuaduaba6y52nq3ndxwenispyjgoaa",
            "inactive_state": null,
            "is_accessible": true,
            "name": "tf_training_compartment_DEV",
            "state": "ACTIVE",
            "time_created": "2020-08-14 00:30:45.809 +0000 UTC",
            "timeouts": null
          },
          "private": "eyJlMmJmYjczMC1lY2FhLTExZTYtOGY4OC0zNDM2M2JjN2M0YzAiOnsiZGVsZXRlIjo1NDAwMDAwMDAwMDAwfX0="
        }
      ]
    },
    {
      "module": "module.tf_policy_object_storage",
      "mode": "managed",
      "type": "oci_identity_policy",
      "name": "tf_allow_object_storage_lifecycle",
      "provider": "provider[\"registry.terraform.io/hashicorp/oci\"]",
      "instances": [
        {
          "schema_version": 0,
          "attributes": {
            "ETag": "5b6090c782b353bef66c7665fb3287ae43d2afd7",
            "compartment_id": "ocid1.compartment.oc1..aaaaaaaak3gu7nrcjydjt3mwjt6izcmuaduaba6y52nq3ndxwenispyjgoaa",
            "defined_tags": {
              "Oracle-Tags.CreatedBy": "gustavo.watanabe@gmail.com",
              "Oracle-Tags.CreatedOn": "2020-08-14T01:32:00.323Z"
            },
            "description": "policy created by terraform for training",
            "freeform_tags": {
              "Project": "Terraform Training"
            },
            "id": "ocid1.policy.oc1..aaaaaaaavb2khvgdagvfovgtfgay2ur25el3o44pt3hjrakis3xid2k7ku6q",
            "inactive_state": null,
            "lastUpdateETag": "5b6090c782b353bef66c7665fb3287ae43d2afd7",
            "name": "terraform-object-family-33811",
            "policyHash": "7ac9491b45b7a5f8bd3c30e071d64a2f",
            "state": "ACTIVE",
            "statements": [
              "Allow service objectstorage-us-ashburn-1 to manage object-family in compartment id ocid1.compartment.oc1..aaaaaaaak3gu7nrcjydjt3mwjt6izcmuaduaba6y52nq3ndxwenispyjgoaa"
            ],
            "time_created": "2020-08-14 01:32:00.386 +0000 UTC",
            "timeouts": null,
            "version_date": null
          },
          "private": "eyJlMmJmYjczMC1lY2FhLTExZTYtOGY4OC0zNDM2M2JjN2M0YzAiOnsiY3JlYXRlIjo5MDAwMDAwMDAwMDAsImRlbGV0ZSI6OTAwMDAwMDAwMDAwLCJ1cGRhdGUiOjkwMDAwMDAwMDAwMH19",
          "dependencies": [
            "module.tf_compartment.oci_identity_compartment.oci_compartment",
            "random_id.tf_id"
          ]
        }
      ]
    },
    {
      "module": "module.tf_object_storage",
      "mode": "managed",
      "type": "oci_objectstorage_bucket",
      "name": "bucket_tf",
      "provider": "provider[\"registry.terraform.io/hashicorp/oci\"]",
      "instances": [
        {
          "schema_version": 0,
          "attributes": {
            "access_type": "NoPublicAccess",
            "approximate_count": "0",
            "approximate_size": "0",
            "bucket_id": "ocid1.bucket.oc1.iad.aaaaaaaavkdt7tux64rds55rjso4enwgn2fowgcyjcvg7kohxhqstc7o4sfa",
            "compartment_id": "ocid1.compartment.oc1..aaaaaaaak3gu7nrcjydjt3mwjt6izcmuaduaba6y52nq3ndxwenispyjgoaa",
            "created_by": "ocid1.user.oc1..aaaaaaaapjvhldjzw7yyevexzbewgvsxeauzwevk3ifgopwanlnezwslf4ga",
            "defined_tags": {
              "Oracle-Tags.CreatedBy": "gustavo.watanabe@gmail.com",
              "Oracle-Tags.CreatedOn": "2020-08-14T01:32:02.001Z"
            },
            "etag": "8c0fbb94-2b98-4c01-88bd-df96752768a6",
            "freeform_tags": {
              "Project": "Terraform Training"
            },
            "id": "n/idmacyeswbbg/b/bucket-33811",
            "is_read_only": false,
            "kms_key_id": null,
            "metadata": null,
            "name": "bucket-33811",
            "namespace": "idmacyeswbbg",
            "object_events_enabled": false,
            "object_lifecycle_policy_etag": null,
            "replication_enabled": false,
            "retention_rules": [],
            "storage_tier": "Standard",
            "time_created": "2020-08-14 01:32:02.026 +0000 UTC",
            "timeouts": null,
            "versioning": "Disabled"
          },
          "private": "eyJlMmJmYjczMC1lY2FhLTExZTYtOGY4OC0zNDM2M2JjN2M0YzAiOnsiY3JlYXRlIjo5MDAwMDAwMDAwMDAsImRlbGV0ZSI6OTAwMDAwMDAwMDAwLCJ1cGRhdGUiOjkwMDAwMDAwMDAwMH19",
          "dependencies": [
            "data.oci_objectstorage_namespace.user_namespace",
            "module.tf_compartment.oci_identity_compartment.oci_compartment",
            "module.tf_policy_object_storage.oci_identity_policy.tf_allow_object_storage_lifecycle",
            "random_id.tf_id"
          ]
        }
      ]
    },
    {
      "module": "module.tf_object_storage",
      "mode": "managed",
      "type": "oci_objectstorage_object",
      "name": "hello-world-object-in-bucket",
      "provider": "provider[\"registry.terraform.io/hashicorp/oci\"]",
      "instances": [
        {
          "schema_version": 0,
          "attributes": {
            "bucket": "bucket-33811",
            "cache_control": null,
            "content": "98f3f7b4a55452e35d081634bce770dd",
            "content_disposition": null,
            "content_encoding": null,
            "content_language": null,
            "content_length": "12",
            "content_md5": "mPP3tKVUUuNdCBY0vOdw3Q==",
            "content_type": "text/text",
            "delete_all_object_versions": false,
            "id": "n/idmacyeswbbg/b/bucket-33811/o/my-new-object",
            "metadata": null,
            "namespace": "idmacyeswbbg",
            "object": "my-new-object",
            "source": null,
            "source_uri_details": [],
            "state": "COMPLETED",
            "timeouts": null,
            "version_id": "616e7e23-675c-4860-ac88-ad50b222c4f2",
            "work_request_id": ""
          },
          "private": "eyJlMmJmYjczMC1lY2FhLTExZTYtOGY4OC0zNDM2M2JjN2M0YzAiOnsiY3JlYXRlIjo5MDAwMDAwMDAwMDAsImRlbGV0ZSI6OTAwMDAwMDAwMDAwLCJ1cGRhdGUiOjkwMDAwMDAwMDAwMH19",
          "dependencies": [
            "data.oci_objectstorage_namespace.user_namespace",
            "module.tf_compartment.oci_identity_compartment.oci_compartment",
            "module.tf_object_storage.oci_objectstorage_bucket.bucket_tf",
            "module.tf_policy_object_storage.oci_identity_policy.tf_allow_object_storage_lifecycle",
            "random_id.tf_id"
          ]
        }
      ]
    },
    {
      "mode": "managed",
      "type": "random_id",
      "name": "tf_id",
      "provider": "provider[\"registry.terraform.io/hashicorp/random\"]",
      "instances": [
        {
          "schema_version": 0,
          "attributes": {
            "b64": "hBM",
            "b64_std": "hBM=",
            "b64_url": "hBM",
            "byte_length": 2,
            "dec": "33811",
            "hex": "8413",
            "id": "hBM",
            "keepers": null,
            "prefix": null
          },
          "private": "bnVsbA=="
        }
      ]
    }
  ]
}
