{
  "version": 4,
  "terraform_version": "0.12.29",
  "serial": 132,
  "lineage": "a10b87cf-d00d-cc31-27cd-47f32c5dd03f",
  "outputs": {
    "show-hello-world-object": {
      "value": {
        "base64_encode_content": false,
        "bucket": "bucket-56618",
        "cache_control": null,
        "content": "Hello Galaxy",
        "content_disposition": null,
        "content_encoding": null,
        "content_language": null,
        "content_length": "12",
        "content_length_limit": 1048576,
        "content_md5": "mPP3tKVUUuNdCBY0vOdw3Q==",
        "content_type": "text/text",
        "id": "2020-08-12 00:56:13.679410605 +0000 UTC",
        "metadata": {},
        "namespace": "idmacyeswbbg",
        "object": "my-new-object",
        "version_id": "9c2a506f-984e-413c-80db-19dbc1dd5cfb"
      },
      "type": [
        "object",
        {
          "base64_encode_content": "bool",
          "bucket": "string",
          "cache_control": "string",
          "content": "string",
          "content_disposition": "string",
          "content_encoding": "string",
          "content_language": "string",
          "content_length": "string",
          "content_length_limit": "number",
          "content_md5": "string",
          "content_type": "string",
          "id": "string",
          "metadata": [
            "map",
            "string"
          ],
          "namespace": "string",
          "object": "string",
          "version_id": "string"
        }
      ]
    },
    "show-new-bucket": {
      "value": "ocid1.bucket.oc1.iad.aaaaaaaa7lx7n7ctsqx252ym7yplcrfvjsommsirjodce663datc7fxiadrq",
      "type": "string"
    },
    "show-new-object": {
      "value": {
        "bucket": "bucket-56618",
        "cache_control": null,
        "content": "98f3f7b4a55452e35d081634bce770dd",
        "content_disposition": null,
        "content_encoding": null,
        "content_language": null,
        "content_length": "12",
        "content_md5": "mPP3tKVUUuNdCBY0vOdw3Q==",
        "content_type": "text/text",
        "delete_all_object_versions": false,
        "id": "n/idmacyeswbbg/b/bucket-56618/o/my-new-object",
        "metadata": null,
        "namespace": "idmacyeswbbg",
        "object": "my-new-object",
        "source": null,
        "source_uri_details": [],
        "state": "COMPLETED",
        "timeouts": null,
        "version_id": "9c2a506f-984e-413c-80db-19dbc1dd5cfb",
        "work_request_id": ""
      },
      "type": [
        "object",
        {
          "bucket": "string",
          "cache_control": "string",
          "content": "string",
          "content_disposition": "string",
          "content_encoding": "string",
          "content_language": "string",
          "content_length": "string",
          "content_md5": "string",
          "content_type": "string",
          "delete_all_object_versions": "bool",
          "id": "string",
          "metadata": [
            "map",
            "string"
          ],
          "namespace": "string",
          "object": "string",
          "source": "string",
          "source_uri_details": [
            "list",
            [
              "object",
              {
                "bucket": "string",
                "destination_object_if_match_etag": "string",
                "destination_object_if_none_match_etag": "string",
                "namespace": "string",
                "object": "string",
                "region": "string",
                "source_object_if_match_etag": "string",
                "source_version_id": "string"
              }
            ]
          ],
          "state": "string",
          "timeouts": [
            "object",
            {
              "create": "string",
              "delete": "string",
              "update": "string"
            }
          ],
          "version_id": "string",
          "work_request_id": "string"
        }
      ]
    }
  },
  "resources": [
    {
      "module": "module.tf_vcn",
      "mode": "data",
      "type": "oci_identity_availability_domains",
      "name": "targetRegion",
      "provider": "provider.oci",
      "instances": [
        {
          "schema_version": 0,
          "attributes": {
            "availability_domains": [
              {
                "compartment_id": "ocid1.tenancy.oc1..aaaaaaaatrgns6gs2tbfu2skeowksyjlsr4zqzlnknbiuoyhsk6dklwj6waa",
                "id": "ocid1.availabilitydomain.oc1..aaaaaaaaztunlny6ae4yw2vghp5go2zceaonwp6wiioe3tnh2vlaxjjl2n3a",
                "name": "kDFU:US-ASHBURN-AD-1"
              },
              {
                "compartment_id": "ocid1.tenancy.oc1..aaaaaaaatrgns6gs2tbfu2skeowksyjlsr4zqzlnknbiuoyhsk6dklwj6waa",
                "id": "ocid1.availabilitydomain.oc1..aaaaaaaatrwxaogr7dl4yschqtrmqrdv6uzis3mgbnomiagqrfhcb7mxsfdq",
                "name": "kDFU:US-ASHBURN-AD-2"
              },
              {
                "compartment_id": "ocid1.tenancy.oc1..aaaaaaaatrgns6gs2tbfu2skeowksyjlsr4zqzlnknbiuoyhsk6dklwj6waa",
                "id": "ocid1.availabilitydomain.oc1..aaaaaaaauvt2n7pijol7uqgdnnsoojcukrijtmcltvfwxazmitk235wyohta",
                "name": "kDFU:US-ASHBURN-AD-3"
              }
            ],
            "compartment_id": "ocid1.tenancy.oc1..aaaaaaaatrgns6gs2tbfu2skeowksyjlsr4zqzlnknbiuoyhsk6dklwj6waa",
            "filter": null,
            "id": "2020-08-12 00:56:01.036694309 +0000 UTC"
          }
        }
      ]
    },
    {
      "mode": "data",
      "type": "oci_objectstorage_namespace",
      "name": "user_namespace",
      "provider": "provider.oci",
      "instances": [
        {
          "schema_version": 0,
          "attributes": {
            "compartment_id": "ocid1.compartment.oc1..aaaaaaaagazjkkuzrj4eijimf4lnxetk5pki6scjd25st3krreuufdndzmqq",
            "id": "2020-08-12 00:56:11.016941293 +0000 UTC",
            "namespace": "idmacyeswbbg"
          }
        }
      ]
    },
    {
      "mode": "data",
      "type": "oci_objectstorage_object",
      "name": "read-hello-world-object",
      "provider": "provider.oci",
      "instances": [
        {
          "schema_version": 0,
          "attributes": {
            "base64_encode_content": false,
            "bucket": "bucket-56618",
            "cache_control": null,
            "content": "Hello Galaxy",
            "content_disposition": null,
            "content_encoding": null,
            "content_language": null,
            "content_length": "12",
            "content_length_limit": 1048576,
            "content_md5": "mPP3tKVUUuNdCBY0vOdw3Q==",
            "content_type": "text/text",
            "id": "2020-08-12 00:56:13.679410605 +0000 UTC",
            "metadata": {},
            "namespace": "idmacyeswbbg",
            "object": "my-new-object",
            "version_id": "9c2a506f-984e-413c-80db-19dbc1dd5cfb"
          }
        }
      ]
    },
    {
      "module": "module.tf_vcn",
      "mode": "managed",
      "type": "oci_core_internet_gateway",
      "name": "igw_tf",
      "provider": "provider.oci",
      "instances": [
        {
          "schema_version": 0,
          "attributes": {
            "compartment_id": "ocid1.compartment.oc1..aaaaaaaagazjkkuzrj4eijimf4lnxetk5pki6scjd25st3krreuufdndzmqq",
            "defined_tags": {
              "Oracle-Tags.CreatedBy": "gustavo.watanabe@gmail.com",
              "Oracle-Tags.CreatedOn": "2020-08-12T00:56:16.682Z"
            },
            "display_name": "tf_igw",
            "enabled": true,
            "freeform_tags": {},
            "id": "ocid1.internetgateway.oc1.iad.aaaaaaaaaf5q4uwyqxwux7kmbdy3jwy3622yy2vtkj2jeojkpmzdwznstotq",
            "state": "AVAILABLE",
            "time_created": "2020-08-12 00:56:16.696 +0000 UTC",
            "timeouts": null,
            "vcn_id": "ocid1.vcn.oc1.iad.amaaaaaaopl24pqaga6kga3sml7tir7rchpduftnsxpsuelhlshl65wge3kq"
          },
          "private": "eyJlMmJmYjczMC1lY2FhLTExZTYtOGY4OC0zNDM2M2JjN2M0YzAiOnsiY3JlYXRlIjo5MDAwMDAwMDAwMDAsImRlbGV0ZSI6OTAwMDAwMDAwMDAwLCJ1cGRhdGUiOjkwMDAwMDAwMDAwMH19",
          "dependencies": [
            "module.tf_compartment.oci_identity_compartment.tf_training_compartment",
            "module.tf_vcn.oci_core_virtual_network.vcn_tf"
          ]
        }
      ]
    },
    {
      "module": "module.tf_vcn",
      "mode": "managed",
      "type": "oci_core_route_table",
      "name": "rt1_tf",
      "provider": "provider.oci",
      "instances": [
        {
          "schema_version": 0,
          "attributes": {
            "compartment_id": "ocid1.compartment.oc1..aaaaaaaagazjkkuzrj4eijimf4lnxetk5pki6scjd25st3krreuufdndzmqq",
            "defined_tags": {
              "Oracle-Tags.CreatedBy": "gustavo.watanabe@gmail.com",
              "Oracle-Tags.CreatedOn": "2020-08-12T00:56:17.512Z"
            },
            "display_name": "tf_rt1",
            "freeform_tags": {},
            "id": "ocid1.routetable.oc1.iad.aaaaaaaagtsou3nuswqganrna6z2qmsc6pjyci46eqogumqd4f7zaxwo3bma",
            "route_rules": [
              {
                "cidr_block": "",
                "description": "",
                "destination": "0.0.0.0/0",
                "destination_type": "CIDR_BLOCK",
                "network_entity_id": "ocid1.internetgateway.oc1.iad.aaaaaaaaaf5q4uwyqxwux7kmbdy3jwy3622yy2vtkj2jeojkpmzdwznstotq"
              }
            ],
            "state": "AVAILABLE",
            "time_created": "2020-08-12 00:56:17.53 +0000 UTC",
            "timeouts": null,
            "vcn_id": "ocid1.vcn.oc1.iad.amaaaaaaopl24pqaga6kga3sml7tir7rchpduftnsxpsuelhlshl65wge3kq"
          },
          "private": "eyJlMmJmYjczMC1lY2FhLTExZTYtOGY4OC0zNDM2M2JjN2M0YzAiOnsiY3JlYXRlIjo5MDAwMDAwMDAwMDAsImRlbGV0ZSI6OTAwMDAwMDAwMDAwLCJ1cGRhdGUiOjkwMDAwMDAwMDAwMH19",
          "dependencies": [
            "module.tf_compartment.oci_identity_compartment.tf_training_compartment",
            "module.tf_vcn.oci_core_internet_gateway.igw_tf",
            "module.tf_vcn.oci_core_virtual_network.vcn_tf"
          ]
        }
      ]
    },
    {
      "module": "module.tf_vcn",
      "mode": "managed",
      "type": "oci_core_security_list",
      "name": "sl_w",
      "provider": "provider.oci",
      "instances": [
        {
          "schema_version": 0,
          "attributes": {
            "compartment_id": "ocid1.compartment.oc1..aaaaaaaagazjkkuzrj4eijimf4lnxetk5pki6scjd25st3krreuufdndzmqq",
            "defined_tags": {
              "Oracle-Tags.CreatedBy": "gustavo.watanabe@gmail.com",
              "Oracle-Tags.CreatedOn": "2020-08-12T00:56:16.969Z"
            },
            "display_name": "sl-loadbalancer",
            "egress_security_rules": [
              {
                "description": "",
                "destination": "0.0.0.0/0",
                "destination_type": "CIDR_BLOCK",
                "icmp_options": [],
                "protocol": "all",
                "stateless": false,
                "tcp_options": [],
                "udp_options": []
              }
            ],
            "freeform_tags": {},
            "id": "ocid1.securitylist.oc1.iad.aaaaaaaau5f4fohuhk4vstqcu6hlvwbbdvd7gxeareb2772miqjgsdgpc3oq",
            "ingress_security_rules": [
              {
                "description": "",
                "icmp_options": [
                  {
                    "code": -1,
                    "type": 0
                  }
                ],
                "protocol": "1",
                "source": "0.0.0.0/0",
                "source_type": "CIDR_BLOCK",
                "stateless": false,
                "tcp_options": [],
                "udp_options": []
              },
              {
                "description": "",
                "icmp_options": [
                  {
                    "code": -1,
                    "type": 8
                  }
                ],
                "protocol": "1",
                "source": "0.0.0.0/0",
                "source_type": "CIDR_BLOCK",
                "stateless": false,
                "tcp_options": [],
                "udp_options": []
              },
              {
                "description": "",
                "icmp_options": [
                  {
                    "code": 4,
                    "type": 3
                  }
                ],
                "protocol": "1",
                "source": "0.0.0.0/0",
                "source_type": "CIDR_BLOCK",
                "stateless": false,
                "tcp_options": [],
                "udp_options": []
              },
              {
                "description": "",
                "icmp_options": [],
                "protocol": "6",
                "source": "0.0.0.0/0",
                "source_type": "CIDR_BLOCK",
                "stateless": false,
                "tcp_options": [
                  {
                    "max": 22,
                    "min": 22,
                    "source_port_range": []
                  }
                ],
                "udp_options": []
              },
              {
                "description": "",
                "icmp_options": [],
                "protocol": "6",
                "source": "0.0.0.0/0",
                "source_type": "CIDR_BLOCK",
                "stateless": false,
                "tcp_options": [
                  {
                    "max": 443,
                    "min": 443,
                    "source_port_range": []
                  }
                ],
                "udp_options": []
              },
              {
                "description": "",
                "icmp_options": [],
                "protocol": "6",
                "source": "0.0.0.0/0",
                "source_type": "CIDR_BLOCK",
                "stateless": false,
                "tcp_options": [
                  {
                    "max": 80,
                    "min": 80,
                    "source_port_range": []
                  }
                ],
                "udp_options": []
              }
            ],
            "state": "AVAILABLE",
            "time_created": "2020-08-12 00:56:16.995 +0000 UTC",
            "timeouts": null,
            "vcn_id": "ocid1.vcn.oc1.iad.amaaaaaaopl24pqaga6kga3sml7tir7rchpduftnsxpsuelhlshl65wge3kq"
          },
          "private": "eyJlMmJmYjczMC1lY2FhLTExZTYtOGY4OC0zNDM2M2JjN2M0YzAiOnsiY3JlYXRlIjo5MDAwMDAwMDAwMDAsImRlbGV0ZSI6OTAwMDAwMDAwMDAwLCJ1cGRhdGUiOjkwMDAwMDAwMDAwMH19",
          "dependencies": [
            "module.tf_compartment.oci_identity_compartment.tf_training_compartment",
            "module.tf_vcn.oci_core_virtual_network.vcn_tf"
          ]
        }
      ]
    },
    {
      "module": "module.tf_vcn",
      "mode": "managed",
      "type": "oci_core_subnet",
      "name": "subnet1_tf",
      "provider": "provider.oci",
      "instances": [
        {
          "schema_version": 0,
          "attributes": {
            "availability_domain": "kDFU:US-ASHBURN-AD-1",
            "cidr_block": "10.10.10.0/24",
            "compartment_id": "ocid1.compartment.oc1..aaaaaaaagazjkkuzrj4eijimf4lnxetk5pki6scjd25st3krreuufdndzmqq",
            "defined_tags": {
              "Oracle-Tags.CreatedBy": "gustavo.watanabe@gmail.com",
              "Oracle-Tags.CreatedOn": "2020-08-12T00:56:18.370Z"
            },
            "dhcp_options_id": "ocid1.dhcpoptions.oc1.iad.aaaaaaaaqx3l6vfwh7jv2lx57qiiqxz7piw5djg6nypubfbux2qlzn6myvkq",
            "display_name": "tf_subnet1-AD1",
            "dns_label": null,
            "freeform_tags": {},
            "id": "ocid1.subnet.oc1.iad.aaaaaaaa53jbqcfawlrjh5mp3id4lpk6iiqaueboucjbmvg7ohz35nspomda",
            "ipv6cidr_block": null,
            "ipv6public_cidr_block": null,
            "ipv6virtual_router_ip": null,
            "prohibit_public_ip_on_vnic": false,
            "route_table_id": "ocid1.routetable.oc1.iad.aaaaaaaagtsou3nuswqganrna6z2qmsc6pjyci46eqogumqd4f7zaxwo3bma",
            "security_list_ids": [
              "ocid1.securitylist.oc1.iad.aaaaaaaau5f4fohuhk4vstqcu6hlvwbbdvd7gxeareb2772miqjgsdgpc3oq"
            ],
            "state": "AVAILABLE",
            "subnet_domain_name": null,
            "time_created": "2020-08-12 00:56:18.817 +0000 UTC",
            "timeouts": null,
            "vcn_id": "ocid1.vcn.oc1.iad.amaaaaaaopl24pqaga6kga3sml7tir7rchpduftnsxpsuelhlshl65wge3kq",
            "virtual_router_ip": "10.10.10.1",
            "virtual_router_mac": "00:00:17:7B:35:BC"
          },
          "private": "eyJlMmJmYjczMC1lY2FhLTExZTYtOGY4OC0zNDM2M2JjN2M0YzAiOnsiY3JlYXRlIjo5MDAwMDAwMDAwMDAsImRlbGV0ZSI6OTAwMDAwMDAwMDAwLCJ1cGRhdGUiOjkwMDAwMDAwMDAwMH19",
          "dependencies": [
            "module.tf_compartment.oci_identity_compartment.tf_training_compartment",
            "module.tf_vcn.oci_core_internet_gateway.igw_tf",
            "module.tf_vcn.oci_core_route_table.rt1_tf",
            "module.tf_vcn.oci_core_security_list.sl_w",
            "module.tf_vcn.oci_core_virtual_network.vcn_tf"
          ]
        }
      ]
    },
    {
      "module": "module.tf_vcn",
      "mode": "managed",
      "type": "oci_core_subnet",
      "name": "subnet2_tf",
      "provider": "provider.oci",
      "instances": [
        {
          "schema_version": 0,
          "attributes": {
            "availability_domain": "kDFU:US-ASHBURN-AD-2",
            "cidr_block": "10.10.15.0/24",
            "compartment_id": "ocid1.compartment.oc1..aaaaaaaagazjkkuzrj4eijimf4lnxetk5pki6scjd25st3krreuufdndzmqq",
            "defined_tags": {
              "Oracle-Tags.CreatedBy": "gustavo.watanabe@gmail.com",
              "Oracle-Tags.CreatedOn": "2020-08-12T00:56:18.370Z"
            },
            "dhcp_options_id": "ocid1.dhcpoptions.oc1.iad.aaaaaaaaqx3l6vfwh7jv2lx57qiiqxz7piw5djg6nypubfbux2qlzn6myvkq",
            "display_name": "tf_subnet2-AD2",
            "dns_label": null,
            "freeform_tags": {},
            "id": "ocid1.subnet.oc1.iad.aaaaaaaahdgfwifrzvib56pogcamdks6pzgmjvfzg3hk7iq7qllhxlagyhga",
            "ipv6cidr_block": null,
            "ipv6public_cidr_block": null,
            "ipv6virtual_router_ip": null,
            "prohibit_public_ip_on_vnic": false,
            "route_table_id": "ocid1.routetable.oc1.iad.aaaaaaaagtsou3nuswqganrna6z2qmsc6pjyci46eqogumqd4f7zaxwo3bma",
            "security_list_ids": [
              "ocid1.securitylist.oc1.iad.aaaaaaaau5f4fohuhk4vstqcu6hlvwbbdvd7gxeareb2772miqjgsdgpc3oq"
            ],
            "state": "AVAILABLE",
            "subnet_domain_name": null,
            "time_created": "2020-08-12 00:56:18.426 +0000 UTC",
            "timeouts": null,
            "vcn_id": "ocid1.vcn.oc1.iad.amaaaaaaopl24pqaga6kga3sml7tir7rchpduftnsxpsuelhlshl65wge3kq",
            "virtual_router_ip": "10.10.15.1",
            "virtual_router_mac": "00:00:17:7B:35:BC"
          },
          "private": "eyJlMmJmYjczMC1lY2FhLTExZTYtOGY4OC0zNDM2M2JjN2M0YzAiOnsiY3JlYXRlIjo5MDAwMDAwMDAwMDAsImRlbGV0ZSI6OTAwMDAwMDAwMDAwLCJ1cGRhdGUiOjkwMDAwMDAwMDAwMH19",
          "dependencies": [
            "module.tf_compartment.oci_identity_compartment.tf_training_compartment",
            "module.tf_vcn.oci_core_internet_gateway.igw_tf",
            "module.tf_vcn.oci_core_route_table.rt1_tf",
            "module.tf_vcn.oci_core_security_list.sl_w",
            "module.tf_vcn.oci_core_virtual_network.vcn_tf"
          ]
        }
      ]
    },
    {
      "module": "module.tf_vcn",
      "mode": "managed",
      "type": "oci_core_virtual_network",
      "name": "vcn_tf",
      "provider": "provider.oci",
      "instances": [
        {
          "schema_version": 0,
          "attributes": {
            "cidr_block": "10.10.0.0/16",
            "compartment_id": "ocid1.compartment.oc1..aaaaaaaagazjkkuzrj4eijimf4lnxetk5pki6scjd25st3krreuufdndzmqq",
            "default_dhcp_options_id": "ocid1.dhcpoptions.oc1.iad.aaaaaaaaqx3l6vfwh7jv2lx57qiiqxz7piw5djg6nypubfbux2qlzn6myvkq",
            "default_route_table_id": "ocid1.routetable.oc1.iad.aaaaaaaaq3ib3kffxmthwspdab74ap5vzezqv5husrzidpm5j6p7lysze3fq",
            "default_security_list_id": "ocid1.securitylist.oc1.iad.aaaaaaaaargbowj7irrx3zdlv6sfeixc3x3nq6epezi7auqss5e3tniutxuq",
            "defined_tags": {
              "Oracle-Tags.CreatedBy": "gustavo.watanabe@gmail.com",
              "Oracle-Tags.CreatedOn": "2020-08-12T00:56:10.945Z"
            },
            "display_name": "tf_vcn_webserver",
            "dns_label": "tfvcn",
            "freeform_tags": {},
            "id": "ocid1.vcn.oc1.iad.amaaaaaaopl24pqaga6kga3sml7tir7rchpduftnsxpsuelhlshl65wge3kq",
            "ipv6cidr_block": null,
            "ipv6public_cidr_block": null,
            "is_ipv6enabled": null,
            "state": "AVAILABLE",
            "time_created": "2020-08-12 00:56:10.95 +0000 UTC",
            "timeouts": null,
            "vcn_domain_name": "tfvcn.oraclevcn.com"
          },
          "private": "eyJlMmJmYjczMC1lY2FhLTExZTYtOGY4OC0zNDM2M2JjN2M0YzAiOnsiY3JlYXRlIjo5MDAwMDAwMDAwMDAsImRlbGV0ZSI6OTAwMDAwMDAwMDAwLCJ1cGRhdGUiOjkwMDAwMDAwMDAwMH19",
          "dependencies": [
            "module.tf_compartment.oci_identity_compartment.tf_training_compartment"
          ]
        }
      ]
    },
    {
      "module": "module.tf_compartment",
      "mode": "managed",
      "type": "oci_identity_compartment",
      "name": "tf_training_compartment",
      "provider": "provider.oci",
      "instances": [
        {
          "schema_version": 0,
          "attributes": {
            "compartment_id": "ocid1.compartment.oc1..aaaaaaaabyabdq4b7oyzojfg2mywq3aanvytk5pclfmxjxpalakbjonplgpa",
            "defined_tags": {
              "Oracle-Tags.CreatedBy": "gustavo.watanabe@gmail.com",
              "Oracle-Tags.CreatedOn": "2020-08-12T00:53:04.481Z"
            },
            "description": "Terraform Training Compartment",
            "enable_delete": null,
            "freeform_tags": {},
            "id": "ocid1.compartment.oc1..aaaaaaaagazjkkuzrj4eijimf4lnxetk5pki6scjd25st3krreuufdndzmqq",
            "inactive_state": null,
            "is_accessible": true,
            "name": "tf_new_training_compartment",
            "state": "ACTIVE",
            "time_created": "2020-08-12 00:53:04.627 +0000 UTC",
            "timeouts": null
          },
          "private": "eyJlMmJmYjczMC1lY2FhLTExZTYtOGY4OC0zNDM2M2JjN2M0YzAiOnsiZGVsZXRlIjo1NDAwMDAwMDAwMDAwfX0="
        }
      ]
    },
    {
      "mode": "managed",
      "type": "oci_identity_policy",
      "name": "tf_allow_object_storage_lifecycle",
      "provider": "provider.oci",
      "instances": [
        {
          "schema_version": 0,
          "attributes": {
            "ETag": "bb39243ecc899ec673cd38e99b9106c19773c746",
            "compartment_id": "ocid1.compartment.oc1..aaaaaaaagazjkkuzrj4eijimf4lnxetk5pki6scjd25st3krreuufdndzmqq",
            "defined_tags": {
              "Oracle-Tags.CreatedBy": "gustavo.watanabe@gmail.com",
              "Oracle-Tags.CreatedOn": "2020-08-12T00:56:10.329Z"
            },
            "description": "policy created by terraform for training",
            "freeform_tags": {
              "Project": "Terraform Training"
            },
            "id": "ocid1.policy.oc1..aaaaaaaaargi2fdn53fkkgicgdnt5vqj3fdx4vu7uuay55jz33q4i22fb4aq",
            "inactive_state": null,
            "lastUpdateETag": "bb39243ecc899ec673cd38e99b9106c19773c746",
            "name": "terraform-object-family-56618",
            "policyHash": "b77dfaa458dd4073787123906bf821ab",
            "state": "ACTIVE",
            "statements": [
              "Allow service objectstorage-us-ashburn-1 to manage object-family in compartment id ocid1.compartment.oc1..aaaaaaaagazjkkuzrj4eijimf4lnxetk5pki6scjd25st3krreuufdndzmqq"
            ],
            "time_created": "2020-08-12 00:56:10.36 +0000 UTC",
            "timeouts": null,
            "version_date": null
          },
          "private": "eyJlMmJmYjczMC1lY2FhLTExZTYtOGY4OC0zNDM2M2JjN2M0YzAiOnsiY3JlYXRlIjo5MDAwMDAwMDAwMDAsImRlbGV0ZSI6OTAwMDAwMDAwMDAwLCJ1cGRhdGUiOjkwMDAwMDAwMDAwMH19",
          "dependencies": [
            "module.tf_compartment.oci_identity_compartment.tf_training_compartment",
            "random_id.tf_id"
          ]
        }
      ]
    },
    {
      "mode": "managed",
      "type": "oci_objectstorage_bucket",
      "name": "bucket_tf",
      "provider": "provider.oci",
      "instances": [
        {
          "schema_version": 0,
          "attributes": {
            "access_type": "NoPublicAccess",
            "approximate_count": "0",
            "approximate_size": "0",
            "bucket_id": "ocid1.bucket.oc1.iad.aaaaaaaa7lx7n7ctsqx252ym7yplcrfvjsommsirjodce663datc7fxiadrq",
            "compartment_id": "ocid1.compartment.oc1..aaaaaaaagazjkkuzrj4eijimf4lnxetk5pki6scjd25st3krreuufdndzmqq",
            "created_by": "ocid1.user.oc1..aaaaaaaapjvhldjzw7yyevexzbewgvsxeauzwevk3ifgopwanlnezwslf4ga",
            "defined_tags": {
              "Oracle-Tags.CreatedBy": "gustavo.watanabe@gmail.com",
              "Oracle-Tags.CreatedOn": "2020-08-12T00:56:11.151Z"
            },
            "etag": "bd3bc0ce-1a24-4e82-96a9-37ca6f21bbd6",
            "freeform_tags": {
              "Project": "Terraform Training"
            },
            "id": "n/idmacyeswbbg/b/bucket-56618",
            "is_read_only": false,
            "kms_key_id": null,
            "metadata": null,
            "name": "bucket-56618",
            "namespace": "idmacyeswbbg",
            "object_events_enabled": false,
            "object_lifecycle_policy_etag": null,
            "replication_enabled": false,
            "retention_rules": [],
            "storage_tier": "Standard",
            "time_created": "2020-08-12 00:56:11.186 +0000 UTC",
            "timeouts": null,
            "versioning": "Disabled"
          },
          "private": "eyJlMmJmYjczMC1lY2FhLTExZTYtOGY4OC0zNDM2M2JjN2M0YzAiOnsiY3JlYXRlIjo5MDAwMDAwMDAwMDAsImRlbGV0ZSI6OTAwMDAwMDAwMDAwLCJ1cGRhdGUiOjkwMDAwMDAwMDAwMH19",
          "dependencies": [
            "module.tf_compartment.oci_identity_compartment.tf_training_compartment",
            "oci_identity_policy.tf_allow_object_storage_lifecycle",
            "random_id.tf_id"
          ]
        }
      ]
    },
    {
      "mode": "managed",
      "type": "oci_objectstorage_object",
      "name": "hello-world-object-in-bucket",
      "provider": "provider.oci",
      "instances": [
        {
          "schema_version": 0,
          "attributes": {
            "bucket": "bucket-56618",
            "cache_control": null,
            "content": "98f3f7b4a55452e35d081634bce770dd",
            "content_disposition": null,
            "content_encoding": null,
            "content_language": null,
            "content_length": "12",
            "content_md5": "mPP3tKVUUuNdCBY0vOdw3Q==",
            "content_type": "text/text",
            "delete_all_object_versions": false,
            "id": "n/idmacyeswbbg/b/bucket-56618/o/my-new-object",
            "metadata": null,
            "namespace": "idmacyeswbbg",
            "object": "my-new-object",
            "source": null,
            "source_uri_details": [],
            "state": "COMPLETED",
            "timeouts": null,
            "version_id": "9c2a506f-984e-413c-80db-19dbc1dd5cfb",
            "work_request_id": ""
          },
          "private": "eyJlMmJmYjczMC1lY2FhLTExZTYtOGY4OC0zNDM2M2JjN2M0YzAiOnsiY3JlYXRlIjo5MDAwMDAwMDAwMDAsImRlbGV0ZSI6OTAwMDAwMDAwMDAwLCJ1cGRhdGUiOjkwMDAwMDAwMDAwMH19",
          "dependencies": [
            "module.tf_compartment.oci_identity_compartment.tf_training_compartment",
            "oci_identity_policy.tf_allow_object_storage_lifecycle",
            "oci_objectstorage_bucket.bucket_tf",
            "random_id.tf_id"
          ]
        }
      ]
    },
    {
      "mode": "managed",
      "type": "random_id",
      "name": "tf_id",
      "provider": "provider.random",
      "instances": [
        {
          "schema_version": 0,
          "attributes": {
            "b64": "3So",
            "b64_std": "3So=",
            "b64_url": "3So",
            "byte_length": 2,
            "dec": "56618",
            "hex": "dd2a",
            "id": "3So",
            "keepers": null,
            "prefix": null
          },
          "private": "bnVsbA=="
        }
      ]
    }
  ]
}
