{
  "version": 4,
  "terraform_version": "0.13.0",
  "serial": 200,
  "lineage": "a10b87cf-d00d-cc31-27cd-47f32c5dd03f",
  "outputs": {},
  "resources": [
    {
      "module": "module.tf_vcn",
      "mode": "data",
      "type": "oci_identity_availability_domains",
      "name": "targetRegion",
      "provider": "provider[\"registry.terraform.io/hashicorp/oci\"]",
      "instances": [
        {
          "schema_version": 0,
          "attributes": {
            "availability_domains": [
              {
                "compartment_id": "ocid1.tenancy.oc1..aaaaaaaatrgns6gs2tbfu2skeowksyjlsr4zqzlnknbiuoyhsk6dklwj6waa",
                "id": "ocid1.availabilitydomain.oc1..aaaaaaaaztunlny6ae4yw2vghp5go2zceaonwp6wiioe3tnh2vlaxjjl2n3a",
                "name": "kDFU:US-ASHBURN-AD-1"
              },
              {
                "compartment_id": "ocid1.tenancy.oc1..aaaaaaaatrgns6gs2tbfu2skeowksyjlsr4zqzlnknbiuoyhsk6dklwj6waa",
                "id": "ocid1.availabilitydomain.oc1..aaaaaaaatrwxaogr7dl4yschqtrmqrdv6uzis3mgbnomiagqrfhcb7mxsfdq",
                "name": "kDFU:US-ASHBURN-AD-2"
              },
              {
                "compartment_id": "ocid1.tenancy.oc1..aaaaaaaatrgns6gs2tbfu2skeowksyjlsr4zqzlnknbiuoyhsk6dklwj6waa",
                "id": "ocid1.availabilitydomain.oc1..aaaaaaaauvt2n7pijol7uqgdnnsoojcukrijtmcltvfwxazmitk235wyohta",
                "name": "kDFU:US-ASHBURN-AD-3"
              }
            ],
            "compartment_id": "ocid1.tenancy.oc1..aaaaaaaatrgns6gs2tbfu2skeowksyjlsr4zqzlnknbiuoyhsk6dklwj6waa",
            "filter": null,
            "id": "2020-09-10 00:10:16.782689096 +0000 UTC"
          }
        }
      ]
    },
    {
      "mode": "data",
      "type": "oci_objectstorage_namespace",
      "name": "user_namespace",
      "provider": "provider[\"registry.terraform.io/hashicorp/oci\"]",
      "instances": [
        {
          "schema_version": 0,
          "attributes": {
            "compartment_id": null,
            "id": "2020-09-10 00:09:01.233849722 +0000 UTC",
            "namespace": "idmacyeswbbg"
          }
        }
      ]
    },
    {
      "module": "module.tf_object_storage",
      "mode": "data",
      "type": "oci_objectstorage_object",
      "name": "read-hello-world-object",
      "provider": "provider[\"registry.terraform.io/hashicorp/oci\"]",
      "instances": [
        {
          "schema_version": 0,
          "attributes": {
            "base64_encode_content": false,
            "bucket": "bucket-5977",
            "cache_control": null,
            "content": "Hello Galaxy",
            "content_disposition": null,
            "content_encoding": null,
            "content_language": null,
            "content_length": "12",
            "content_length_limit": 1048576,
            "content_md5": "mPP3tKVUUuNdCBY0vOdw3Q==",
            "content_type": "text/text",
            "id": "2020-09-10 00:10:21.07229018 +0000 UTC",
            "metadata": {},
            "namespace": "idmacyeswbbg",
            "object": "my-new-object",
            "version_id": "20eb0177-0925-46c3-90a6-72f67f41b343"
          }
        }
      ]
    },
    {
      "module": "module.tf_vcn",
      "mode": "managed",
      "type": "oci_core_internet_gateway",
      "name": "igw_tf",
      "provider": "provider[\"registry.terraform.io/hashicorp/oci\"]",
      "instances": [
        {
          "schema_version": 0,
          "attributes": {
            "compartment_id": "ocid1.compartment.oc1..aaaaaaaa5ekxwqgtbjdckl22fnvifogvg3e6beay5dps3s4kujp6a4ahoevq",
            "defined_tags": {
              "Oracle-Tags.CreatedBy": "gustavo.watanabe@gmail.com",
              "Oracle-Tags.CreatedOn": "2020-09-10T00:10:23.963Z"
            },
            "display_name": "tf_internet_gateway",
            "enabled": true,
            "freeform_tags": {},
            "id": "ocid1.internetgateway.oc1.iad.aaaaaaaaesaiv5qyfzwqc44fktyd6yic2lkcxl3fads3tor3jdbevvzc3xka",
            "state": "AVAILABLE",
            "time_created": "2020-09-10 00:10:24.002 +0000 UTC",
            "timeouts": null,
            "vcn_id": "ocid1.vcn.oc1.iad.amaaaaaaopl24pqaniifmickz3pa7psxrado4agpfmuujxzocaynzyhba6ja"
          },
          "private": "eyJlMmJmYjczMC1lY2FhLTExZTYtOGY4OC0zNDM2M2JjN2M0YzAiOnsiY3JlYXRlIjo5MDAwMDAwMDAwMDAsImRlbGV0ZSI6OTAwMDAwMDAwMDAwLCJ1cGRhdGUiOjkwMDAwMDAwMDAwMH19",
          "dependencies": [
            "module.tf_compartment.oci_identity_compartment.oci_compartment",
            "module.tf_vcn.oci_core_virtual_network.vcn_tf"
          ]
        }
      ]
    },
    {
      "module": "module.tf_vcn",
      "mode": "managed",
      "type": "oci_core_route_table",
      "name": "rt1_tf",
      "provider": "provider[\"registry.terraform.io/hashicorp/oci\"]",
      "instances": [
        {
          "schema_version": 0,
          "attributes": {
            "compartment_id": "ocid1.compartment.oc1..aaaaaaaa5ekxwqgtbjdckl22fnvifogvg3e6beay5dps3s4kujp6a4ahoevq",
            "defined_tags": {
              "Oracle-Tags.CreatedBy": "gustavo.watanabe@gmail.com",
              "Oracle-Tags.CreatedOn": "2020-09-10T00:10:24.941Z"
            },
            "display_name": "tf_route_table_1",
            "freeform_tags": {},
            "id": "ocid1.routetable.oc1.iad.aaaaaaaasghrpcpdfp57j6xcu6kzsof47ptj5u2olcdxmwabpbqr4o2dn3wq",
            "route_rules": [
              {
                "cidr_block": "",
                "description": "",
                "destination": "0.0.0.0/0",
                "destination_type": "CIDR_BLOCK",
                "network_entity_id": "ocid1.internetgateway.oc1.iad.aaaaaaaaesaiv5qyfzwqc44fktyd6yic2lkcxl3fads3tor3jdbevvzc3xka"
              }
            ],
            "state": "AVAILABLE",
            "time_created": "2020-09-10 00:10:24.963 +0000 UTC",
            "timeouts": null,
            "vcn_id": "ocid1.vcn.oc1.iad.amaaaaaaopl24pqaniifmickz3pa7psxrado4agpfmuujxzocaynzyhba6ja"
          },
          "private": "eyJlMmJmYjczMC1lY2FhLTExZTYtOGY4OC0zNDM2M2JjN2M0YzAiOnsiY3JlYXRlIjo5MDAwMDAwMDAwMDAsImRlbGV0ZSI6OTAwMDAwMDAwMDAwLCJ1cGRhdGUiOjkwMDAwMDAwMDAwMH19",
          "dependencies": [
            "module.tf_compartment.oci_identity_compartment.oci_compartment",
            "module.tf_vcn.oci_core_internet_gateway.igw_tf",
            "module.tf_vcn.oci_core_virtual_network.vcn_tf"
          ]
        }
      ]
    },
    {
      "module": "module.tf_vcn",
      "mode": "managed",
      "type": "oci_core_security_list",
      "name": "sl_w",
      "provider": "provider[\"registry.terraform.io/hashicorp/oci\"]",
      "instances": [
        {
          "schema_version": 0,
          "attributes": {
            "compartment_id": "ocid1.compartment.oc1..aaaaaaaa5ekxwqgtbjdckl22fnvifogvg3e6beay5dps3s4kujp6a4ahoevq",
            "defined_tags": {
              "Oracle-Tags.CreatedBy": "gustavo.watanabe@gmail.com",
              "Oracle-Tags.CreatedOn": "2020-09-10T00:10:24.443Z"
            },
            "display_name": "tf_security_list",
            "egress_security_rules": [
              {
                "description": "",
                "destination": "0.0.0.0/0",
                "destination_type": "CIDR_BLOCK",
                "icmp_options": [],
                "protocol": "all",
                "stateless": false,
                "tcp_options": [],
                "udp_options": []
              }
            ],
            "freeform_tags": {},
            "id": "ocid1.securitylist.oc1.iad.aaaaaaaabpy6vpbjulrqvaf7tms2hbnuwvufjl55vzj5gotzymkitg7mwhea",
            "ingress_security_rules": [
              {
                "description": "",
                "icmp_options": [
                  {
                    "code": -1,
                    "type": 0
                  }
                ],
                "protocol": "1",
                "source": "0.0.0.0/0",
                "source_type": "CIDR_BLOCK",
                "stateless": false,
                "tcp_options": [],
                "udp_options": []
              },
              {
                "description": "",
                "icmp_options": [
                  {
                    "code": -1,
                    "type": 8
                  }
                ],
                "protocol": "1",
                "source": "0.0.0.0/0",
                "source_type": "CIDR_BLOCK",
                "stateless": false,
                "tcp_options": [],
                "udp_options": []
              },
              {
                "description": "",
                "icmp_options": [
                  {
                    "code": 4,
                    "type": 3
                  }
                ],
                "protocol": "1",
                "source": "0.0.0.0/0",
                "source_type": "CIDR_BLOCK",
                "stateless": false,
                "tcp_options": [],
                "udp_options": []
              },
              {
                "description": "",
                "icmp_options": [],
                "protocol": "6",
                "source": "0.0.0.0/0",
                "source_type": "CIDR_BLOCK",
                "stateless": false,
                "tcp_options": [
                  {
                    "max": 22,
                    "min": 22,
                    "source_port_range": []
                  }
                ],
                "udp_options": []
              },
              {
                "description": "",
                "icmp_options": [],
                "protocol": "6",
                "source": "0.0.0.0/0",
                "source_type": "CIDR_BLOCK",
                "stateless": false,
                "tcp_options": [
                  {
                    "max": 443,
                    "min": 443,
                    "source_port_range": []
                  }
                ],
                "udp_options": []
              },
              {
                "description": "",
                "icmp_options": [],
                "protocol": "6",
                "source": "0.0.0.0/0",
                "source_type": "CIDR_BLOCK",
                "stateless": false,
                "tcp_options": [
                  {
                    "max": 80,
                    "min": 80,
                    "source_port_range": []
                  }
                ],
                "udp_options": []
              }
            ],
            "state": "AVAILABLE",
            "time_created": "2020-09-10 00:10:24.467 +0000 UTC",
            "timeouts": null,
            "vcn_id": "ocid1.vcn.oc1.iad.amaaaaaaopl24pqaniifmickz3pa7psxrado4agpfmuujxzocaynzyhba6ja"
          },
          "private": "eyJlMmJmYjczMC1lY2FhLTExZTYtOGY4OC0zNDM2M2JjN2M0YzAiOnsiY3JlYXRlIjo5MDAwMDAwMDAwMDAsImRlbGV0ZSI6OTAwMDAwMDAwMDAwLCJ1cGRhdGUiOjkwMDAwMDAwMDAwMH19",
          "dependencies": [
            "module.tf_compartment.oci_identity_compartment.oci_compartment",
            "module.tf_vcn.oci_core_virtual_network.vcn_tf"
          ]
        }
      ]
    },
    {
      "module": "module.tf_vcn",
      "mode": "managed",
      "type": "oci_core_subnet",
      "name": "subnet_tf",
      "provider": "provider[\"registry.terraform.io/hashicorp/oci\"]",
      "instances": [
        {
          "index_key": 0,
          "schema_version": 0,
          "attributes": {
            "availability_domain": "kDFU:US-ASHBURN-AD-1",
            "cidr_block": "10.10.0.0/20",
            "compartment_id": "ocid1.compartment.oc1..aaaaaaaa5ekxwqgtbjdckl22fnvifogvg3e6beay5dps3s4kujp6a4ahoevq",
            "defined_tags": {
              "Oracle-Tags.CreatedBy": "gustavo.watanabe@gmail.com",
              "Oracle-Tags.CreatedOn": "2020-09-10T00:10:25.616Z"
            },
            "dhcp_options_id": "ocid1.dhcpoptions.oc1.iad.aaaaaaaaiqurua3ztiro3ozx5vubpzyosrigdawelhkm6jvxtcqylyxka45a",
            "display_name": "tf_subnet-AD1",
            "dns_label": null,
            "freeform_tags": {},
            "id": "ocid1.subnet.oc1.iad.aaaaaaaakxfgp5gueh4zw76ezhzuv5l6ba7fax3unihlnj45mkvhohfk6e3a",
            "ipv6cidr_block": null,
            "ipv6public_cidr_block": null,
            "ipv6virtual_router_ip": null,
            "prohibit_public_ip_on_vnic": false,
            "route_table_id": "ocid1.routetable.oc1.iad.aaaaaaaasghrpcpdfp57j6xcu6kzsof47ptj5u2olcdxmwabpbqr4o2dn3wq",
            "security_list_ids": [
              "ocid1.securitylist.oc1.iad.aaaaaaaabpy6vpbjulrqvaf7tms2hbnuwvufjl55vzj5gotzymkitg7mwhea"
            ],
            "state": "AVAILABLE",
            "subnet_domain_name": null,
            "time_created": "2020-09-10 00:10:25.693 +0000 UTC",
            "timeouts": null,
            "vcn_id": "ocid1.vcn.oc1.iad.amaaaaaaopl24pqaniifmickz3pa7psxrado4agpfmuujxzocaynzyhba6ja",
            "virtual_router_ip": "10.10.0.1",
            "virtual_router_mac": "00:00:17:BC:A3:1B"
          },
          "private": "eyJlMmJmYjczMC1lY2FhLTExZTYtOGY4OC0zNDM2M2JjN2M0YzAiOnsiY3JlYXRlIjo5MDAwMDAwMDAwMDAsImRlbGV0ZSI6OTAwMDAwMDAwMDAwLCJ1cGRhdGUiOjkwMDAwMDAwMDAwMH19",
          "dependencies": [
            "module.tf_compartment.oci_identity_compartment.oci_compartment",
            "module.tf_vcn.data.oci_identity_availability_domains.targetRegion",
            "module.tf_vcn.oci_core_internet_gateway.igw_tf",
            "module.tf_vcn.oci_core_route_table.rt1_tf",
            "module.tf_vcn.oci_core_security_list.sl_w",
            "module.tf_vcn.oci_core_virtual_network.vcn_tf"
          ]
        },
        {
          "index_key": 1,
          "schema_version": 0,
          "attributes": {
            "availability_domain": "kDFU:US-ASHBURN-AD-1",
            "cidr_block": "10.10.16.0/20",
            "compartment_id": "ocid1.compartment.oc1..aaaaaaaa5ekxwqgtbjdckl22fnvifogvg3e6beay5dps3s4kujp6a4ahoevq",
            "defined_tags": {
              "Oracle-Tags.CreatedBy": "gustavo.watanabe@gmail.com",
              "Oracle-Tags.CreatedOn": "2020-09-10T00:10:25.698Z"
            },
            "dhcp_options_id": "ocid1.dhcpoptions.oc1.iad.aaaaaaaaiqurua3ztiro3ozx5vubpzyosrigdawelhkm6jvxtcqylyxka45a",
            "display_name": "tf_subnet-AD2",
            "dns_label": null,
            "freeform_tags": {},
            "id": "ocid1.subnet.oc1.iad.aaaaaaaata223fzayhbc774vc6a2mvtml6dbytf6gltzk6kjwphs5pda672a",
            "ipv6cidr_block": null,
            "ipv6public_cidr_block": null,
            "ipv6virtual_router_ip": null,
            "prohibit_public_ip_on_vnic": false,
            "route_table_id": "ocid1.routetable.oc1.iad.aaaaaaaasghrpcpdfp57j6xcu6kzsof47ptj5u2olcdxmwabpbqr4o2dn3wq",
            "security_list_ids": [
              "ocid1.securitylist.oc1.iad.aaaaaaaabpy6vpbjulrqvaf7tms2hbnuwvufjl55vzj5gotzymkitg7mwhea"
            ],
            "state": "AVAILABLE",
            "subnet_domain_name": null,
            "time_created": "2020-09-10 00:10:26.048 +0000 UTC",
            "timeouts": null,
            "vcn_id": "ocid1.vcn.oc1.iad.amaaaaaaopl24pqaniifmickz3pa7psxrado4agpfmuujxzocaynzyhba6ja",
            "virtual_router_ip": "10.10.16.1",
            "virtual_router_mac": "00:00:17:BC:A3:1B"
          },
          "private": "eyJlMmJmYjczMC1lY2FhLTExZTYtOGY4OC0zNDM2M2JjN2M0YzAiOnsiY3JlYXRlIjo5MDAwMDAwMDAwMDAsImRlbGV0ZSI6OTAwMDAwMDAwMDAwLCJ1cGRhdGUiOjkwMDAwMDAwMDAwMH19",
          "dependencies": [
            "module.tf_compartment.oci_identity_compartment.oci_compartment",
            "module.tf_vcn.data.oci_identity_availability_domains.targetRegion",
            "module.tf_vcn.oci_core_internet_gateway.igw_tf",
            "module.tf_vcn.oci_core_route_table.rt1_tf",
            "module.tf_vcn.oci_core_security_list.sl_w",
            "module.tf_vcn.oci_core_virtual_network.vcn_tf"
          ]
        }
      ]
    },
    {
      "module": "module.tf_vcn",
      "mode": "managed",
      "type": "oci_core_virtual_network",
      "name": "vcn_tf",
      "provider": "provider[\"registry.terraform.io/hashicorp/oci\"]",
      "instances": [
        {
          "schema_version": 0,
          "attributes": {
            "cidr_block": "10.10.0.0/16",
            "compartment_id": "ocid1.compartment.oc1..aaaaaaaa5ekxwqgtbjdckl22fnvifogvg3e6beay5dps3s4kujp6a4ahoevq",
            "default_dhcp_options_id": "ocid1.dhcpoptions.oc1.iad.aaaaaaaaiqurua3ztiro3ozx5vubpzyosrigdawelhkm6jvxtcqylyxka45a",
            "default_route_table_id": "ocid1.routetable.oc1.iad.aaaaaaaaq6kqqnftcrf2fejldk4glpesmsluxn43wnv245frshioq5dmfetq",
            "default_security_list_id": "ocid1.securitylist.oc1.iad.aaaaaaaaqk4d75kgpixtj4kqdmob33uxlwpltsjaj5hhcfk4ogyhyolyymsq",
            "defined_tags": {
              "Oracle-Tags.CreatedBy": "gustavo.watanabe@gmail.com",
              "Oracle-Tags.CreatedOn": "2020-09-10T00:10:18.222Z"
            },
            "display_name": "tf__webserver",
            "dns_label": "vcntf",
            "freeform_tags": {},
            "id": "ocid1.vcn.oc1.iad.amaaaaaaopl24pqaniifmickz3pa7psxrado4agpfmuujxzocaynzyhba6ja",
            "ipv6cidr_block": null,
            "ipv6public_cidr_block": null,
            "is_ipv6enabled": null,
            "state": "AVAILABLE",
            "time_created": "2020-09-10 00:10:18.23 +0000 UTC",
            "timeouts": null,
            "vcn_domain_name": "vcntf.oraclevcn.com"
          },
          "private": "eyJlMmJmYjczMC1lY2FhLTExZTYtOGY4OC0zNDM2M2JjN2M0YzAiOnsiY3JlYXRlIjo5MDAwMDAwMDAwMDAsImRlbGV0ZSI6OTAwMDAwMDAwMDAwLCJ1cGRhdGUiOjkwMDAwMDAwMDAwMH19",
          "dependencies": [
            "module.tf_compartment.oci_identity_compartment.oci_compartment"
          ]
        }
      ]
    },
    {
      "module": "module.tf_compartment",
      "mode": "managed",
      "type": "oci_identity_compartment",
      "name": "oci_compartment",
      "provider": "provider[\"registry.terraform.io/hashicorp/oci\"]",
      "instances": [
        {
          "schema_version": 0,
          "attributes": {
            "compartment_id": "ocid1.compartment.oc1..aaaaaaaabyabdq4b7oyzojfg2mywq3aanvytk5pclfmxjxpalakbjonplgpa",
            "defined_tags": {
              "Oracle-Tags.CreatedBy": "gustavo.watanabe@gmail.com",
              "Oracle-Tags.CreatedOn": "2020-09-10T00:09:55.456Z"
            },
            "description": "Terraform Training Compartment default",
            "enable_delete": null,
            "freeform_tags": {},
            "id": "ocid1.compartment.oc1..aaaaaaaa5ekxwqgtbjdckl22fnvifogvg3e6beay5dps3s4kujp6a4ahoevq",
            "inactive_state": null,
            "is_accessible": true,
            "name": "tf_training_compartment_default",
            "state": "ACTIVE",
            "time_created": "2020-09-10 00:09:56.176 +0000 UTC",
            "timeouts": null
          },
          "private": "eyJlMmJmYjczMC1lY2FhLTExZTYtOGY4OC0zNDM2M2JjN2M0YzAiOnsiZGVsZXRlIjo1NDAwMDAwMDAwMDAwfX0="
        }
      ]
    },
    {
      "module": "module.tf_policy_object_storage",
      "mode": "managed",
      "type": "oci_identity_policy",
      "name": "tf_allow_object_storage_lifecycle",
      "provider": "provider[\"registry.terraform.io/hashicorp/oci\"]",
      "instances": [
        {
          "schema_version": 0,
          "attributes": {
            "ETag": "9207a73b158a49e3141be1c72b2a6f62f5784956",
            "compartment_id": "ocid1.compartment.oc1..aaaaaaaa5ekxwqgtbjdckl22fnvifogvg3e6beay5dps3s4kujp6a4ahoevq",
            "defined_tags": {
              "Oracle-Tags.CreatedBy": "gustavo.watanabe@gmail.com",
              "Oracle-Tags.CreatedOn": "2020-09-10T00:10:17.441Z"
            },
            "description": "policy created by terraform for training",
            "freeform_tags": {
              "Project": "Terraform Training"
            },
            "id": "ocid1.policy.oc1..aaaaaaaawxkherslabftqaihtwqmsuoutzdrzuti3oe6x445dbxk6ewmj7bq",
            "inactive_state": null,
            "lastUpdateETag": "9207a73b158a49e3141be1c72b2a6f62f5784956",
            "name": "terraform-object-family-5977",
            "policyHash": "b384ee244bd0d39178d3953b2924a728",
            "state": "ACTIVE",
            "statements": [
              "Allow service objectstorage-us-ashburn-1 to manage object-family in compartment id ocid1.compartment.oc1..aaaaaaaa5ekxwqgtbjdckl22fnvifogvg3e6beay5dps3s4kujp6a4ahoevq"
            ],
            "time_created": "2020-09-10 00:10:17.476 +0000 UTC",
            "timeouts": null,
            "version_date": null
          },
          "private": "eyJlMmJmYjczMC1lY2FhLTExZTYtOGY4OC0zNDM2M2JjN2M0YzAiOnsiY3JlYXRlIjo5MDAwMDAwMDAwMDAsImRlbGV0ZSI6OTAwMDAwMDAwMDAwLCJ1cGRhdGUiOjkwMDAwMDAwMDAwMH19",
          "dependencies": [
            "module.tf_compartment.oci_identity_compartment.oci_compartment",
            "random_id.tf_id"
          ]
        }
      ]
    },
    {
      "module": "module.tf_object_storage",
      "mode": "managed",
      "type": "oci_objectstorage_bucket",
      "name": "bucket_tf",
      "provider": "provider[\"registry.terraform.io/hashicorp/oci\"]",
      "instances": [
        {
          "schema_version": 0,
          "attributes": {
            "access_type": "NoPublicAccess",
            "approximate_count": "0",
            "approximate_size": "0",
            "bucket_id": "ocid1.bucket.oc1.iad.aaaaaaaay5nsurizdbxutgpmvxan2r3phvodrdo4v3izdltbaprtfdnq6ttq",
            "compartment_id": "ocid1.compartment.oc1..aaaaaaaa5ekxwqgtbjdckl22fnvifogvg3e6beay5dps3s4kujp6a4ahoevq",
            "created_by": "ocid1.user.oc1..aaaaaaaapjvhldjzw7yyevexzbewgvsxeauzwevk3ifgopwanlnezwslf4ga",
            "defined_tags": {
              "Oracle-Tags.CreatedBy": "gustavo.watanabe@gmail.com",
              "Oracle-Tags.CreatedOn": "2020-09-10T00:10:19.207Z"
            },
            "etag": "ecb13ba7-bf6c-4940-bc6c-54403f594d67",
            "freeform_tags": {
              "Project": "Terraform Training"
            },
            "id": "n/idmacyeswbbg/b/bucket-5977",
            "is_read_only": false,
            "kms_key_id": null,
            "metadata": null,
            "name": "bucket-5977",
            "namespace": "idmacyeswbbg",
            "object_events_enabled": false,
            "object_lifecycle_policy_etag": null,
            "replication_enabled": false,
            "retention_rules": [],
            "storage_tier": "Standard",
            "time_created": "2020-09-10 00:10:19.218 +0000 UTC",
            "timeouts": null,
            "versioning": "Disabled"
          },
          "private": "eyJlMmJmYjczMC1lY2FhLTExZTYtOGY4OC0zNDM2M2JjN2M0YzAiOnsiY3JlYXRlIjo5MDAwMDAwMDAwMDAsImRlbGV0ZSI6OTAwMDAwMDAwMDAwLCJ1cGRhdGUiOjkwMDAwMDAwMDAwMH19",
          "dependencies": [
            "data.oci_objectstorage_namespace.user_namespace",
            "module.tf_compartment.oci_identity_compartment.oci_compartment",
            "module.tf_policy_object_storage.oci_identity_policy.tf_allow_object_storage_lifecycle",
            "random_id.tf_id"
          ]
        }
      ]
    },
    {
      "module": "module.tf_object_storage",
      "mode": "managed",
      "type": "oci_objectstorage_object",
      "name": "hello-world-object-in-bucket",
      "provider": "provider[\"registry.terraform.io/hashicorp/oci\"]",
      "instances": [
        {
          "schema_version": 0,
          "attributes": {
            "bucket": "bucket-5977",
            "cache_control": null,
            "content": "98f3f7b4a55452e35d081634bce770dd",
            "content_disposition": null,
            "content_encoding": null,
            "content_language": null,
            "content_length": "12",
            "content_md5": "mPP3tKVUUuNdCBY0vOdw3Q==",
            "content_type": "text/text",
            "delete_all_object_versions": false,
            "id": "n/idmacyeswbbg/b/bucket-5977/o/my-new-object",
            "metadata": null,
            "namespace": "idmacyeswbbg",
            "object": "my-new-object",
            "source": null,
            "source_uri_details": [],
            "state": "COMPLETED",
            "timeouts": null,
            "version_id": "20eb0177-0925-46c3-90a6-72f67f41b343",
            "work_request_id": ""
          },
          "private": "eyJlMmJmYjczMC1lY2FhLTExZTYtOGY4OC0zNDM2M2JjN2M0YzAiOnsiY3JlYXRlIjo5MDAwMDAwMDAwMDAsImRlbGV0ZSI6OTAwMDAwMDAwMDAwLCJ1cGRhdGUiOjkwMDAwMDAwMDAwMH19",
          "dependencies": [
            "data.oci_objectstorage_namespace.user_namespace",
            "module.tf_compartment.oci_identity_compartment.oci_compartment",
            "module.tf_object_storage.oci_objectstorage_bucket.bucket_tf",
            "module.tf_policy_object_storage.oci_identity_policy.tf_allow_object_storage_lifecycle",
            "random_id.tf_id"
          ]
        }
      ]
    },
    {
      "mode": "managed",
      "type": "random_id",
      "name": "tf_id",
      "provider": "provider[\"registry.terraform.io/hashicorp/random\"]",
      "instances": [
        {
          "schema_version": 0,
          "attributes": {
            "b64": "F1k",
            "b64_std": "F1k=",
            "b64_url": "F1k",
            "byte_length": 2,
            "dec": "5977",
            "hex": "1759",
            "id": "F1k",
            "keepers": null,
            "prefix": null
          },
          "private": "bnVsbA=="
        }
      ]
    }
  ]
}
