{
  "version": 4,
  "terraform_version": "0.12.29",
  "serial": 171,
  "lineage": "a10b87cf-d00d-cc31-27cd-47f32c5dd03f",
  "outputs": {
    "show-hello-world-object": {
      "value": {
        "base64_encode_content": false,
        "bucket": "bucket-59727",
        "cache_control": null,
        "content": "Hello Galaxy",
        "content_disposition": null,
        "content_encoding": null,
        "content_language": null,
        "content_length": "12",
        "content_length_limit": 1048576,
        "content_md5": "mPP3tKVUUuNdCBY0vOdw3Q==",
        "content_type": "text/text",
        "id": "2020-08-12 01:34:20.10872202 +0000 UTC",
        "metadata": {},
        "namespace": "idmacyeswbbg",
        "object": "my-new-object",
        "version_id": "12675829-5ee0-4524-b36d-34bfd13a2c86"
      },
      "type": [
        "object",
        {
          "base64_encode_content": "bool",
          "bucket": "string",
          "cache_control": "string",
          "content": "string",
          "content_disposition": "string",
          "content_encoding": "string",
          "content_language": "string",
          "content_length": "string",
          "content_length_limit": "number",
          "content_md5": "string",
          "content_type": "string",
          "id": "string",
          "metadata": [
            "map",
            "string"
          ],
          "namespace": "string",
          "object": "string",
          "version_id": "string"
        }
      ]
    },
    "show-new-bucket": {
      "value": "ocid1.bucket.oc1.iad.aaaaaaaa2giuzesyr6raz7odwnez3ydw4rvetfrw675qerthkcazaidps33q",
      "type": "string"
    },
    "show-new-object": {
      "value": {
        "bucket": "bucket-59727",
        "cache_control": null,
        "content": "98f3f7b4a55452e35d081634bce770dd",
        "content_disposition": null,
        "content_encoding": null,
        "content_language": null,
        "content_length": "12",
        "content_md5": "mPP3tKVUUuNdCBY0vOdw3Q==",
        "content_type": "text/text",
        "delete_all_object_versions": false,
        "id": "n/idmacyeswbbg/b/bucket-59727/o/my-new-object",
        "metadata": null,
        "namespace": "idmacyeswbbg",
        "object": "my-new-object",
        "source": null,
        "source_uri_details": [],
        "state": "COMPLETED",
        "timeouts": null,
        "version_id": "12675829-5ee0-4524-b36d-34bfd13a2c86",
        "work_request_id": ""
      },
      "type": [
        "object",
        {
          "bucket": "string",
          "cache_control": "string",
          "content": "string",
          "content_disposition": "string",
          "content_encoding": "string",
          "content_language": "string",
          "content_length": "string",
          "content_md5": "string",
          "content_type": "string",
          "delete_all_object_versions": "bool",
          "id": "string",
          "metadata": [
            "map",
            "string"
          ],
          "namespace": "string",
          "object": "string",
          "source": "string",
          "source_uri_details": [
            "list",
            [
              "object",
              {
                "bucket": "string",
                "destination_object_if_match_etag": "string",
                "destination_object_if_none_match_etag": "string",
                "namespace": "string",
                "object": "string",
                "region": "string",
                "source_object_if_match_etag": "string",
                "source_version_id": "string"
              }
            ]
          ],
          "state": "string",
          "timeouts": [
            "object",
            {
              "create": "string",
              "delete": "string",
              "update": "string"
            }
          ],
          "version_id": "string",
          "work_request_id": "string"
        }
      ]
    }
  },
  "resources": [
    {
      "module": "module.tf_vcn",
      "mode": "data",
      "type": "oci_identity_availability_domains",
      "name": "targetRegion",
      "provider": "provider.oci",
      "instances": [
        {
          "schema_version": 0,
          "attributes": {
            "availability_domains": [
              {
                "compartment_id": "ocid1.tenancy.oc1..aaaaaaaatrgns6gs2tbfu2skeowksyjlsr4zqzlnknbiuoyhsk6dklwj6waa",
                "id": "ocid1.availabilitydomain.oc1..aaaaaaaaztunlny6ae4yw2vghp5go2zceaonwp6wiioe3tnh2vlaxjjl2n3a",
                "name": "kDFU:US-ASHBURN-AD-1"
              },
              {
                "compartment_id": "ocid1.tenancy.oc1..aaaaaaaatrgns6gs2tbfu2skeowksyjlsr4zqzlnknbiuoyhsk6dklwj6waa",
                "id": "ocid1.availabilitydomain.oc1..aaaaaaaatrwxaogr7dl4yschqtrmqrdv6uzis3mgbnomiagqrfhcb7mxsfdq",
                "name": "kDFU:US-ASHBURN-AD-2"
              },
              {
                "compartment_id": "ocid1.tenancy.oc1..aaaaaaaatrgns6gs2tbfu2skeowksyjlsr4zqzlnknbiuoyhsk6dklwj6waa",
                "id": "ocid1.availabilitydomain.oc1..aaaaaaaauvt2n7pijol7uqgdnnsoojcukrijtmcltvfwxazmitk235wyohta",
                "name": "kDFU:US-ASHBURN-AD-3"
              }
            ],
            "compartment_id": "ocid1.tenancy.oc1..aaaaaaaatrgns6gs2tbfu2skeowksyjlsr4zqzlnknbiuoyhsk6dklwj6waa",
            "filter": null,
            "id": "2020-08-12 01:34:07.617034377 +0000 UTC"
          }
        }
      ]
    },
    {
      "mode": "data",
      "type": "oci_objectstorage_namespace",
      "name": "user_namespace",
      "provider": "provider.oci",
      "instances": [
        {
          "schema_version": 0,
          "attributes": {
            "compartment_id": "ocid1.compartment.oc1..aaaaaaaafo7en2uhjb44ydrysjq674g63nffyubmoes6hayiit3dkbhgzsba",
            "id": "2020-08-12 01:34:17.445999067 +0000 UTC",
            "namespace": "idmacyeswbbg"
          }
        }
      ]
    },
    {
      "mode": "data",
      "type": "oci_objectstorage_object",
      "name": "read-hello-world-object",
      "provider": "provider.oci",
      "instances": [
        {
          "schema_version": 0,
          "attributes": {
            "base64_encode_content": false,
            "bucket": "bucket-59727",
            "cache_control": null,
            "content": "Hello Galaxy",
            "content_disposition": null,
            "content_encoding": null,
            "content_language": null,
            "content_length": "12",
            "content_length_limit": 1048576,
            "content_md5": "mPP3tKVUUuNdCBY0vOdw3Q==",
            "content_type": "text/text",
            "id": "2020-08-12 01:34:20.10872202 +0000 UTC",
            "metadata": {},
            "namespace": "idmacyeswbbg",
            "object": "my-new-object",
            "version_id": "12675829-5ee0-4524-b36d-34bfd13a2c86"
          }
        }
      ]
    },
    {
      "module": "module.tf_vcn",
      "mode": "managed",
      "type": "oci_core_internet_gateway",
      "name": "igw_tf",
      "provider": "provider.oci",
      "instances": [
        {
          "schema_version": 0,
          "attributes": {
            "compartment_id": "ocid1.compartment.oc1..aaaaaaaafo7en2uhjb44ydrysjq674g63nffyubmoes6hayiit3dkbhgzsba",
            "defined_tags": {
              "Oracle-Tags.CreatedBy": "gustavo.watanabe@gmail.com",
              "Oracle-Tags.CreatedOn": "2020-08-12T01:34:23.284Z"
            },
            "display_name": "tf_igw",
            "enabled": true,
            "freeform_tags": {},
            "id": "ocid1.internetgateway.oc1.iad.aaaaaaaaoz6j4v3uydlaqxligkxnprbhcejp2455g2rtjf6inbvorzgmikxa",
            "state": "AVAILABLE",
            "time_created": "2020-08-12 01:34:23.302 +0000 UTC",
            "timeouts": null,
            "vcn_id": "ocid1.vcn.oc1.iad.amaaaaaaopl24pqaxkyrm5ucltb4yiggo7eh7yows2mgj44svnrvue46ljbq"
          },
          "private": "eyJlMmJmYjczMC1lY2FhLTExZTYtOGY4OC0zNDM2M2JjN2M0YzAiOnsiY3JlYXRlIjo5MDAwMDAwMDAwMDAsImRlbGV0ZSI6OTAwMDAwMDAwMDAwLCJ1cGRhdGUiOjkwMDAwMDAwMDAwMH19",
          "dependencies": [
            "module.tf_compartment.oci_identity_compartment.tf_training_compartment",
            "module.tf_vcn.oci_core_virtual_network.vcn_tf"
          ]
        }
      ]
    },
    {
      "module": "module.tf_vcn",
      "mode": "managed",
      "type": "oci_core_route_table",
      "name": "rt1_tf",
      "provider": "provider.oci",
      "instances": [
        {
          "schema_version": 0,
          "attributes": {
            "compartment_id": "ocid1.compartment.oc1..aaaaaaaafo7en2uhjb44ydrysjq674g63nffyubmoes6hayiit3dkbhgzsba",
            "defined_tags": {
              "Oracle-Tags.CreatedBy": "gustavo.watanabe@gmail.com",
              "Oracle-Tags.CreatedOn": "2020-08-12T01:34:24.114Z"
            },
            "display_name": "tf_rt1",
            "freeform_tags": {},
            "id": "ocid1.routetable.oc1.iad.aaaaaaaassoxisok5yixchbrlidqnxffkijmkoqnkki7cnnb7ps2hkxjqqaq",
            "route_rules": [
              {
                "cidr_block": "",
                "description": "",
                "destination": "0.0.0.0/0",
                "destination_type": "CIDR_BLOCK",
                "network_entity_id": "ocid1.internetgateway.oc1.iad.aaaaaaaaoz6j4v3uydlaqxligkxnprbhcejp2455g2rtjf6inbvorzgmikxa"
              }
            ],
            "state": "AVAILABLE",
            "time_created": "2020-08-12 01:34:24.155 +0000 UTC",
            "timeouts": null,
            "vcn_id": "ocid1.vcn.oc1.iad.amaaaaaaopl24pqaxkyrm5ucltb4yiggo7eh7yows2mgj44svnrvue46ljbq"
          },
          "private": "eyJlMmJmYjczMC1lY2FhLTExZTYtOGY4OC0zNDM2M2JjN2M0YzAiOnsiY3JlYXRlIjo5MDAwMDAwMDAwMDAsImRlbGV0ZSI6OTAwMDAwMDAwMDAwLCJ1cGRhdGUiOjkwMDAwMDAwMDAwMH19",
          "dependencies": [
            "module.tf_compartment.oci_identity_compartment.tf_training_compartment",
            "module.tf_vcn.oci_core_internet_gateway.igw_tf",
            "module.tf_vcn.oci_core_virtual_network.vcn_tf"
          ]
        }
      ]
    },
    {
      "module": "module.tf_vcn",
      "mode": "managed",
      "type": "oci_core_security_list",
      "name": "sl_w",
      "provider": "provider.oci",
      "instances": [
        {
          "schema_version": 0,
          "attributes": {
            "compartment_id": "ocid1.compartment.oc1..aaaaaaaafo7en2uhjb44ydrysjq674g63nffyubmoes6hayiit3dkbhgzsba",
            "defined_tags": {
              "Oracle-Tags.CreatedBy": "gustavo.watanabe@gmail.com",
              "Oracle-Tags.CreatedOn": "2020-08-12T01:34:23.567Z"
            },
            "display_name": "sl-loadbalancer",
            "egress_security_rules": [
              {
                "description": "",
                "destination": "0.0.0.0/0",
                "destination_type": "CIDR_BLOCK",
                "icmp_options": [],
                "protocol": "all",
                "stateless": false,
                "tcp_options": [],
                "udp_options": []
              }
            ],
            "freeform_tags": {},
            "id": "ocid1.securitylist.oc1.iad.aaaaaaaa3r5ul6mjjxfb52ijjmdwm4vkvj4rcju2p7vub3nwqgibx77k4sqa",
            "ingress_security_rules": [
              {
                "description": "",
                "icmp_options": [
                  {
                    "code": -1,
                    "type": 0
                  }
                ],
                "protocol": "1",
                "source": "0.0.0.0/0",
                "source_type": "CIDR_BLOCK",
                "stateless": false,
                "tcp_options": [],
                "udp_options": []
              },
              {
                "description": "",
                "icmp_options": [
                  {
                    "code": -1,
                    "type": 8
                  }
                ],
                "protocol": "1",
                "source": "0.0.0.0/0",
                "source_type": "CIDR_BLOCK",
                "stateless": false,
                "tcp_options": [],
                "udp_options": []
              },
              {
                "description": "",
                "icmp_options": [
                  {
                    "code": 4,
                    "type": 3
                  }
                ],
                "protocol": "1",
                "source": "0.0.0.0/0",
                "source_type": "CIDR_BLOCK",
                "stateless": false,
                "tcp_options": [],
                "udp_options": []
              },
              {
                "description": "",
                "icmp_options": [],
                "protocol": "6",
                "source": "0.0.0.0/0",
                "source_type": "CIDR_BLOCK",
                "stateless": false,
                "tcp_options": [
                  {
                    "max": 22,
                    "min": 22,
                    "source_port_range": []
                  }
                ],
                "udp_options": []
              },
              {
                "description": "",
                "icmp_options": [],
                "protocol": "6",
                "source": "0.0.0.0/0",
                "source_type": "CIDR_BLOCK",
                "stateless": false,
                "tcp_options": [
                  {
                    "max": 443,
                    "min": 443,
                    "source_port_range": []
                  }
                ],
                "udp_options": []
              },
              {
                "description": "",
                "icmp_options": [],
                "protocol": "6",
                "source": "0.0.0.0/0",
                "source_type": "CIDR_BLOCK",
                "stateless": false,
                "tcp_options": [
                  {
                    "max": 80,
                    "min": 80,
                    "source_port_range": []
                  }
                ],
                "udp_options": []
              }
            ],
            "state": "AVAILABLE",
            "time_created": "2020-08-12 01:34:23.578 +0000 UTC",
            "timeouts": null,
            "vcn_id": "ocid1.vcn.oc1.iad.amaaaaaaopl24pqaxkyrm5ucltb4yiggo7eh7yows2mgj44svnrvue46ljbq"
          },
          "private": "eyJlMmJmYjczMC1lY2FhLTExZTYtOGY4OC0zNDM2M2JjN2M0YzAiOnsiY3JlYXRlIjo5MDAwMDAwMDAwMDAsImRlbGV0ZSI6OTAwMDAwMDAwMDAwLCJ1cGRhdGUiOjkwMDAwMDAwMDAwMH19",
          "dependencies": [
            "module.tf_compartment.oci_identity_compartment.tf_training_compartment",
            "module.tf_vcn.oci_core_virtual_network.vcn_tf"
          ]
        }
      ]
    },
    {
      "module": "module.tf_vcn",
      "mode": "managed",
      "type": "oci_core_subnet",
      "name": "subnet1_tf",
      "provider": "provider.oci",
      "instances": [
        {
          "schema_version": 0,
          "attributes": {
            "availability_domain": "kDFU:US-ASHBURN-AD-1",
            "cidr_block": "10.10.10.0/24",
            "compartment_id": "ocid1.compartment.oc1..aaaaaaaafo7en2uhjb44ydrysjq674g63nffyubmoes6hayiit3dkbhgzsba",
            "defined_tags": {
              "Oracle-Tags.CreatedBy": "gustavo.watanabe@gmail.com",
              "Oracle-Tags.CreatedOn": "2020-08-12T01:34:24.803Z"
            },
            "dhcp_options_id": "ocid1.dhcpoptions.oc1.iad.aaaaaaaapf6cg32eor3hyzofn3s2gvuv6dk6vts5m5vpju4u2nljbcukm2fq",
            "display_name": "tf_subnet1-AD1",
            "dns_label": null,
            "freeform_tags": {},
            "id": "ocid1.subnet.oc1.iad.aaaaaaaav7odkzzb5jhf23czdcubofdfgdgm4i6v5ofwvepn3fpwtltpbvyq",
            "ipv6cidr_block": null,
            "ipv6public_cidr_block": null,
            "ipv6virtual_router_ip": null,
            "prohibit_public_ip_on_vnic": false,
            "route_table_id": "ocid1.routetable.oc1.iad.aaaaaaaassoxisok5yixchbrlidqnxffkijmkoqnkki7cnnb7ps2hkxjqqaq",
            "security_list_ids": [
              "ocid1.securitylist.oc1.iad.aaaaaaaa3r5ul6mjjxfb52ijjmdwm4vkvj4rcju2p7vub3nwqgibx77k4sqa"
            ],
            "state": "AVAILABLE",
            "subnet_domain_name": null,
            "time_created": "2020-08-12 01:34:24.839 +0000 UTC",
            "timeouts": null,
            "vcn_id": "ocid1.vcn.oc1.iad.amaaaaaaopl24pqaxkyrm5ucltb4yiggo7eh7yows2mgj44svnrvue46ljbq",
            "virtual_router_ip": "10.10.10.1",
            "virtual_router_mac": "00:00:17:73:30:05"
          },
          "private": "eyJlMmJmYjczMC1lY2FhLTExZTYtOGY4OC0zNDM2M2JjN2M0YzAiOnsiY3JlYXRlIjo5MDAwMDAwMDAwMDAsImRlbGV0ZSI6OTAwMDAwMDAwMDAwLCJ1cGRhdGUiOjkwMDAwMDAwMDAwMH19",
          "dependencies": [
            "module.tf_compartment.oci_identity_compartment.tf_training_compartment",
            "module.tf_vcn.oci_core_internet_gateway.igw_tf",
            "module.tf_vcn.oci_core_route_table.rt1_tf",
            "module.tf_vcn.oci_core_security_list.sl_w",
            "module.tf_vcn.oci_core_virtual_network.vcn_tf"
          ]
        }
      ]
    },
    {
      "module": "module.tf_vcn",
      "mode": "managed",
      "type": "oci_core_subnet",
      "name": "subnet2_tf",
      "provider": "provider.oci",
      "instances": [
        {
          "schema_version": 0,
          "attributes": {
            "availability_domain": "kDFU:US-ASHBURN-AD-2",
            "cidr_block": "10.10.15.0/24",
            "compartment_id": "ocid1.compartment.oc1..aaaaaaaafo7en2uhjb44ydrysjq674g63nffyubmoes6hayiit3dkbhgzsba",
            "defined_tags": {
              "Oracle-Tags.CreatedBy": "gustavo.watanabe@gmail.com",
              "Oracle-Tags.CreatedOn": "2020-08-12T01:34:24.804Z"
            },
            "dhcp_options_id": "ocid1.dhcpoptions.oc1.iad.aaaaaaaapf6cg32eor3hyzofn3s2gvuv6dk6vts5m5vpju4u2nljbcukm2fq",
            "display_name": "tf_subnet2-AD2",
            "dns_label": null,
            "freeform_tags": {},
            "id": "ocid1.subnet.oc1.iad.aaaaaaaashj625pvx2gs4xytoh4yhpi62dvfgswf6bium5f2zchiopstr7uq",
            "ipv6cidr_block": null,
            "ipv6public_cidr_block": null,
            "ipv6virtual_router_ip": null,
            "prohibit_public_ip_on_vnic": false,
            "route_table_id": "ocid1.routetable.oc1.iad.aaaaaaaassoxisok5yixchbrlidqnxffkijmkoqnkki7cnnb7ps2hkxjqqaq",
            "security_list_ids": [
              "ocid1.securitylist.oc1.iad.aaaaaaaa3r5ul6mjjxfb52ijjmdwm4vkvj4rcju2p7vub3nwqgibx77k4sqa"
            ],
            "state": "AVAILABLE",
            "subnet_domain_name": null,
            "time_created": "2020-08-12 01:34:25.181 +0000 UTC",
            "timeouts": null,
            "vcn_id": "ocid1.vcn.oc1.iad.amaaaaaaopl24pqaxkyrm5ucltb4yiggo7eh7yows2mgj44svnrvue46ljbq",
            "virtual_router_ip": "10.10.15.1",
            "virtual_router_mac": "00:00:17:73:30:05"
          },
          "private": "eyJlMmJmYjczMC1lY2FhLTExZTYtOGY4OC0zNDM2M2JjN2M0YzAiOnsiY3JlYXRlIjo5MDAwMDAwMDAwMDAsImRlbGV0ZSI6OTAwMDAwMDAwMDAwLCJ1cGRhdGUiOjkwMDAwMDAwMDAwMH19",
          "dependencies": [
            "module.tf_compartment.oci_identity_compartment.tf_training_compartment",
            "module.tf_vcn.oci_core_internet_gateway.igw_tf",
            "module.tf_vcn.oci_core_route_table.rt1_tf",
            "module.tf_vcn.oci_core_security_list.sl_w",
            "module.tf_vcn.oci_core_virtual_network.vcn_tf"
          ]
        }
      ]
    },
    {
      "module": "module.tf_vcn",
      "mode": "managed",
      "type": "oci_core_virtual_network",
      "name": "vcn_tf",
      "provider": "provider.oci",
      "instances": [
        {
          "schema_version": 0,
          "attributes": {
            "cidr_block": "10.10.0.0/16",
            "compartment_id": "ocid1.compartment.oc1..aaaaaaaafo7en2uhjb44ydrysjq674g63nffyubmoes6hayiit3dkbhgzsba",
            "default_dhcp_options_id": "ocid1.dhcpoptions.oc1.iad.aaaaaaaapf6cg32eor3hyzofn3s2gvuv6dk6vts5m5vpju4u2nljbcukm2fq",
            "default_route_table_id": "ocid1.routetable.oc1.iad.aaaaaaaa45pbvdz5anb6b5kfb6ugo4pvug3ytulzfkh2albwayp7zc4tbydq",
            "default_security_list_id": "ocid1.securitylist.oc1.iad.aaaaaaaazg4zq5ichuh35zegkqjmx7qotp52b2vifofviuz67py3i6zwljpa",
            "defined_tags": {
              "Oracle-Tags.CreatedBy": "gustavo.watanabe@gmail.com",
              "Oracle-Tags.CreatedOn": "2020-08-12T01:34:17.551Z"
            },
            "display_name": "tf_vcn_webserver",
            "dns_label": "tfvcn",
            "freeform_tags": {},
            "id": "ocid1.vcn.oc1.iad.amaaaaaaopl24pqaxkyrm5ucltb4yiggo7eh7yows2mgj44svnrvue46ljbq",
            "ipv6cidr_block": null,
            "ipv6public_cidr_block": null,
            "is_ipv6enabled": null,
            "state": "AVAILABLE",
            "time_created": "2020-08-12 01:34:17.555 +0000 UTC",
            "timeouts": null,
            "vcn_domain_name": "tfvcn.oraclevcn.com"
          },
          "private": "eyJlMmJmYjczMC1lY2FhLTExZTYtOGY4OC0zNDM2M2JjN2M0YzAiOnsiY3JlYXRlIjo5MDAwMDAwMDAwMDAsImRlbGV0ZSI6OTAwMDAwMDAwMDAwLCJ1cGRhdGUiOjkwMDAwMDAwMDAwMH19",
          "dependencies": [
            "module.tf_compartment.oci_identity_compartment.tf_training_compartment"
          ]
        }
      ]
    },
    {
      "module": "module.tf_compartment",
      "mode": "managed",
      "type": "oci_identity_compartment",
      "name": "tf_training_compartment",
      "provider": "provider.oci",
      "instances": [
        {
          "schema_version": 0,
          "attributes": {
            "compartment_id": "ocid1.compartment.oc1..aaaaaaaabyabdq4b7oyzojfg2mywq3aanvytk5pclfmxjxpalakbjonplgpa",
            "defined_tags": {
              "Oracle-Tags.CreatedBy": "gustavo.watanabe@gmail.com",
              "Oracle-Tags.CreatedOn": "2020-08-12T01:33:24.524Z"
            },
            "description": "Terraform Training Compartment",
            "enable_delete": null,
            "freeform_tags": {},
            "id": "ocid1.compartment.oc1..aaaaaaaafo7en2uhjb44ydrysjq674g63nffyubmoes6hayiit3dkbhgzsba",
            "inactive_state": null,
            "is_accessible": true,
            "name": "tf_new_training_compartment",
            "state": "ACTIVE",
            "time_created": "2020-08-12 01:33:24.702 +0000 UTC",
            "timeouts": null
          },
          "private": "eyJlMmJmYjczMC1lY2FhLTExZTYtOGY4OC0zNDM2M2JjN2M0YzAiOnsiZGVsZXRlIjo1NDAwMDAwMDAwMDAwfX0="
        }
      ]
    },
    {
      "module": "module.tf_policy_object_storage",
      "mode": "managed",
      "type": "oci_identity_policy",
      "name": "tf_allow_object_storage_lifecycle",
      "provider": "provider.oci",
      "instances": [
        {
          "schema_version": 0,
          "attributes": {
            "ETag": "3d54a6f84f229d3a0f404b614c0873d0403ada69",
            "compartment_id": "ocid1.compartment.oc1..aaaaaaaafo7en2uhjb44ydrysjq674g63nffyubmoes6hayiit3dkbhgzsba",
            "defined_tags": {
              "Oracle-Tags.CreatedBy": "gustavo.watanabe@gmail.com",
              "Oracle-Tags.CreatedOn": "2020-08-12T01:34:16.740Z"
            },
            "description": "policy created by terraform for training",
            "freeform_tags": {
              "Project": "Terraform Training"
            },
            "id": "ocid1.policy.oc1..aaaaaaaaip5rsrii2g3gxselmszfvcwhbfsyoveatoc6ha7axasca5jhe5wq",
            "inactive_state": null,
            "lastUpdateETag": "3d54a6f84f229d3a0f404b614c0873d0403ada69",
            "name": "terraform-object-family-59727",
            "policyHash": "81f029940b394da71085397268523935",
            "state": "ACTIVE",
            "statements": [
              "Allow service objectstorage-us-ashburn-1 to manage object-family in compartment id ocid1.compartment.oc1..aaaaaaaafo7en2uhjb44ydrysjq674g63nffyubmoes6hayiit3dkbhgzsba"
            ],
            "time_created": "2020-08-12 01:34:16.755 +0000 UTC",
            "timeouts": null,
            "version_date": null
          },
          "private": "eyJlMmJmYjczMC1lY2FhLTExZTYtOGY4OC0zNDM2M2JjN2M0YzAiOnsiY3JlYXRlIjo5MDAwMDAwMDAwMDAsImRlbGV0ZSI6OTAwMDAwMDAwMDAwLCJ1cGRhdGUiOjkwMDAwMDAwMDAwMH19",
          "dependencies": [
            "module.tf_compartment.oci_identity_compartment.tf_training_compartment",
            "random_id.tf_id"
          ]
        }
      ]
    },
    {
      "mode": "managed",
      "type": "oci_objectstorage_bucket",
      "name": "bucket_tf",
      "provider": "provider.oci",
      "instances": [
        {
          "schema_version": 0,
          "attributes": {
            "access_type": "NoPublicAccess",
            "approximate_count": "0",
            "approximate_size": "0",
            "bucket_id": "ocid1.bucket.oc1.iad.aaaaaaaa2giuzesyr6raz7odwnez3ydw4rvetfrw675qerthkcazaidps33q",
            "compartment_id": "ocid1.compartment.oc1..aaaaaaaafo7en2uhjb44ydrysjq674g63nffyubmoes6hayiit3dkbhgzsba",
            "created_by": "ocid1.user.oc1..aaaaaaaapjvhldjzw7yyevexzbewgvsxeauzwevk3ifgopwanlnezwslf4ga",
            "defined_tags": {
              "Oracle-Tags.CreatedBy": "gustavo.watanabe@gmail.com",
              "Oracle-Tags.CreatedOn": "2020-08-12T01:34:17.716Z"
            },
            "etag": "b26eb522-4463-41d7-ab86-25c426b48323",
            "freeform_tags": {
              "Project": "Terraform Training"
            },
            "id": "n/idmacyeswbbg/b/bucket-59727",
            "is_read_only": false,
            "kms_key_id": null,
            "metadata": null,
            "name": "bucket-59727",
            "namespace": "idmacyeswbbg",
            "object_events_enabled": false,
            "object_lifecycle_policy_etag": null,
            "replication_enabled": false,
            "retention_rules": [],
            "storage_tier": "Standard",
            "time_created": "2020-08-12 01:34:17.73 +0000 UTC",
            "timeouts": null,
            "versioning": "Disabled"
          },
          "private": "eyJlMmJmYjczMC1lY2FhLTExZTYtOGY4OC0zNDM2M2JjN2M0YzAiOnsiY3JlYXRlIjo5MDAwMDAwMDAwMDAsImRlbGV0ZSI6OTAwMDAwMDAwMDAwLCJ1cGRhdGUiOjkwMDAwMDAwMDAwMH19",
          "dependencies": [
            "module.tf_compartment.oci_identity_compartment.tf_training_compartment",
            "module.tf_policy_object_storage.oci_identity_policy.tf_allow_object_storage_lifecycle",
            "random_id.tf_id"
          ]
        }
      ]
    },
    {
      "mode": "managed",
      "type": "oci_objectstorage_object",
      "name": "hello-world-object-in-bucket",
      "provider": "provider.oci",
      "instances": [
        {
          "schema_version": 0,
          "attributes": {
            "bucket": "bucket-59727",
            "cache_control": null,
            "content": "98f3f7b4a55452e35d081634bce770dd",
            "content_disposition": null,
            "content_encoding": null,
            "content_language": null,
            "content_length": "12",
            "content_md5": "mPP3tKVUUuNdCBY0vOdw3Q==",
            "content_type": "text/text",
            "delete_all_object_versions": false,
            "id": "n/idmacyeswbbg/b/bucket-59727/o/my-new-object",
            "metadata": null,
            "namespace": "idmacyeswbbg",
            "object": "my-new-object",
            "source": null,
            "source_uri_details": [],
            "state": "COMPLETED",
            "timeouts": null,
            "version_id": "12675829-5ee0-4524-b36d-34bfd13a2c86",
            "work_request_id": ""
          },
          "private": "eyJlMmJmYjczMC1lY2FhLTExZTYtOGY4OC0zNDM2M2JjN2M0YzAiOnsiY3JlYXRlIjo5MDAwMDAwMDAwMDAsImRlbGV0ZSI6OTAwMDAwMDAwMDAwLCJ1cGRhdGUiOjkwMDAwMDAwMDAwMH19",
          "dependencies": [
            "module.tf_compartment.oci_identity_compartment.tf_training_compartment",
            "module.tf_policy_object_storage.oci_identity_policy.tf_allow_object_storage_lifecycle",
            "oci_objectstorage_bucket.bucket_tf",
            "random_id.tf_id"
          ]
        }
      ]
    },
    {
      "mode": "managed",
      "type": "random_id",
      "name": "tf_id",
      "provider": "provider.random",
      "instances": [
        {
          "schema_version": 0,
          "attributes": {
            "b64": "6U8",
            "b64_std": "6U8=",
            "b64_url": "6U8",
            "byte_length": 2,
            "dec": "59727",
            "hex": "e94f",
            "id": "6U8",
            "keepers": null,
            "prefix": null
          },
          "private": "bnVsbA=="
        }
      ]
    }
  ]
}
