{
  "version": 4,
  "terraform_version": "0.12.29",
  "serial": 56,
  "lineage": "8056c22b-2a36-fd0d-4835-3f6dfdaca826",
  "outputs": {
    "ADprint": {
      "value": "kDFU:US-ASHBURN-AD-1",
      "type": "string"
    },
    "show-hello-world-object": {
      "value": {
        "base64_encode_content": false,
        "bucket": "bucket-39620",
        "cache_control": null,
        "content": "Hello Galaxy",
        "content_disposition": null,
        "content_encoding": null,
        "content_language": null,
        "content_length": "12",
        "content_length_limit": 1048576,
        "content_md5": "mPP3tKVUUuNdCBY0vOdw3Q==",
        "content_type": "text/text",
        "id": "2020-08-06 21:20:22.350503786 +0000 UTC",
        "metadata": {},
        "namespace": "idmacyeswbbg",
        "object": "my-new-object",
        "version_id": "f86e80c6-c9b1-4bbc-9939-83afd2637485"
      },
      "type": [
        "object",
        {
          "base64_encode_content": "bool",
          "bucket": "string",
          "cache_control": "string",
          "content": "string",
          "content_disposition": "string",
          "content_encoding": "string",
          "content_language": "string",
          "content_length": "string",
          "content_length_limit": "number",
          "content_md5": "string",
          "content_type": "string",
          "id": "string",
          "metadata": [
            "map",
            "string"
          ],
          "namespace": "string",
          "object": "string",
          "version_id": "string"
        }
      ]
    },
    "show-new-bucket": {
      "value": "ocid1.bucket.oc1.iad.aaaaaaaabj5kmkretgsnyeqxx5lcr23yh4fyvqj7tu27dttv3tldwzcyvjua",
      "type": "string"
    },
    "show-new-object": {
      "value": {
        "bucket": "bucket-39620",
        "cache_control": null,
        "content": "98f3f7b4a55452e35d081634bce770dd",
        "content_disposition": null,
        "content_encoding": null,
        "content_language": null,
        "content_length": "12",
        "content_md5": "mPP3tKVUUuNdCBY0vOdw3Q==",
        "content_type": "text/text",
        "delete_all_object_versions": false,
        "id": "n/idmacyeswbbg/b/bucket-39620/o/my-new-object",
        "metadata": null,
        "namespace": "idmacyeswbbg",
        "object": "my-new-object",
        "source": null,
        "source_uri_details": [],
        "state": "COMPLETED",
        "timeouts": null,
        "version_id": "f86e80c6-c9b1-4bbc-9939-83afd2637485",
        "work_request_id": ""
      },
      "type": [
        "object",
        {
          "bucket": "string",
          "cache_control": "string",
          "content": "string",
          "content_disposition": "string",
          "content_encoding": "string",
          "content_language": "string",
          "content_length": "string",
          "content_md5": "string",
          "content_type": "string",
          "delete_all_object_versions": "bool",
          "id": "string",
          "metadata": [
            "map",
            "string"
          ],
          "namespace": "string",
          "object": "string",
          "source": "string",
          "source_uri_details": [
            "list",
            [
              "object",
              {
                "bucket": "string",
                "destination_object_if_match_etag": "string",
                "destination_object_if_none_match_etag": "string",
                "namespace": "string",
                "object": "string",
                "region": "string",
                "source_object_if_match_etag": "string",
                "source_version_id": "string"
              }
            ]
          ],
          "state": "string",
          "timeouts": [
            "object",
            {
              "create": "string",
              "delete": "string",
              "update": "string"
            }
          ],
          "version_id": "string",
          "work_request_id": "string"
        }
      ]
    }
  },
  "resources": [
    {
      "mode": "data",
      "type": "oci_identity_availability_domains",
      "name": "ashburn",
      "provider": "provider.oci",
      "instances": [
        {
          "schema_version": 0,
          "attributes": {
            "availability_domains": [
              {
                "compartment_id": "ocid1.tenancy.oc1..aaaaaaaatrgns6gs2tbfu2skeowksyjlsr4zqzlnknbiuoyhsk6dklwj6waa",
                "id": "ocid1.availabilitydomain.oc1..aaaaaaaaztunlny6ae4yw2vghp5go2zceaonwp6wiioe3tnh2vlaxjjl2n3a",
                "name": "kDFU:US-ASHBURN-AD-1"
              },
              {
                "compartment_id": "ocid1.tenancy.oc1..aaaaaaaatrgns6gs2tbfu2skeowksyjlsr4zqzlnknbiuoyhsk6dklwj6waa",
                "id": "ocid1.availabilitydomain.oc1..aaaaaaaatrwxaogr7dl4yschqtrmqrdv6uzis3mgbnomiagqrfhcb7mxsfdq",
                "name": "kDFU:US-ASHBURN-AD-2"
              },
              {
                "compartment_id": "ocid1.tenancy.oc1..aaaaaaaatrgns6gs2tbfu2skeowksyjlsr4zqzlnknbiuoyhsk6dklwj6waa",
                "id": "ocid1.availabilitydomain.oc1..aaaaaaaauvt2n7pijol7uqgdnnsoojcukrijtmcltvfwxazmitk235wyohta",
                "name": "kDFU:US-ASHBURN-AD-3"
              }
            ],
            "compartment_id": "ocid1.tenancy.oc1..aaaaaaaatrgns6gs2tbfu2skeowksyjlsr4zqzlnknbiuoyhsk6dklwj6waa",
            "filter": null,
            "id": "2020-08-06 21:20:12.079376894 +0000 UTC"
          }
        }
      ]
    },
    {
      "mode": "data",
      "type": "oci_objectstorage_namespace",
      "name": "user_namespace",
      "provider": "provider.oci",
      "instances": [
        {
          "schema_version": 0,
          "attributes": {
            "compartment_id": "ocid1.compartment.oc1..aaaaaaaabyabdq4b7oyzojfg2mywq3aanvytk5pclfmxjxpalakbjonplgpa",
            "id": "2020-08-06 21:20:12.078585124 +0000 UTC",
            "namespace": "idmacyeswbbg"
          }
        }
      ]
    },
    {
      "mode": "data",
      "type": "oci_objectstorage_object",
      "name": "read-hello-world-object",
      "provider": "provider.oci",
      "instances": [
        {
          "schema_version": 0,
          "attributes": {
            "base64_encode_content": false,
            "bucket": "bucket-39620",
            "cache_control": null,
            "content": "Hello Galaxy",
            "content_disposition": null,
            "content_encoding": null,
            "content_language": null,
            "content_length": "12",
            "content_length_limit": 1048576,
            "content_md5": "mPP3tKVUUuNdCBY0vOdw3Q==",
            "content_type": "text/text",
            "id": "2020-08-06 21:20:22.350503786 +0000 UTC",
            "metadata": {},
            "namespace": "idmacyeswbbg",
            "object": "my-new-object",
            "version_id": "f86e80c6-c9b1-4bbc-9939-83afd2637485"
          }
        }
      ]
    },
    {
      "mode": "managed",
      "type": "oci_core_internet_gateway",
      "name": "igw",
      "provider": "provider.oci",
      "instances": [
        {
          "schema_version": 0,
          "attributes": {
            "compartment_id": "ocid1.compartment.oc1..aaaaaaaabyabdq4b7oyzojfg2mywq3aanvytk5pclfmxjxpalakbjonplgpa",
            "defined_tags": {
              "Oracle-Tags.CreatedBy": "gustavo.watanabe@gmail.com",
              "Oracle-Tags.CreatedOn": "2020-08-06T21:11:50.049Z"
            },
            "display_name": "igw",
            "enabled": true,
            "freeform_tags": {},
            "id": "ocid1.internetgateway.oc1.iad.aaaaaaaafmpwzp2hspwt5rz5qkterhisl7dt7hbczqapcajbbtxzpo2zjbkq",
            "state": "AVAILABLE",
            "time_created": "2020-08-06 21:11:50.083 +0000 UTC",
            "timeouts": null,
            "vcn_id": "ocid1.vcn.oc1.iad.amaaaaaaopl24pqao33ko7zjh6p5isan6cbg3htleagnsosuzho55h4xrvna"
          },
          "private": "eyJlMmJmYjczMC1lY2FhLTExZTYtOGY4OC0zNDM2M2JjN2M0YzAiOnsiY3JlYXRlIjo5MDAwMDAwMDAwMDAsImRlbGV0ZSI6OTAwMDAwMDAwMDAwLCJ1cGRhdGUiOjkwMDAwMDAwMDAwMH19",
          "dependencies": [
            "oci_core_virtual_network.vcn_tf"
          ]
        }
      ]
    },
    {
      "mode": "managed",
      "type": "oci_core_route_table",
      "name": "rt1",
      "provider": "provider.oci",
      "instances": [
        {
          "schema_version": 0,
          "attributes": {
            "compartment_id": "ocid1.compartment.oc1..aaaaaaaabyabdq4b7oyzojfg2mywq3aanvytk5pclfmxjxpalakbjonplgpa",
            "defined_tags": {
              "Oracle-Tags.CreatedBy": "gustavo.watanabe@gmail.com",
              "Oracle-Tags.CreatedOn": "2020-08-06T21:11:51.021Z"
            },
            "display_name": "rt1",
            "freeform_tags": {},
            "id": "ocid1.routetable.oc1.iad.aaaaaaaa34dagrcqfpzxavof5sy3hp7wgjm3nru3jdaxpkvsqsqcjve5cjja",
            "route_rules": [
              {
                "cidr_block": "",
                "description": "",
                "destination": "0.0.0.0/0",
                "destination_type": "CIDR_BLOCK",
                "network_entity_id": "ocid1.internetgateway.oc1.iad.aaaaaaaafmpwzp2hspwt5rz5qkterhisl7dt7hbczqapcajbbtxzpo2zjbkq"
              }
            ],
            "state": "AVAILABLE",
            "time_created": "2020-08-06 21:11:51.057 +0000 UTC",
            "timeouts": null,
            "vcn_id": "ocid1.vcn.oc1.iad.amaaaaaaopl24pqao33ko7zjh6p5isan6cbg3htleagnsosuzho55h4xrvna"
          },
          "private": "eyJlMmJmYjczMC1lY2FhLTExZTYtOGY4OC0zNDM2M2JjN2M0YzAiOnsiY3JlYXRlIjo5MDAwMDAwMDAwMDAsImRlbGV0ZSI6OTAwMDAwMDAwMDAwLCJ1cGRhdGUiOjkwMDAwMDAwMDAwMH19",
          "dependencies": [
            "oci_core_internet_gateway.igw",
            "oci_core_virtual_network.vcn_tf"
          ]
        }
      ]
    },
    {
      "mode": "managed",
      "type": "oci_core_security_list",
      "name": "sl_w",
      "provider": "provider.oci",
      "instances": [
        {
          "schema_version": 0,
          "attributes": {
            "compartment_id": "ocid1.compartment.oc1..aaaaaaaabyabdq4b7oyzojfg2mywq3aanvytk5pclfmxjxpalakbjonplgpa",
            "defined_tags": {
              "Oracle-Tags.CreatedBy": "gustavo.watanabe@gmail.com",
              "Oracle-Tags.CreatedOn": "2020-08-06T21:11:50.370Z"
            },
            "display_name": "sl-loadbalancer",
            "egress_security_rules": [
              {
                "description": "",
                "destination": "0.0.0.0/0",
                "destination_type": "CIDR_BLOCK",
                "icmp_options": [],
                "protocol": "all",
                "stateless": false,
                "tcp_options": [],
                "udp_options": []
              }
            ],
            "freeform_tags": {},
            "id": "ocid1.securitylist.oc1.iad.aaaaaaaauer36pdmq47gptx34zckjjrryprym4z7ybutfigdcxvoi4jo7fma",
            "ingress_security_rules": [
              {
                "description": "",
                "icmp_options": [
                  {
                    "code": -1,
                    "type": 0
                  }
                ],
                "protocol": "1",
                "source": "0.0.0.0/0",
                "source_type": "CIDR_BLOCK",
                "stateless": false,
                "tcp_options": [],
                "udp_options": []
              },
              {
                "description": "",
                "icmp_options": [
                  {
                    "code": -1,
                    "type": 8
                  }
                ],
                "protocol": "1",
                "source": "0.0.0.0/0",
                "source_type": "CIDR_BLOCK",
                "stateless": false,
                "tcp_options": [],
                "udp_options": []
              },
              {
                "description": "",
                "icmp_options": [
                  {
                    "code": 4,
                    "type": 3
                  }
                ],
                "protocol": "1",
                "source": "0.0.0.0/0",
                "source_type": "CIDR_BLOCK",
                "stateless": false,
                "tcp_options": [],
                "udp_options": []
              },
              {
                "description": "",
                "icmp_options": [],
                "protocol": "6",
                "source": "0.0.0.0/0",
                "source_type": "CIDR_BLOCK",
                "stateless": false,
                "tcp_options": [
                  {
                    "max": 22,
                    "min": 22,
                    "source_port_range": []
                  }
                ],
                "udp_options": []
              },
              {
                "description": "",
                "icmp_options": [],
                "protocol": "6",
                "source": "0.0.0.0/0",
                "source_type": "CIDR_BLOCK",
                "stateless": false,
                "tcp_options": [
                  {
                    "max": 443,
                    "min": 443,
                    "source_port_range": []
                  }
                ],
                "udp_options": []
              },
              {
                "description": "",
                "icmp_options": [],
                "protocol": "6",
                "source": "0.0.0.0/0",
                "source_type": "CIDR_BLOCK",
                "stateless": false,
                "tcp_options": [
                  {
                    "max": 80,
                    "min": 80,
                    "source_port_range": []
                  }
                ],
                "udp_options": []
              }
            ],
            "state": "AVAILABLE",
            "time_created": "2020-08-06 21:11:50.379 +0000 UTC",
            "timeouts": null,
            "vcn_id": "ocid1.vcn.oc1.iad.amaaaaaaopl24pqao33ko7zjh6p5isan6cbg3htleagnsosuzho55h4xrvna"
          },
          "private": "eyJlMmJmYjczMC1lY2FhLTExZTYtOGY4OC0zNDM2M2JjN2M0YzAiOnsiY3JlYXRlIjo5MDAwMDAwMDAwMDAsImRlbGV0ZSI6OTAwMDAwMDAwMDAwLCJ1cGRhdGUiOjkwMDAwMDAwMDAwMH19",
          "dependencies": [
            "oci_core_virtual_network.vcn_tf"
          ]
        }
      ]
    },
    {
      "mode": "managed",
      "type": "oci_core_subnet",
      "name": "subnet1",
      "provider": "provider.oci",
      "instances": [
        {
          "schema_version": 0,
          "attributes": {
            "availability_domain": "kDFU:US-ASHBURN-AD-1",
            "cidr_block": "10.10.10.0/24",
            "compartment_id": "ocid1.compartment.oc1..aaaaaaaabyabdq4b7oyzojfg2mywq3aanvytk5pclfmxjxpalakbjonplgpa",
            "defined_tags": {
              "Oracle-Tags.CreatedBy": "gustavo.watanabe@gmail.com",
              "Oracle-Tags.CreatedOn": "2020-08-06T21:11:51.644Z"
            },
            "dhcp_options_id": "ocid1.dhcpoptions.oc1.iad.aaaaaaaamy77mlg65bs5owbcm2lspxvck7pnkxldxee33lpptooekpokwd7a",
            "display_name": "subnet1-AD1",
            "dns_label": null,
            "freeform_tags": {},
            "id": "ocid1.subnet.oc1.iad.aaaaaaaa5vkh5sa6bjkyjqzhw7e4q5zcyorssblznv67izzzairwiu45vypa",
            "ipv6cidr_block": null,
            "ipv6public_cidr_block": null,
            "ipv6virtual_router_ip": null,
            "prohibit_public_ip_on_vnic": false,
            "route_table_id": "ocid1.routetable.oc1.iad.aaaaaaaa34dagrcqfpzxavof5sy3hp7wgjm3nru3jdaxpkvsqsqcjve5cjja",
            "security_list_ids": [
              "ocid1.securitylist.oc1.iad.aaaaaaaauer36pdmq47gptx34zckjjrryprym4z7ybutfigdcxvoi4jo7fma"
            ],
            "state": "AVAILABLE",
            "subnet_domain_name": null,
            "time_created": "2020-08-06 21:11:51.724 +0000 UTC",
            "timeouts": null,
            "vcn_id": "ocid1.vcn.oc1.iad.amaaaaaaopl24pqao33ko7zjh6p5isan6cbg3htleagnsosuzho55h4xrvna",
            "virtual_router_ip": "10.10.10.1",
            "virtual_router_mac": "00:00:17:8D:6D:9E"
          },
          "private": "eyJlMmJmYjczMC1lY2FhLTExZTYtOGY4OC0zNDM2M2JjN2M0YzAiOnsiY3JlYXRlIjo5MDAwMDAwMDAwMDAsImRlbGV0ZSI6OTAwMDAwMDAwMDAwLCJ1cGRhdGUiOjkwMDAwMDAwMDAwMH19",
          "dependencies": [
            "oci_core_internet_gateway.igw",
            "oci_core_route_table.rt1",
            "oci_core_security_list.sl_w",
            "oci_core_virtual_network.vcn_tf"
          ]
        }
      ]
    },
    {
      "mode": "managed",
      "type": "oci_core_subnet",
      "name": "subnet2",
      "provider": "provider.oci",
      "instances": [
        {
          "schema_version": 0,
          "attributes": {
            "availability_domain": "kDFU:US-ASHBURN-AD-2",
            "cidr_block": "10.10.20.0/24",
            "compartment_id": "ocid1.compartment.oc1..aaaaaaaabyabdq4b7oyzojfg2mywq3aanvytk5pclfmxjxpalakbjonplgpa",
            "defined_tags": {
              "Oracle-Tags.CreatedBy": "gustavo.watanabe@gmail.com",
              "Oracle-Tags.CreatedOn": "2020-08-06T21:11:51.693Z"
            },
            "dhcp_options_id": "ocid1.dhcpoptions.oc1.iad.aaaaaaaamy77mlg65bs5owbcm2lspxvck7pnkxldxee33lpptooekpokwd7a",
            "display_name": "subnet2-AD2",
            "dns_label": null,
            "freeform_tags": {},
            "id": "ocid1.subnet.oc1.iad.aaaaaaaa2t7cc2d2ppby3ejk5xq5vzownktsb7z3ml4y4rdhox3jlueaggaq",
            "ipv6cidr_block": null,
            "ipv6public_cidr_block": null,
            "ipv6virtual_router_ip": null,
            "prohibit_public_ip_on_vnic": false,
            "route_table_id": "ocid1.routetable.oc1.iad.aaaaaaaa34dagrcqfpzxavof5sy3hp7wgjm3nru3jdaxpkvsqsqcjve5cjja",
            "security_list_ids": [
              "ocid1.securitylist.oc1.iad.aaaaaaaauer36pdmq47gptx34zckjjrryprym4z7ybutfigdcxvoi4jo7fma"
            ],
            "state": "AVAILABLE",
            "subnet_domain_name": null,
            "time_created": "2020-08-06 21:11:52.124 +0000 UTC",
            "timeouts": null,
            "vcn_id": "ocid1.vcn.oc1.iad.amaaaaaaopl24pqao33ko7zjh6p5isan6cbg3htleagnsosuzho55h4xrvna",
            "virtual_router_ip": "10.10.20.1",
            "virtual_router_mac": "00:00:17:8D:6D:9E"
          },
          "private": "eyJlMmJmYjczMC1lY2FhLTExZTYtOGY4OC0zNDM2M2JjN2M0YzAiOnsiY3JlYXRlIjo5MDAwMDAwMDAwMDAsImRlbGV0ZSI6OTAwMDAwMDAwMDAwLCJ1cGRhdGUiOjkwMDAwMDAwMDAwMH19",
          "dependencies": [
            "oci_core_internet_gateway.igw",
            "oci_core_route_table.rt1",
            "oci_core_security_list.sl_w",
            "oci_core_virtual_network.vcn_tf"
          ]
        }
      ]
    },
    {
      "mode": "managed",
      "type": "oci_core_virtual_network",
      "name": "vcn_tf",
      "provider": "provider.oci",
      "instances": [
        {
          "schema_version": 0,
          "attributes": {
            "cidr_block": "10.10.0.0/16",
            "compartment_id": "ocid1.compartment.oc1..aaaaaaaabyabdq4b7oyzojfg2mywq3aanvytk5pclfmxjxpalakbjonplgpa",
            "default_dhcp_options_id": "ocid1.dhcpoptions.oc1.iad.aaaaaaaamy77mlg65bs5owbcm2lspxvck7pnkxldxee33lpptooekpokwd7a",
            "default_route_table_id": "ocid1.routetable.oc1.iad.aaaaaaaa6cgb3ovt7oxgsyvoyheq7avnorq3eowpeqmt3jimxmuc3jig6toq",
            "default_security_list_id": "ocid1.securitylist.oc1.iad.aaaaaaaazsuk7nfnu7owezpgo2ornalvwyuaadgz2z52ou5qqeszol2hz5jq",
            "defined_tags": {
              "Oracle-Tags.CreatedBy": "gustavo.watanabe@gmail.com",
              "Oracle-Tags.CreatedOn": "2020-08-06T21:11:43.698Z"
            },
            "display_name": "vcn_webserver",
            "dns_label": "vcn",
            "freeform_tags": {},
            "id": "ocid1.vcn.oc1.iad.amaaaaaaopl24pqao33ko7zjh6p5isan6cbg3htleagnsosuzho55h4xrvna",
            "ipv6cidr_block": null,
            "ipv6public_cidr_block": null,
            "is_ipv6enabled": null,
            "state": "AVAILABLE",
            "time_created": "2020-08-06 21:11:43.702 +0000 UTC",
            "timeouts": null,
            "vcn_domain_name": "vcn.oraclevcn.com"
          },
          "private": "eyJlMmJmYjczMC1lY2FhLTExZTYtOGY4OC0zNDM2M2JjN2M0YzAiOnsiY3JlYXRlIjo5MDAwMDAwMDAwMDAsImRlbGV0ZSI6OTAwMDAwMDAwMDAwLCJ1cGRhdGUiOjkwMDAwMDAwMDAwMH19"
        }
      ]
    },
    {
      "mode": "managed",
      "type": "oci_identity_policy",
      "name": "tf_allow_object_storage_lifecycle",
      "provider": "provider.oci",
      "instances": [
        {
          "schema_version": 0,
          "attributes": {
            "ETag": "b5322307c4efea8237328bb4430717dea75a5d6e",
            "compartment_id": "ocid1.compartment.oc1..aaaaaaaabyabdq4b7oyzojfg2mywq3aanvytk5pclfmxjxpalakbjonplgpa",
            "defined_tags": {
              "Oracle-Tags.CreatedBy": "gustavo.watanabe@gmail.com",
              "Oracle-Tags.CreatedOn": "2020-08-06T21:11:43.695Z"
            },
            "description": "policy created by terraform for training",
            "freeform_tags": {
              "Project": "Terraform Training"
            },
            "id": "ocid1.policy.oc1..aaaaaaaaomcd5ssdu6zkwgt4ywzyr2b6rnvhjfwgs446trmxqrhn2ymcqfeq",
            "inactive_state": null,
            "lastUpdateETag": "b5322307c4efea8237328bb4430717dea75a5d6e",
            "name": "terraform-object-family-39620",
            "policyHash": "e9699bda6bfbca847fbc46097cd481ca",
            "state": "ACTIVE",
            "statements": [
              "Allow service objectstorage-us-ashburn-1 to manage object-family in compartment id ocid1.compartment.oc1..aaaaaaaabyabdq4b7oyzojfg2mywq3aanvytk5pclfmxjxpalakbjonplgpa"
            ],
            "time_created": "2020-08-06 21:11:43.737 +0000 UTC",
            "timeouts": null,
            "version_date": null
          },
          "private": "eyJlMmJmYjczMC1lY2FhLTExZTYtOGY4OC0zNDM2M2JjN2M0YzAiOnsiY3JlYXRlIjo5MDAwMDAwMDAwMDAsImRlbGV0ZSI6OTAwMDAwMDAwMDAwLCJ1cGRhdGUiOjkwMDAwMDAwMDAwMH19",
          "dependencies": [
            "random_id.tf_id"
          ]
        }
      ]
    },
    {
      "mode": "managed",
      "type": "oci_objectstorage_bucket",
      "name": "bucket_tf",
      "provider": "provider.oci",
      "instances": [
        {
          "schema_version": 0,
          "attributes": {
            "access_type": "NoPublicAccess",
            "approximate_count": "0",
            "approximate_size": "0",
            "bucket_id": "ocid1.bucket.oc1.iad.aaaaaaaabj5kmkretgsnyeqxx5lcr23yh4fyvqj7tu27dttv3tldwzcyvjua",
            "compartment_id": "ocid1.compartment.oc1..aaaaaaaabyabdq4b7oyzojfg2mywq3aanvytk5pclfmxjxpalakbjonplgpa",
            "created_by": "ocid1.user.oc1..aaaaaaaapjvhldjzw7yyevexzbewgvsxeauzwevk3ifgopwanlnezwslf4ga",
            "defined_tags": {
              "Oracle-Tags.CreatedBy": "gustavo.watanabe@gmail.com",
              "Oracle-Tags.CreatedOn": "2020-08-06T21:11:46.271Z"
            },
            "etag": "ad9a205a-4b47-4203-94f7-9dfa31b9b199",
            "freeform_tags": {
              "Project": "Terraform Training"
            },
            "id": "n/idmacyeswbbg/b/bucket-39620",
            "is_read_only": false,
            "kms_key_id": null,
            "metadata": {},
            "name": "bucket-39620",
            "namespace": "idmacyeswbbg",
            "object_events_enabled": false,
            "object_lifecycle_policy_etag": null,
            "replication_enabled": false,
            "retention_rules": [],
            "storage_tier": "Standard",
            "time_created": "2020-08-06 21:11:46.344 +0000 UTC",
            "timeouts": null,
            "versioning": "Disabled"
          },
          "private": "eyJlMmJmYjczMC1lY2FhLTExZTYtOGY4OC0zNDM2M2JjN2M0YzAiOnsiY3JlYXRlIjo5MDAwMDAwMDAwMDAsImRlbGV0ZSI6OTAwMDAwMDAwMDAwLCJ1cGRhdGUiOjkwMDAwMDAwMDAwMH19",
          "dependencies": [
            "oci_identity_policy.tf_allow_object_storage_lifecycle",
            "random_id.tf_id"
          ]
        }
      ]
    },
    {
      "mode": "managed",
      "type": "oci_objectstorage_object",
      "name": "hello-world-object-in-bucket",
      "provider": "provider.oci",
      "instances": [
        {
          "schema_version": 0,
          "attributes": {
            "bucket": "bucket-39620",
            "cache_control": null,
            "content": "98f3f7b4a55452e35d081634bce770dd",
            "content_disposition": null,
            "content_encoding": null,
            "content_language": null,
            "content_length": "12",
            "content_md5": "mPP3tKVUUuNdCBY0vOdw3Q==",
            "content_type": "text/text",
            "delete_all_object_versions": false,
            "id": "n/idmacyeswbbg/b/bucket-39620/o/my-new-object",
            "metadata": null,
            "namespace": "idmacyeswbbg",
            "object": "my-new-object",
            "source": null,
            "source_uri_details": [],
            "state": "COMPLETED",
            "timeouts": null,
            "version_id": "f86e80c6-c9b1-4bbc-9939-83afd2637485",
            "work_request_id": ""
          },
          "private": "eyJlMmJmYjczMC1lY2FhLTExZTYtOGY4OC0zNDM2M2JjN2M0YzAiOnsiY3JlYXRlIjo5MDAwMDAwMDAwMDAsImRlbGV0ZSI6OTAwMDAwMDAwMDAwLCJ1cGRhdGUiOjkwMDAwMDAwMDAwMH19",
          "dependencies": [
            "oci_objectstorage_bucket.bucket_tf"
          ]
        }
      ]
    },
    {
      "mode": "managed",
      "type": "random_id",
      "name": "tf_id",
      "provider": "provider.random",
      "instances": [
        {
          "schema_version": 0,
          "attributes": {
            "b64": "msQ",
            "b64_std": "msQ=",
            "b64_url": "msQ",
            "byte_length": 2,
            "dec": "39620",
            "hex": "9ac4",
            "id": "msQ",
            "keepers": null,
            "prefix": null
          },
          "private": "bnVsbA=="
        }
      ]
    }
  ]
}
